
Microsoft Visual Studio Solution File, Format Version 12.00
# Visual Studio Version 17
VisualStudioVersion = 17.5.002.0
MinimumVisualStudioVersion = 10.0.40219.1
Project("{2150E333-8FDC-42A3-9474-1A3956D46DE8}") = "CalendarBase", "CalendarBase", "{CBF1D2E0-322A-4C2F-9034-CF10DE3107F7}"
EndProject
Project("{9A19103F-16F7-4668-BE54-9A1E7A4F7556}") = "CalendarBase", "CalendarBase\Files\CalendarBase.csproj", "{28756B83-7617-4C56-BD7A-C41B8EE057EF}"
EndProject
Project("{2150E333-8FDC-42A3-9474-1A3956D46DE8}") = "CrtBaseConsts", "CrtBaseConsts", "{54587700-A60F-46E4-B91E-7B51BCE521A0}"
EndProject
Project("{9A19103F-16F7-4668-BE54-9A1E7A4F7556}") = "CrtBaseConsts", "CrtBaseConsts\Files\CrtBaseConsts.csproj", "{5AAA1311-CB3D-4272-9CD4-B082235D6038}"
EndProject
Project("{2150E333-8FDC-42A3-9474-1A3956D46DE8}") = "CrtC360InUiV2", "CrtC360InUiV2", "{6061C11F-27A0-4098-86BC-BC7A1B873B9D}"
EndProject
Project("{9A19103F-16F7-4668-BE54-9A1E7A4F7556}") = "CrtC360InUiV2", "CrtC360InUiV2\Files\CrtC360InUiV2.csproj", "{D97BF203-2648-4520-BAD8-057CC61D4D22}"
EndProject
Project("{2150E333-8FDC-42A3-9474-1A3956D46DE8}") = "CrtCalendar", "CrtCalendar", "{571089BD-F937-4493-8D06-0E20AC456BF3}"
EndProject
Project("{9A19103F-16F7-4668-BE54-9A1E7A4F7556}") = "CrtCalendar", "CrtCalendar\Files\CrtCalendar.csproj", "{585C92D0-FED6-4639-B5EA-6C38023EEBF4}"
EndProject
Project("{2150E333-8FDC-42A3-9474-1A3956D46DE8}") = "CrtCall", "CrtCall", "{D5AFA8A8-D9C4-41C7-9DC2-6E9CFF09A0CD}"
EndProject
Project("{9A19103F-16F7-4668-BE54-9A1E7A4F7556}") = "CrtCall", "CrtCall\Files\CrtCall.csproj", "{A6C69744-F2EE-40BE-B5B0-BE11D0A6E7B7}"
EndProject
Project("{2150E333-8FDC-42A3-9474-1A3956D46DE8}") = "CrtContactToLeadInC360", "CrtContactToLeadInC360", "{0785E3E0-CA00-4F93-A1C7-0F9F96FFE0D6}"
EndProject
Project("{9A19103F-16F7-4668-BE54-9A1E7A4F7556}") = "CrtContactToLeadInC360", "CrtContactToLeadInC360\Files\CrtContactToLeadInC360.csproj", "{FE17304E-61FD-4437-8555-574E516C3991}"
EndProject
Project("{2150E333-8FDC-42A3-9474-1A3956D46DE8}") = "CrtContract", "CrtContract", "{A548ECB7-F6D4-4C34-BC13-F3883BEF2D52}"
EndProject
Project("{9A19103F-16F7-4668-BE54-9A1E7A4F7556}") = "CrtContract", "CrtContract\Files\CrtContract.csproj", "{02CB17ED-B00E-48F0-95B9-6408BDF47857}"
EndProject
Project("{2150E333-8FDC-42A3-9474-1A3956D46DE8}") = "CrtContractDocument", "CrtContractDocument", "{4C984349-F0EB-4196-AB5F-975F05FA60F4}"
EndProject
Project("{9A19103F-16F7-4668-BE54-9A1E7A4F7556}") = "CrtContractDocument", "CrtContractDocument\Files\CrtContractDocument.csproj", "{7817A1C9-A0C0-4266-B2D6-6501C062C01B}"
EndProject
Project("{2150E333-8FDC-42A3-9474-1A3956D46DE8}") = "CrtContractVisaProvider", "CrtContractVisaProvider", "{ADE22D3B-F707-41C3-8DE4-C9BA1A104098}"
EndProject
Project("{9A19103F-16F7-4668-BE54-9A1E7A4F7556}") = "CrtContractVisaProvider", "CrtContractVisaProvider\Files\CrtContractVisaProvider.csproj", "{E7A7C906-4C76-476F-8012-9060053E5312}"
EndProject
Project("{2150E333-8FDC-42A3-9474-1A3956D46DE8}") = "CrtCopilot", "CrtCopilot", "{7D68EA3D-F44E-4F7F-813C-5F8CB5C02CF6}"
EndProject
Project("{9A19103F-16F7-4668-BE54-9A1E7A4F7556}") = "CrtCopilot", "CrtCopilot\Files\CrtCopilot.csproj", "{F5817507-4315-453A-87AE-778AF69EA72A}"
EndProject
Project("{2150E333-8FDC-42A3-9474-1A3956D46DE8}") = "CrtCore", "CrtCore", "{4F92FBB9-EE71-40A0-A111-ECC22DCEF446}"
EndProject
Project("{9A19103F-16F7-4668-BE54-9A1E7A4F7556}") = "CrtCore", "CrtCore\Files\CrtCore.csproj", "{88EB0FD0-0F6F-453F-912B-EC6AE2824035}"
EndProject
Project("{2150E333-8FDC-42A3-9474-1A3956D46DE8}") = "CrtCoreBase", "CrtCoreBase", "{646B74F0-5C32-4099-B20D-66DD6E3E4DF1}"
EndProject
Project("{9A19103F-16F7-4668-BE54-9A1E7A4F7556}") = "CrtCoreBase", "CrtCoreBase\Files\CrtCoreBase.csproj", "{71EBF675-3E6A-4674-9FF1-EC90B5D2BA2B}"
EndProject
Project("{2150E333-8FDC-42A3-9474-1A3956D46DE8}") = "CrtCustomer360App", "CrtCustomer360App", "{D7978ACE-36FF-4EC8-88C6-952D2345C05B}"
EndProject
Project("{9A19103F-16F7-4668-BE54-9A1E7A4F7556}") = "CrtCustomer360App", "CrtCustomer360App\Files\CrtCustomer360App.csproj", "{CA62647F-C9A5-4C5F-BDCC-217F4C13BB31}"
EndProject
Project("{2150E333-8FDC-42A3-9474-1A3956D46DE8}") = "CrtCustomer360Mobile", "CrtCustomer360Mobile", "{A2E0D9B4-48CD-4717-97B4-685E5E16878A}"
EndProject
Project("{9A19103F-16F7-4668-BE54-9A1E7A4F7556}") = "CrtCustomer360Mobile", "CrtCustomer360Mobile\Files\CrtCustomer360Mobile.csproj", "{0156035A-38E4-4193-BA78-522DA62AB40E}"
EndProject
Project("{2150E333-8FDC-42A3-9474-1A3956D46DE8}") = "CrtDocument", "CrtDocument", "{C52A8398-B605-4EDD-8534-20537A367E08}"
EndProject
Project("{9A19103F-16F7-4668-BE54-9A1E7A4F7556}") = "CrtDocument", "CrtDocument\Files\CrtDocument.csproj", "{EEDBC478-DC70-4141-9709-AA2BDE623695}"
EndProject
Project("{2150E333-8FDC-42A3-9474-1A3956D46DE8}") = "CrtDocumentInOpportunity", "CrtDocumentInOpportunity", "{28429A1C-634D-44C4-80AC-66F57969D61B}"
EndProject
Project("{9A19103F-16F7-4668-BE54-9A1E7A4F7556}") = "CrtDocumentInOpportunity", "CrtDocumentInOpportunity\Files\CrtDocumentInOpportunity.csproj", "{3AD5CE1E-9724-44EA-B656-D0CAFB134C1D}"
EndProject
Project("{2150E333-8FDC-42A3-9474-1A3956D46DE8}") = "CrtEmailSender", "CrtEmailSender", "{4C31F931-662C-4291-98C6-F49AEDF41D88}"
EndProject
Project("{9A19103F-16F7-4668-BE54-9A1E7A4F7556}") = "CrtEmailSender", "CrtEmailSender\Files\CrtEmailSender.csproj", "{3300EFFF-48FF-4F7A-B678-F4F1D2E5DD44}"
EndProject
Project("{2150E333-8FDC-42A3-9474-1A3956D46DE8}") = "CrtEmailTemplate", "CrtEmailTemplate", "{0EAAB0BD-8F0D-417B-99DE-130B9E99BE58}"
EndProject
Project("{9A19103F-16F7-4668-BE54-9A1E7A4F7556}") = "CrtEmailTemplate", "CrtEmailTemplate\Files\CrtEmailTemplate.csproj", "{CE08B623-34C6-41EC-AC74-40E586DB2DAE}"
EndProject
Project("{2150E333-8FDC-42A3-9474-1A3956D46DE8}") = "CrtFeatureToggling", "CrtFeatureToggling", "{439CDF79-E983-45CF-9F73-78BAA719C64C}"
EndProject
Project("{9A19103F-16F7-4668-BE54-9A1E7A4F7556}") = "CrtFeatureToggling", "CrtFeatureToggling\Files\CrtFeatureToggling.csproj", "{604C62EC-EAA4-4899-A8C7-724F31C19548}"
EndProject
Project("{2150E333-8FDC-42A3-9474-1A3956D46DE8}") = "CrtInvoice", "CrtInvoice", "{AC5DA274-4C79-401F-9BB6-86FB8528E1B8}"
EndProject
Project("{9A19103F-16F7-4668-BE54-9A1E7A4F7556}") = "CrtInvoice", "CrtInvoice\Files\CrtInvoice.csproj", "{C97A3E95-E26D-48BC-BA20-1316FE59201F}"
EndProject
Project("{2150E333-8FDC-42A3-9474-1A3956D46DE8}") = "CrtInvoiceContract", "CrtInvoiceContract", "{68036A0F-85FB-4DE9-94EB-06D8DDB96C11}"
EndProject
Project("{9A19103F-16F7-4668-BE54-9A1E7A4F7556}") = "CrtInvoiceContract", "CrtInvoiceContract\Files\CrtInvoiceContract.csproj", "{9F628C37-EF49-4716-84A8-5751D41C0042}"
EndProject
Project("{2150E333-8FDC-42A3-9474-1A3956D46DE8}") = "CrtInvoiceInC360", "CrtInvoiceInC360", "{A54F21C0-DC7D-4F8B-897F-B86A4C367FDD}"
EndProject
Project("{9A19103F-16F7-4668-BE54-9A1E7A4F7556}") = "CrtInvoiceInC360", "CrtInvoiceInC360\Files\CrtInvoiceInC360.csproj", "{7DBCB8C4-837B-455D-A3CA-77D2B762422D}"
EndProject
Project("{2150E333-8FDC-42A3-9474-1A3956D46DE8}") = "CrtInvoiceOrder", "CrtInvoiceOrder", "{74156000-6CF8-4658-8CC6-C5F20318D6B3}"
EndProject
Project("{9A19103F-16F7-4668-BE54-9A1E7A4F7556}") = "CrtInvoiceOrder", "CrtInvoiceOrder\Files\CrtInvoiceOrder.csproj", "{D3E7B46F-E995-4BAE-BC82-4A844462A69E}"
EndProject
Project("{2150E333-8FDC-42A3-9474-1A3956D46DE8}") = "CrtInvoiceVisaProvider", "CrtInvoiceVisaProvider", "{1422B639-DA35-4203-AAB8-5CF4DBCE5DA7}"
EndProject
Project("{9A19103F-16F7-4668-BE54-9A1E7A4F7556}") = "CrtInvoiceVisaProvider", "CrtInvoiceVisaProvider\Files\CrtInvoiceVisaProvider.csproj", "{868A2C9C-7903-40EA-86C1-15C88B87D573}"
EndProject
Project("{2150E333-8FDC-42A3-9474-1A3956D46DE8}") = "CrtKnowledgeManagementApp", "CrtKnowledgeManagementApp", "{B8A38637-911C-4C2C-B885-24E2DFC9CB09}"
EndProject
Project("{9A19103F-16F7-4668-BE54-9A1E7A4F7556}") = "CrtKnowledgeManagementApp", "CrtKnowledgeManagementApp\Files\CrtKnowledgeManagementApp.csproj", "{8260A0DE-F123-4604-9443-A21070DB0695}"
EndProject
Project("{2150E333-8FDC-42A3-9474-1A3956D46DE8}") = "CrtKnowledgeManagementInCaseManagement", "CrtKnowledgeManagementInCaseManagement", "{35E83D2B-6D50-43AB-94D8-1A9754551EE1}"
EndProject
Project("{9A19103F-16F7-4668-BE54-9A1E7A4F7556}") = "CrtKnowledgeManagementInCaseManagement", "CrtKnowledgeManagementInCaseManagement\Files\CrtKnowledgeManagementInCaseManagement.csproj", "{CC0E5A8E-00BC-4D8F-8DCA-053468D4BF75}"
EndProject
Project("{2150E333-8FDC-42A3-9474-1A3956D46DE8}") = "CrtKnowledgeManagementObject", "CrtKnowledgeManagementObject", "{E1281C44-B32E-4779-9F83-2E3514F06ABA}"
EndProject
Project("{9A19103F-16F7-4668-BE54-9A1E7A4F7556}") = "CrtKnowledgeManagementObject", "CrtKnowledgeManagementObject\Files\CrtKnowledgeManagementObject.csproj", "{CE628780-23FE-4DC7-BD28-6761193F18A8}"
EndProject
Project("{2150E333-8FDC-42A3-9474-1A3956D46DE8}") = "CrtLead", "CrtLead", "{EFA0A463-B071-41FB-9EDF-E3D039FF21A4}"
EndProject
Project("{9A19103F-16F7-4668-BE54-9A1E7A4F7556}") = "CrtLead", "CrtLead\Files\CrtLead.csproj", "{4AD69330-0AF2-491B-BD04-01545C3D70D3}"
EndProject
Project("{2150E333-8FDC-42A3-9474-1A3956D46DE8}") = "CrtLeadOppMgmtApp", "CrtLeadOppMgmtApp", "{4141CB6B-76A8-48BC-AB54-90ED688D9676}"
EndProject
Project("{9A19103F-16F7-4668-BE54-9A1E7A4F7556}") = "CrtLeadOppMgmtApp", "CrtLeadOppMgmtApp\Files\CrtLeadOppMgmtApp.csproj", "{A9B7FB43-E881-4DCB-8AD3-33F2F4D75137}"
EndProject
Project("{2150E333-8FDC-42A3-9474-1A3956D46DE8}") = "CrtLeadOppMgmtInC360", "CrtLeadOppMgmtInC360", "{3DB0E06E-F2F8-427D-AE16-9682987AF079}"
EndProject
Project("{9A19103F-16F7-4668-BE54-9A1E7A4F7556}") = "CrtLeadOppMgmtInC360", "CrtLeadOppMgmtInC360\Files\CrtLeadOppMgmtInC360.csproj", "{71C898AB-A57C-45F4-A072-AC499A546E43}"
EndProject
Project("{2150E333-8FDC-42A3-9474-1A3956D46DE8}") = "CrtMacrosBase", "CrtMacrosBase", "{1ACF2A3D-5B6D-45F1-BDA6-39F015D159F3}"
EndProject
Project("{9A19103F-16F7-4668-BE54-9A1E7A4F7556}") = "CrtMacrosBase", "CrtMacrosBase\Files\CrtMacrosBase.csproj", "{50ECF50A-2976-45AA-BDEE-B5103EF7EF37}"
EndProject
Project("{2150E333-8FDC-42A3-9474-1A3956D46DE8}") = "CrtMarketingInC360", "CrtMarketingInC360", "{097B22BC-BA3D-4483-A974-89FB79E1B054}"
EndProject
Project("{9A19103F-16F7-4668-BE54-9A1E7A4F7556}") = "CrtMarketingInC360", "CrtMarketingInC360\Files\CrtMarketingInC360.csproj", "{C17A076D-6F4C-44A7-9C77-F8C37C14BCB1}"
EndProject
Project("{2150E333-8FDC-42A3-9474-1A3956D46DE8}") = "CrtMessage", "CrtMessage", "{ED876B38-24DD-45CD-AF2F-A7A016448C65}"
EndProject
Project("{9A19103F-16F7-4668-BE54-9A1E7A4F7556}") = "CrtMessage", "CrtMessage\Files\CrtMessage.csproj", "{B1E68EFC-AB83-45F9-84C6-4546770E5032}"
EndProject
Project("{2150E333-8FDC-42A3-9474-1A3956D46DE8}") = "CrtML", "CrtML", "{B5151C8C-3E9E-47E3-B89C-76BE861F1114}"
EndProject
Project("{9A19103F-16F7-4668-BE54-9A1E7A4F7556}") = "CrtML", "CrtML\Files\CrtML.csproj", "{83147175-32F6-46A3-BF4A-820C6E248379}"
EndProject
Project("{2150E333-8FDC-42A3-9474-1A3956D46DE8}") = "CrtMLangContent", "CrtMLangContent", "{12FCCC29-5C58-4776-B028-15C8F4394396}"
EndProject
Project("{9A19103F-16F7-4668-BE54-9A1E7A4F7556}") = "CrtMLangContent", "CrtMLangContent\Files\CrtMLangContent.csproj", "{45490C00-F6FF-4518-B93D-C4A5B6F9AD54}"
EndProject
Project("{2150E333-8FDC-42A3-9474-1A3956D46DE8}") = "CrtMLLeadConversion", "CrtMLLeadConversion", "{195BE0EA-4C20-4E3C-B759-D806190196DA}"
EndProject
Project("{9A19103F-16F7-4668-BE54-9A1E7A4F7556}") = "CrtMLLeadConversion", "CrtMLLeadConversion\Files\CrtMLLeadConversion.csproj", "{62BBEEBE-C28A-488A-A2E6-D882B5B73EB3}"
EndProject
Project("{2150E333-8FDC-42A3-9474-1A3956D46DE8}") = "CrtMLLeadScoring", "CrtMLLeadScoring", "{570F3AA5-DAA6-4477-833D-7909E108D0BD}"
EndProject
Project("{9A19103F-16F7-4668-BE54-9A1E7A4F7556}") = "CrtMLLeadScoring", "CrtMLLeadScoring\Files\CrtMLLeadScoring.csproj", "{01BDEE29-3291-4FE5-82B7-513EC7D7B866}"
EndProject
Project("{2150E333-8FDC-42A3-9474-1A3956D46DE8}") = "CrtMLOpportunityScoring", "CrtMLOpportunityScoring", "{71EBCE4B-3EF8-4663-B349-9A732D779EDD}"
EndProject
Project("{9A19103F-16F7-4668-BE54-9A1E7A4F7556}") = "CrtMLOpportunityScoring", "CrtMLOpportunityScoring\Files\CrtMLOpportunityScoring.csproj", "{D218E1A4-4FB8-4CAF-BB1A-C90E80A765EE}"
EndProject
Project("{2150E333-8FDC-42A3-9474-1A3956D46DE8}") = "CrtNextStep", "CrtNextStep", "{19D25C82-6CB6-45AE-8964-48F8C4DDF30B}"
EndProject
Project("{9A19103F-16F7-4668-BE54-9A1E7A4F7556}") = "CrtNextStep", "CrtNextStep\Files\CrtNextStep.csproj", "{394E6FA3-11CF-4D35-B0D9-553DDABDD735}"
EndProject
Project("{2150E333-8FDC-42A3-9474-1A3956D46DE8}") = "CrtOCMInLeadOppMgmt", "CrtOCMInLeadOppMgmt", "{CA06C91B-4468-4707-AED1-B980772BB944}"
EndProject
Project("{9A19103F-16F7-4668-BE54-9A1E7A4F7556}") = "CrtOCMInLeadOppMgmt", "CrtOCMInLeadOppMgmt\Files\CrtOCMInLeadOppMgmt.csproj", "{2555C8A1-59C2-497F-944D-596FC5E0D5FF}"
EndProject
Project("{2150E333-8FDC-42A3-9474-1A3956D46DE8}") = "CrtOmnichannelApp", "CrtOmnichannelApp", "{7A858F7C-19E7-4EA9-B39D-426180DB3531}"
EndProject
Project("{9A19103F-16F7-4668-BE54-9A1E7A4F7556}") = "CrtOmnichannelApp", "CrtOmnichannelApp\Files\CrtOmnichannelApp.csproj", "{50C5640B-1796-4A1D-A601-74C11CECFF1E}"
EndProject
Project("{2150E333-8FDC-42A3-9474-1A3956D46DE8}") = "CrtOpportunity", "CrtOpportunity", "{EB0E6CBA-17AD-44A0-9788-59AC54617C8D}"
EndProject
Project("{9A19103F-16F7-4668-BE54-9A1E7A4F7556}") = "CrtOpportunity", "CrtOpportunity\Files\CrtOpportunity.csproj", "{82DFAC64-836D-4D1B-A544-D562B526A7C7}"
EndProject
Project("{2150E333-8FDC-42A3-9474-1A3956D46DE8}") = "CrtOpportunityInC360", "CrtOpportunityInC360", "{C5EC80ED-AB45-4C08-8048-444881CA4EF3}"
EndProject
Project("{9A19103F-16F7-4668-BE54-9A1E7A4F7556}") = "CrtOpportunityInC360", "CrtOpportunityInC360\Files\CrtOpportunityInC360.csproj", "{9FEF3ECF-4914-4744-AD15-CC3146344A63}"
EndProject
Project("{2150E333-8FDC-42A3-9474-1A3956D46DE8}") = "CrtOpportunityInvoice", "CrtOpportunityInvoice", "{D9F3FE2A-1A8C-445C-80ED-8C0931348963}"
EndProject
Project("{9A19103F-16F7-4668-BE54-9A1E7A4F7556}") = "CrtOpportunityInvoice", "CrtOpportunityInvoice\Files\CrtOpportunityInvoice.csproj", "{E29E33F3-B244-4702-A44F-9A05AB266BFF}"
EndProject
Project("{2150E333-8FDC-42A3-9474-1A3956D46DE8}") = "CrtOpportunityManagement", "CrtOpportunityManagement", "{5924EB3C-F8F5-49C7-B59E-6BA43C496B38}"
EndProject
Project("{9A19103F-16F7-4668-BE54-9A1E7A4F7556}") = "CrtOpportunityManagement", "CrtOpportunityManagement\Files\CrtOpportunityManagement.csproj", "{A5165B9E-6726-4D5A-A853-29A9EFD7726E}"
EndProject
Project("{2150E333-8FDC-42A3-9474-1A3956D46DE8}") = "CrtOrder", "CrtOrder", "{F59DBCA6-FE34-408F-BB20-2A6085BA3987}"
EndProject
Project("{9A19103F-16F7-4668-BE54-9A1E7A4F7556}") = "CrtOrder", "CrtOrder\Files\CrtOrder.csproj", "{ECFC53B2-DA36-4B77-88C9-5F717D222AE6}"
EndProject
Project("{2150E333-8FDC-42A3-9474-1A3956D46DE8}") = "CrtOrderContract", "CrtOrderContract", "{73C39D77-B104-459F-BEE0-97EC00E67134}"
EndProject
Project("{9A19103F-16F7-4668-BE54-9A1E7A4F7556}") = "CrtOrderContract", "CrtOrderContract\Files\CrtOrderContract.csproj", "{2BC43BDB-6CE9-4A26-9A79-E7BDD242164D}"
EndProject
Project("{2150E333-8FDC-42A3-9474-1A3956D46DE8}") = "CrtOrderContractInC360", "CrtOrderContractInC360", "{E5F8F2CA-E82F-4026-923F-1B1B0D11DAB9}"
EndProject
Project("{9A19103F-16F7-4668-BE54-9A1E7A4F7556}") = "CrtOrderContractInC360", "CrtOrderContractInC360\Files\CrtOrderContractInC360.csproj", "{18D64455-E3D7-42B6-A771-8888E4938B0C}"
EndProject
Project("{2150E333-8FDC-42A3-9474-1A3956D46DE8}") = "CrtOrderContractMgmtApp", "CrtOrderContractMgmtApp", "{33124086-F3C0-426C-854F-B7CCB2778C24}"
EndProject
Project("{9A19103F-16F7-4668-BE54-9A1E7A4F7556}") = "CrtOrderContractMgmtApp", "CrtOrderContractMgmtApp\Files\CrtOrderContractMgmtApp.csproj", "{AB245A16-77DB-4B8E-A86C-49E7CBB6DEDE}"
EndProject
Project("{2150E333-8FDC-42A3-9474-1A3956D46DE8}") = "CrtOrderDocument", "CrtOrderDocument", "{8381DB30-49A3-44F6-852D-E351C46D1599}"
EndProject
Project("{9A19103F-16F7-4668-BE54-9A1E7A4F7556}") = "CrtOrderDocument", "CrtOrderDocument\Files\CrtOrderDocument.csproj", "{21033C26-E99E-4327-90D5-4BCBE185F770}"
EndProject
Project("{2150E333-8FDC-42A3-9474-1A3956D46DE8}") = "CrtOrderLead", "CrtOrderLead", "{3661C2C6-704A-4689-AAB2-C75F2D7C189E}"
EndProject
Project("{9A19103F-16F7-4668-BE54-9A1E7A4F7556}") = "CrtOrderLead", "CrtOrderLead\Files\CrtOrderLead.csproj", "{9A89FD0E-AE6E-4D00-8EEE-70F02EBF9445}"
EndProject
Project("{2150E333-8FDC-42A3-9474-1A3956D46DE8}") = "CrtOrderVisaProvider", "CrtOrderVisaProvider", "{822A9819-5A4C-4EDE-AAF3-6BB46E94F2D6}"
EndProject
Project("{9A19103F-16F7-4668-BE54-9A1E7A4F7556}") = "CrtOrderVisaProvider", "CrtOrderVisaProvider\Files\CrtOrderVisaProvider.csproj", "{20CE5D63-3624-47A4-8860-5652DFE0D67B}"
EndProject
Project("{2150E333-8FDC-42A3-9474-1A3956D46DE8}") = "CrtPlaybook", "CrtPlaybook", "{268292D1-B50E-4A9B-B861-5D6BBEC65156}"
EndProject
Project("{9A19103F-16F7-4668-BE54-9A1E7A4F7556}") = "CrtPlaybook", "CrtPlaybook\Files\CrtPlaybook.csproj", "{C173A795-C3A7-46CF-A102-66CBF81220F3}"
EndProject
Project("{2150E333-8FDC-42A3-9474-1A3956D46DE8}") = "CrtProductBase", "CrtProductBase", "{8C7D4698-5214-4575-A478-EF17B3A55696}"
EndProject
Project("{9A19103F-16F7-4668-BE54-9A1E7A4F7556}") = "CrtProductBase", "CrtProductBase\Files\CrtProductBase.csproj", "{5C345566-E5E8-4671-81F7-99CFD8A872C6}"
EndProject
Project("{2150E333-8FDC-42A3-9474-1A3956D46DE8}") = "CrtProductCatalogue", "CrtProductCatalogue", "{8DBBCC7A-A88C-403C-8558-BD7F67761B7E}"
EndProject
Project("{9A19103F-16F7-4668-BE54-9A1E7A4F7556}") = "CrtProductCatalogue", "CrtProductCatalogue\Files\CrtProductCatalogue.csproj", "{F07EC211-D55E-44A3-A692-7A71224C08B4}"
EndProject
Project("{2150E333-8FDC-42A3-9474-1A3956D46DE8}") = "CrtProductCatalogueInInvoice", "CrtProductCatalogueInInvoice", "{E20F68B4-44C3-4DB2-B37C-8BB446EFAB5F}"
EndProject
Project("{9A19103F-16F7-4668-BE54-9A1E7A4F7556}") = "CrtProductCatalogueInInvoice", "CrtProductCatalogueInInvoice\Files\CrtProductCatalogueInInvoice.csproj", "{38CEA97F-CE17-4342-BCA3-C44B092FF5C6}"
EndProject
Project("{2150E333-8FDC-42A3-9474-1A3956D46DE8}") = "CrtProductCatalogueInOrder", "CrtProductCatalogueInOrder", "{D15E71E9-AB47-4EDB-8B4B-1578626AD20D}"
EndProject
Project("{9A19103F-16F7-4668-BE54-9A1E7A4F7556}") = "CrtProductCatalogueInOrder", "CrtProductCatalogueInOrder\Files\CrtProductCatalogueInOrder.csproj", "{CB2B4111-5563-4B60-AB70-C9CABD05E788}"
EndProject
Project("{2150E333-8FDC-42A3-9474-1A3956D46DE8}") = "CrtProductivityApp", "CrtProductivityApp", "{00942032-250E-4CB2-9490-441094587231}"
EndProject
Project("{9A19103F-16F7-4668-BE54-9A1E7A4F7556}") = "CrtProductivityApp", "CrtProductivityApp\Files\CrtProductivityApp.csproj", "{051A8B90-55C5-45BC-B415-87C5DBA81094}"
EndProject
Project("{2150E333-8FDC-42A3-9474-1A3956D46DE8}") = "CrtProductivityMobile", "CrtProductivityMobile", "{99278E30-3A45-4BE9-B928-51F00F60E88D}"
EndProject
Project("{9A19103F-16F7-4668-BE54-9A1E7A4F7556}") = "CrtProductivityMobile", "CrtProductivityMobile\Files\CrtProductivityMobile.csproj", "{5A3E9E5F-5CFE-4EDB-AAEA-62A83EA5EB1D}"
EndProject
Project("{2150E333-8FDC-42A3-9474-1A3956D46DE8}") = "CrtProductSpecification", "CrtProductSpecification", "{E60B9900-1961-4356-B08A-A6A8CDDEB24A}"
EndProject
Project("{9A19103F-16F7-4668-BE54-9A1E7A4F7556}") = "CrtProductSpecification", "CrtProductSpecification\Files\CrtProductSpecification.csproj", "{5A21F005-21BE-44A8-B79C-E1AC7459354C}"
EndProject
Project("{2150E333-8FDC-42A3-9474-1A3956D46DE8}") = "CrtRecommendedProduct", "CrtRecommendedProduct", "{044299F5-34C3-48BD-ADC8-05FA73DD23B7}"
EndProject
Project("{9A19103F-16F7-4668-BE54-9A1E7A4F7556}") = "CrtRecommendedProduct", "CrtRecommendedProduct\Files\CrtRecommendedProduct.csproj", "{A752F74B-9C60-4244-9A8E-1EB278828E8A}"
EndProject
Project("{2150E333-8FDC-42A3-9474-1A3956D46DE8}") = "CrtSalesContracts", "CrtSalesContracts", "{7369B60F-29B0-4C89-9E32-D84AC202FDF6}"
EndProject
Project("{9A19103F-16F7-4668-BE54-9A1E7A4F7556}") = "CrtSalesContracts", "CrtSalesContracts\Files\CrtSalesContracts.csproj", "{6D47F927-5BFF-4157-B404-A02DA9C42E5E}"
EndProject
Project("{2150E333-8FDC-42A3-9474-1A3956D46DE8}") = "CrtSalesInC360", "CrtSalesInC360", "{3D4CFFBF-4CD6-4AF9-AFD0-FD3B154F4930}"
EndProject
Project("{9A19103F-16F7-4668-BE54-9A1E7A4F7556}") = "CrtSalesInC360", "CrtSalesInC360\Files\CrtSalesInC360.csproj", "{4DF0DF94-8A96-4A98-9F24-A582A37E9941}"
EndProject
Project("{2150E333-8FDC-42A3-9474-1A3956D46DE8}") = "CrtSecurity", "CrtSecurity", "{9999AC7D-64D0-4FF2-992B-327F62D08C7D}"
EndProject
Project("{9A19103F-16F7-4668-BE54-9A1E7A4F7556}") = "CrtSecurity", "CrtSecurity\Files\CrtSecurity.csproj", "{D3AEF32A-DE30-4404-916D-5261549F88E0}"
EndProject
Project("{2150E333-8FDC-42A3-9474-1A3956D46DE8}") = "CrtSecurity7x", "CrtSecurity7x", "{867E1F46-B91C-4592-993A-A2BCAFDAD6A7}"
EndProject
Project("{9A19103F-16F7-4668-BE54-9A1E7A4F7556}") = "CrtSecurity7x", "CrtSecurity7x\Files\CrtSecurity7x.csproj", "{9AFF03A7-460A-4D05-BEC2-AF7ED688A661}"
EndProject
Project("{2150E333-8FDC-42A3-9474-1A3956D46DE8}") = "CrtSimilarLead", "CrtSimilarLead", "{A99BC408-B756-41EE-966A-663DED089460}"
EndProject
Project("{9A19103F-16F7-4668-BE54-9A1E7A4F7556}") = "CrtSimilarLead", "CrtSimilarLead\Files\CrtSimilarLead.csproj", "{5CC32212-2582-47C3-B917-8D6A8DC59F58}"
EndProject
Project("{2150E333-8FDC-42A3-9474-1A3956D46DE8}") = "CrtSmsIntegration", "CrtSmsIntegration", "{3D81553A-A0F1-40CA-9F9D-8E43A13B8237}"
EndProject
Project("{9A19103F-16F7-4668-BE54-9A1E7A4F7556}") = "CrtSmsIntegration", "CrtSmsIntegration\Files\CrtSmsIntegration.csproj", "{89D09186-C507-4EB3-BA52-D1E561A8F739}"
EndProject
Project("{2150E333-8FDC-42A3-9474-1A3956D46DE8}") = "CrtSpecification", "CrtSpecification", "{0DF69234-DA0A-4751-B9B1-ABCBEB538C9C}"
EndProject
Project("{9A19103F-16F7-4668-BE54-9A1E7A4F7556}") = "CrtSpecification", "CrtSpecification\Files\CrtSpecification.csproj", "{C77A5381-059B-4B55-BB1F-00A005645205}"
EndProject
Project("{2150E333-8FDC-42A3-9474-1A3956D46DE8}") = "CrtSupplyPayment", "CrtSupplyPayment", "{20289D75-272B-4D93-9F65-C62772747E9D}"
EndProject
Project("{9A19103F-16F7-4668-BE54-9A1E7A4F7556}") = "CrtSupplyPayment", "CrtSupplyPayment\Files\CrtSupplyPayment.csproj", "{94B58864-D18B-42CC-81D2-643260E26159}"
EndProject
Project("{2150E333-8FDC-42A3-9474-1A3956D46DE8}") = "CrtTouchPoint", "CrtTouchPoint", "{C0338AEB-0022-4CB2-A531-4B151905FDFD}"
EndProject
Project("{9A19103F-16F7-4668-BE54-9A1E7A4F7556}") = "CrtTouchPoint", "CrtTouchPoint\Files\CrtTouchPoint.csproj", "{573BCA40-B445-4A60-9283-377A7ACD52DB}"
EndProject
Project("{2150E333-8FDC-42A3-9474-1A3956D46DE8}") = "CrtTouchPointBase", "CrtTouchPointBase", "{BDE5064D-F201-41BD-88AA-7D119A234166}"
EndProject
Project("{9A19103F-16F7-4668-BE54-9A1E7A4F7556}") = "CrtTouchPointBase", "CrtTouchPointBase\Files\CrtTouchPointBase.csproj", "{110C56EB-9AA0-49CA-8992-D20BD1B6979E}"
EndProject
Project("{2150E333-8FDC-42A3-9474-1A3956D46DE8}") = "CrtTouchPointInC360", "CrtTouchPointInC360", "{6C8E13CD-ABEA-466E-8370-60BC18F7C043}"
EndProject
Project("{9A19103F-16F7-4668-BE54-9A1E7A4F7556}") = "CrtTouchPointInC360", "CrtTouchPointInC360\Files\CrtTouchPointInC360.csproj", "{406AFFBC-E532-4F29-99BC-86F1D609475A}"
EndProject
Project("{2150E333-8FDC-42A3-9474-1A3956D46DE8}") = "CrtTouchPointInLead", "CrtTouchPointInLead", "{D4CD44F3-1DF9-4780-BE9A-5D15BB31CAB4}"
EndProject
Project("{9A19103F-16F7-4668-BE54-9A1E7A4F7556}") = "CrtTouchPointInLead", "CrtTouchPointInLead\Files\CrtTouchPointInLead.csproj", "{E9F0F8E9-D39B-4D4A-9023-AE7D11C15A25}"
EndProject
Project("{2150E333-8FDC-42A3-9474-1A3956D46DE8}") = "CrtUIPlatform", "CrtUIPlatform", "{DC6E06D7-E5BF-44B2-B90D-A0DD8A9DB985}"
EndProject
Project("{9A19103F-16F7-4668-BE54-9A1E7A4F7556}") = "CrtUIPlatform", "CrtUIPlatform\Files\CrtUIPlatform.csproj", "{94859F43-A0F5-4042-950C-E45307632B3E}"
EndProject
Project("{2150E333-8FDC-42A3-9474-1A3956D46DE8}") = "CrtUIPlatform7x", "CrtUIPlatform7x", "{9172CC3F-43CD-4C04-914B-1ABB22E5BD2D}"
EndProject
Project("{9A19103F-16F7-4668-BE54-9A1E7A4F7556}") = "CrtUIPlatform7x", "CrtUIPlatform7x\Files\CrtUIPlatform7x.csproj", "{0AFBF35D-42FF-410A-B246-6E0F4E248BED}"
EndProject
Project("{2150E333-8FDC-42A3-9474-1A3956D46DE8}") = "CrtUISwitcher", "CrtUISwitcher", "{BE22F493-6BA6-49E1-B28E-C93E9D8E9B94}"
EndProject
Project("{9A19103F-16F7-4668-BE54-9A1E7A4F7556}") = "CrtUISwitcher", "CrtUISwitcher\Files\CrtUISwitcher.csproj", "{40932BE5-1648-4DF8-8237-DBEECEE92950}"
EndProject
Project("{2150E333-8FDC-42A3-9474-1A3956D46DE8}") = "CrtWebFormBase", "CrtWebFormBase", "{1CE709CD-6F75-441E-A038-4221B3E83347}"
EndProject
Project("{9A19103F-16F7-4668-BE54-9A1E7A4F7556}") = "CrtWebFormBase", "CrtWebFormBase\Files\CrtWebFormBase.csproj", "{BB53404C-6B1E-43C8-A538-A269B8E22B1D}"
EndProject
Project("{2150E333-8FDC-42A3-9474-1A3956D46DE8}") = "CrtWebhookServiceBase", "CrtWebhookServiceBase", "{89245D86-93C4-4617-A385-3DFF4653F049}"
EndProject
Project("{9A19103F-16F7-4668-BE54-9A1E7A4F7556}") = "CrtWebhookServiceBase", "CrtWebhookServiceBase\Files\CrtWebhookServiceBase.csproj", "{16CADC45-5589-478B-882A-79A04D297BFE}"
EndProject
Project("{2150E333-8FDC-42A3-9474-1A3956D46DE8}") = "CSP", "CSP", "{A7ABA37A-E20D-452E-B063-2353FADD513D}"
EndProject
Project("{9A19103F-16F7-4668-BE54-9A1E7A4F7556}") = "CSP", "CSP\Files\CSP.csproj", "{EFE897ED-1F51-4289-A9A6-B610599227E5}"
EndProject
Project("{2150E333-8FDC-42A3-9474-1A3956D46DE8}") = "FeatureToggling", "FeatureToggling", "{C15A5202-5B5D-4D38-87FF-B9FDFF710A64}"
EndProject
Project("{9A19103F-16F7-4668-BE54-9A1E7A4F7556}") = "FeatureToggling", "FeatureToggling\Files\FeatureToggling.csproj", "{055DA2B5-1FD3-47D7-9696-E483BD6B7D4A}"
EndProject
Project("{2150E333-8FDC-42A3-9474-1A3956D46DE8}") = "Finesse", "Finesse", "{EA84EC15-5238-4972-8D91-7E07AE146BB7}"
EndProject
Project("{9A19103F-16F7-4668-BE54-9A1E7A4F7556}") = "Finesse", "Finesse\Files\Finesse.csproj", "{9439F0B6-4C4A-4734-9B82-70851C1193AF}"
EndProject
Project("{2150E333-8FDC-42A3-9474-1A3956D46DE8}") = "IgorDev", "IgorDev", "{77632557-9910-4836-A476-39A20D9C1695}"
EndProject
Project("{9A19103F-16F7-4668-BE54-9A1E7A4F7556}") = "IgorDev", "IgorDev\Files\IgorDev.csproj", "{FAA98614-DC12-407E-A542-BD7265F25EAD}"
EndProject
Project("{2150E333-8FDC-42A3-9474-1A3956D46DE8}") = "MLProcessDesigner", "MLProcessDesigner", "{1E7D7EC0-9BE7-491E-9A4E-DBEC289086FC}"
EndProject
Project("{9A19103F-16F7-4668-BE54-9A1E7A4F7556}") = "MLProcessDesigner", "MLProcessDesigner\Files\MLProcessDesigner.csproj", "{A9BD2D81-5B43-4899-9F04-DF34065B4C72}"
EndProject
Project("{2150E333-8FDC-42A3-9474-1A3956D46DE8}") = "OpenIdAuth", "OpenIdAuth", "{1B83CC7A-48A8-4BAD-883F-B5729342DA5B}"
EndProject
Project("{9A19103F-16F7-4668-BE54-9A1E7A4F7556}") = "OpenIdAuth", "OpenIdAuth\Files\OpenIdAuth.csproj", "{3FEE654A-58B6-4F44-8891-69DC7E32E071}"
EndProject
Project("{2150E333-8FDC-42A3-9474-1A3956D46DE8}") = "SalesMainShell", "SalesMainShell", "{21E02857-BB1E-426E-A5AE-E31FD273152E}"
EndProject
Project("{9A19103F-16F7-4668-BE54-9A1E7A4F7556}") = "SalesMainShell", "SalesMainShell\Files\SalesMainShell.csproj", "{5BDAB2B9-91F3-4B28-89E9-E33B09F982E7}"
EndProject
Project("{2150E333-8FDC-42A3-9474-1A3956D46DE8}") = "SsoSettings", "SsoSettings", "{60666360-81B8-4D10-9AB1-8797C84F4B14}"
EndProject
Project("{9A19103F-16F7-4668-BE54-9A1E7A4F7556}") = "SsoSettings", "SsoSettings\Files\SsoSettings.csproj", "{3FC33AD0-4240-4B57-B831-B3EB30659CBA}"
EndProject
Project("{2150E333-8FDC-42A3-9474-1A3956D46DE8}") = "UsrRealtyFreedomUI", "UsrRealtyFreedomUI", "{E4B09234-A8E6-4B59-814A-26104B43F78D}"
EndProject
Project("{9A19103F-16F7-4668-BE54-9A1E7A4F7556}") = "UsrRealtyFreedomUI", "UsrRealtyFreedomUI\Files\UsrRealtyFreedomUI.csproj", "{95B9EA42-22B1-4EE7-9896-516ADD8E4DFE}"
EndProject
Project("{2150E333-8FDC-42A3-9474-1A3956D46DE8}") = "XSSProtection", "XSSProtection", "{3E16CF51-94A1-4D63-A1B7-029F95F6B58A}"
EndProject
Project("{9A19103F-16F7-4668-BE54-9A1E7A4F7556}") = "XSSProtection", "XSSProtection\Files\XSSProtection.csproj", "{D0CEA371-EE85-4CEC-BAD1-E7B824C31B29}"
EndProject
Global
	GlobalSection(SolutionConfigurationPlatforms) = preSolution
		Debug|Any CPU = Debug|Any CPU
		Release|Any CPU = Release|Any CPU
	EndGlobalSection
	GlobalSection(ProjectConfigurationPlatforms) = postSolution
		{28756B83-7617-4C56-BD7A-C41B8EE057EF}.Debug|Any CPU.ActiveCfg = Debug|Any CPU
		{28756B83-7617-4C56-BD7A-C41B8EE057EF}.Debug|Any CPU.Build.0 = Debug|Any CPU
		{28756B83-7617-4C56-BD7A-C41B8EE057EF}.Release|Any CPU.ActiveCfg = Release|Any CPU
		{28756B83-7617-4C56-BD7A-C41B8EE057EF}.Release|Any CPU.Build.0 = Release|Any CPU
		{5AAA1311-CB3D-4272-9CD4-B082235D6038}.Debug|Any CPU.ActiveCfg = Debug|Any CPU
		{5AAA1311-CB3D-4272-9CD4-B082235D6038}.Debug|Any CPU.Build.0 = Debug|Any CPU
		{5AAA1311-CB3D-4272-9CD4-B082235D6038}.Release|Any CPU.ActiveCfg = Release|Any CPU
		{5AAA1311-CB3D-4272-9CD4-B082235D6038}.Release|Any CPU.Build.0 = Release|Any CPU
		{D97BF203-2648-4520-BAD8-057CC61D4D22}.Debug|Any CPU.ActiveCfg = Debug|Any CPU
		{D97BF203-2648-4520-BAD8-057CC61D4D22}.Debug|Any CPU.Build.0 = Debug|Any CPU
		{D97BF203-2648-4520-BAD8-057CC61D4D22}.Release|Any CPU.ActiveCfg = Release|Any CPU
		{D97BF203-2648-4520-BAD8-057CC61D4D22}.Release|Any CPU.Build.0 = Release|Any CPU
		{585C92D0-FED6-4639-B5EA-6C38023EEBF4}.Debug|Any CPU.ActiveCfg = Debug|Any CPU
		{585C92D0-FED6-4639-B5EA-6C38023EEBF4}.Debug|Any CPU.Build.0 = Debug|Any CPU
		{585C92D0-FED6-4639-B5EA-6C38023EEBF4}.Release|Any CPU.ActiveCfg = Release|Any CPU
		{585C92D0-FED6-4639-B5EA-6C38023EEBF4}.Release|Any CPU.Build.0 = Release|Any CPU
		{A6C69744-F2EE-40BE-B5B0-BE11D0A6E7B7}.Debug|Any CPU.ActiveCfg = Debug|Any CPU
		{A6C69744-F2EE-40BE-B5B0-BE11D0A6E7B7}.Debug|Any CPU.Build.0 = Debug|Any CPU
		{A6C69744-F2EE-40BE-B5B0-BE11D0A6E7B7}.Release|Any CPU.ActiveCfg = Release|Any CPU
		{A6C69744-F2EE-40BE-B5B0-BE11D0A6E7B7}.Release|Any CPU.Build.0 = Release|Any CPU
		{FE17304E-61FD-4437-8555-574E516C3991}.Debug|Any CPU.ActiveCfg = Debug|Any CPU
		{FE17304E-61FD-4437-8555-574E516C3991}.Debug|Any CPU.Build.0 = Debug|Any CPU
		{FE17304E-61FD-4437-8555-574E516C3991}.Release|Any CPU.ActiveCfg = Release|Any CPU
		{FE17304E-61FD-4437-8555-574E516C3991}.Release|Any CPU.Build.0 = Release|Any CPU
		{02CB17ED-B00E-48F0-95B9-6408BDF47857}.Debug|Any CPU.ActiveCfg = Debug|Any CPU
		{02CB17ED-B00E-48F0-95B9-6408BDF47857}.Debug|Any CPU.Build.0 = Debug|Any CPU
		{02CB17ED-B00E-48F0-95B9-6408BDF47857}.Release|Any CPU.ActiveCfg = Release|Any CPU
		{02CB17ED-B00E-48F0-95B9-6408BDF47857}.Release|Any CPU.Build.0 = Release|Any CPU
		{7817A1C9-A0C0-4266-B2D6-6501C062C01B}.Debug|Any CPU.ActiveCfg = Debug|Any CPU
		{7817A1C9-A0C0-4266-B2D6-6501C062C01B}.Debug|Any CPU.Build.0 = Debug|Any CPU
		{7817A1C9-A0C0-4266-B2D6-6501C062C01B}.Release|Any CPU.ActiveCfg = Release|Any CPU
		{7817A1C9-A0C0-4266-B2D6-6501C062C01B}.Release|Any CPU.Build.0 = Release|Any CPU
		{E7A7C906-4C76-476F-8012-9060053E5312}.Debug|Any CPU.ActiveCfg = Debug|Any CPU
		{E7A7C906-4C76-476F-8012-9060053E5312}.Debug|Any CPU.Build.0 = Debug|Any CPU
		{E7A7C906-4C76-476F-8012-9060053E5312}.Release|Any CPU.ActiveCfg = Release|Any CPU
		{E7A7C906-4C76-476F-8012-9060053E5312}.Release|Any CPU.Build.0 = Release|Any CPU
		{F5817507-4315-453A-87AE-778AF69EA72A}.Debug|Any CPU.ActiveCfg = Debug|Any CPU
		{F5817507-4315-453A-87AE-778AF69EA72A}.Debug|Any CPU.Build.0 = Debug|Any CPU
		{F5817507-4315-453A-87AE-778AF69EA72A}.Release|Any CPU.ActiveCfg = Release|Any CPU
		{F5817507-4315-453A-87AE-778AF69EA72A}.Release|Any CPU.Build.0 = Release|Any CPU
		{88EB0FD0-0F6F-453F-912B-EC6AE2824035}.Debug|Any CPU.ActiveCfg = Debug|Any CPU
		{88EB0FD0-0F6F-453F-912B-EC6AE2824035}.Debug|Any CPU.Build.0 = Debug|Any CPU
		{88EB0FD0-0F6F-453F-912B-EC6AE2824035}.Release|Any CPU.ActiveCfg = Release|Any CPU
		{88EB0FD0-0F6F-453F-912B-EC6AE2824035}.Release|Any CPU.Build.0 = Release|Any CPU
		{71EBF675-3E6A-4674-9FF1-EC90B5D2BA2B}.Debug|Any CPU.ActiveCfg = Debug|Any CPU
		{71EBF675-3E6A-4674-9FF1-EC90B5D2BA2B}.Debug|Any CPU.Build.0 = Debug|Any CPU
		{71EBF675-3E6A-4674-9FF1-EC90B5D2BA2B}.Release|Any CPU.ActiveCfg = Release|Any CPU
		{71EBF675-3E6A-4674-9FF1-EC90B5D2BA2B}.Release|Any CPU.Build.0 = Release|Any CPU
		{CA62647F-C9A5-4C5F-BDCC-217F4C13BB31}.Debug|Any CPU.ActiveCfg = Debug|Any CPU
		{CA62647F-C9A5-4C5F-BDCC-217F4C13BB31}.Debug|Any CPU.Build.0 = Debug|Any CPU
		{CA62647F-C9A5-4C5F-BDCC-217F4C13BB31}.Release|Any CPU.ActiveCfg = Release|Any CPU
		{CA62647F-C9A5-4C5F-BDCC-217F4C13BB31}.Release|Any CPU.Build.0 = Release|Any CPU
		{0156035A-38E4-4193-BA78-522DA62AB40E}.Debug|Any CPU.ActiveCfg = Debug|Any CPU
		{0156035A-38E4-4193-BA78-522DA62AB40E}.Debug|Any CPU.Build.0 = Debug|Any CPU
		{0156035A-38E4-4193-BA78-522DA62AB40E}.Release|Any CPU.ActiveCfg = Release|Any CPU
		{0156035A-38E4-4193-BA78-522DA62AB40E}.Release|Any CPU.Build.0 = Release|Any CPU
		{EEDBC478-DC70-4141-9709-AA2BDE623695}.Debug|Any CPU.ActiveCfg = Debug|Any CPU
		{EEDBC478-DC70-4141-9709-AA2BDE623695}.Debug|Any CPU.Build.0 = Debug|Any CPU
		{EEDBC478-DC70-4141-9709-AA2BDE623695}.Release|Any CPU.ActiveCfg = Release|Any CPU
		{EEDBC478-DC70-4141-9709-AA2BDE623695}.Release|Any CPU.Build.0 = Release|Any CPU
		{3AD5CE1E-9724-44EA-B656-D0CAFB134C1D}.Debug|Any CPU.ActiveCfg = Debug|Any CPU
		{3AD5CE1E-9724-44EA-B656-D0CAFB134C1D}.Debug|Any CPU.Build.0 = Debug|Any CPU
		{3AD5CE1E-9724-44EA-B656-D0CAFB134C1D}.Release|Any CPU.ActiveCfg = Release|Any CPU
		{3AD5CE1E-9724-44EA-B656-D0CAFB134C1D}.Release|Any CPU.Build.0 = Release|Any CPU
		{3300EFFF-48FF-4F7A-B678-F4F1D2E5DD44}.Debug|Any CPU.ActiveCfg = Debug|Any CPU
		{3300EFFF-48FF-4F7A-B678-F4F1D2E5DD44}.Debug|Any CPU.Build.0 = Debug|Any CPU
		{3300EFFF-48FF-4F7A-B678-F4F1D2E5DD44}.Release|Any CPU.ActiveCfg = Release|Any CPU
		{3300EFFF-48FF-4F7A-B678-F4F1D2E5DD44}.Release|Any CPU.Build.0 = Release|Any CPU
		{CE08B623-34C6-41EC-AC74-40E586DB2DAE}.Debug|Any CPU.ActiveCfg = Debug|Any CPU
		{CE08B623-34C6-41EC-AC74-40E586DB2DAE}.Debug|Any CPU.Build.0 = Debug|Any CPU
		{CE08B623-34C6-41EC-AC74-40E586DB2DAE}.Release|Any CPU.ActiveCfg = Release|Any CPU
		{CE08B623-34C6-41EC-AC74-40E586DB2DAE}.Release|Any CPU.Build.0 = Release|Any CPU
		{604C62EC-EAA4-4899-A8C7-724F31C19548}.Debug|Any CPU.ActiveCfg = Debug|Any CPU
		{604C62EC-EAA4-4899-A8C7-724F31C19548}.Debug|Any CPU.Build.0 = Debug|Any CPU
		{604C62EC-EAA4-4899-A8C7-724F31C19548}.Release|Any CPU.ActiveCfg = Release|Any CPU
		{604C62EC-EAA4-4899-A8C7-724F31C19548}.Release|Any CPU.Build.0 = Release|Any CPU
		{C97A3E95-E26D-48BC-BA20-1316FE59201F}.Debug|Any CPU.ActiveCfg = Debug|Any CPU
		{C97A3E95-E26D-48BC-BA20-1316FE59201F}.Debug|Any CPU.Build.0 = Debug|Any CPU
		{C97A3E95-E26D-48BC-BA20-1316FE59201F}.Release|Any CPU.ActiveCfg = Release|Any CPU
		{C97A3E95-E26D-48BC-BA20-1316FE59201F}.Release|Any CPU.Build.0 = Release|Any CPU
		{9F628C37-EF49-4716-84A8-5751D41C0042}.Debug|Any CPU.ActiveCfg = Debug|Any CPU
		{9F628C37-EF49-4716-84A8-5751D41C0042}.Debug|Any CPU.Build.0 = Debug|Any CPU
		{9F628C37-EF49-4716-84A8-5751D41C0042}.Release|Any CPU.ActiveCfg = Release|Any CPU
		{9F628C37-EF49-4716-84A8-5751D41C0042}.Release|Any CPU.Build.0 = Release|Any CPU
		{7DBCB8C4-837B-455D-A3CA-77D2B762422D}.Debug|Any CPU.ActiveCfg = Debug|Any CPU
		{7DBCB8C4-837B-455D-A3CA-77D2B762422D}.Debug|Any CPU.Build.0 = Debug|Any CPU
		{7DBCB8C4-837B-455D-A3CA-77D2B762422D}.Release|Any CPU.ActiveCfg = Release|Any CPU
		{7DBCB8C4-837B-455D-A3CA-77D2B762422D}.Release|Any CPU.Build.0 = Release|Any CPU
		{D3E7B46F-E995-4BAE-BC82-4A844462A69E}.Debug|Any CPU.ActiveCfg = Debug|Any CPU
		{D3E7B46F-E995-4BAE-BC82-4A844462A69E}.Debug|Any CPU.Build.0 = Debug|Any CPU
		{D3E7B46F-E995-4BAE-BC82-4A844462A69E}.Release|Any CPU.ActiveCfg = Release|Any CPU
		{D3E7B46F-E995-4BAE-BC82-4A844462A69E}.Release|Any CPU.Build.0 = Release|Any CPU
		{868A2C9C-7903-40EA-86C1-15C88B87D573}.Debug|Any CPU.ActiveCfg = Debug|Any CPU
		{868A2C9C-7903-40EA-86C1-15C88B87D573}.Debug|Any CPU.Build.0 = Debug|Any CPU
		{868A2C9C-7903-40EA-86C1-15C88B87D573}.Release|Any CPU.ActiveCfg = Release|Any CPU
		{868A2C9C-7903-40EA-86C1-15C88B87D573}.Release|Any CPU.Build.0 = Release|Any CPU
		{8260A0DE-F123-4604-9443-A21070DB0695}.Debug|Any CPU.ActiveCfg = Debug|Any CPU
		{8260A0DE-F123-4604-9443-A21070DB0695}.Debug|Any CPU.Build.0 = Debug|Any CPU
		{8260A0DE-F123-4604-9443-A21070DB0695}.Release|Any CPU.ActiveCfg = Release|Any CPU
		{8260A0DE-F123-4604-9443-A21070DB0695}.Release|Any CPU.Build.0 = Release|Any CPU
		{CC0E5A8E-00BC-4D8F-8DCA-053468D4BF75}.Debug|Any CPU.ActiveCfg = Debug|Any CPU
		{CC0E5A8E-00BC-4D8F-8DCA-053468D4BF75}.Debug|Any CPU.Build.0 = Debug|Any CPU
		{CC0E5A8E-00BC-4D8F-8DCA-053468D4BF75}.Release|Any CPU.ActiveCfg = Release|Any CPU
		{CC0E5A8E-00BC-4D8F-8DCA-053468D4BF75}.Release|Any CPU.Build.0 = Release|Any CPU
		{CE628780-23FE-4DC7-BD28-6761193F18A8}.Debug|Any CPU.ActiveCfg = Debug|Any CPU
		{CE628780-23FE-4DC7-BD28-6761193F18A8}.Debug|Any CPU.Build.0 = Debug|Any CPU
		{CE628780-23FE-4DC7-BD28-6761193F18A8}.Release|Any CPU.ActiveCfg = Release|Any CPU
		{CE628780-23FE-4DC7-BD28-6761193F18A8}.Release|Any CPU.Build.0 = Release|Any CPU
		{4AD69330-0AF2-491B-BD04-01545C3D70D3}.Debug|Any CPU.ActiveCfg = Debug|Any CPU
		{4AD69330-0AF2-491B-BD04-01545C3D70D3}.Debug|Any CPU.Build.0 = Debug|Any CPU
		{4AD69330-0AF2-491B-BD04-01545C3D70D3}.Release|Any CPU.ActiveCfg = Release|Any CPU
		{4AD69330-0AF2-491B-BD04-01545C3D70D3}.Release|Any CPU.Build.0 = Release|Any CPU
		{A9B7FB43-E881-4DCB-8AD3-33F2F4D75137}.Debug|Any CPU.ActiveCfg = Debug|Any CPU
		{A9B7FB43-E881-4DCB-8AD3-33F2F4D75137}.Debug|Any CPU.Build.0 = Debug|Any CPU
		{A9B7FB43-E881-4DCB-8AD3-33F2F4D75137}.Release|Any CPU.ActiveCfg = Release|Any CPU
		{A9B7FB43-E881-4DCB-8AD3-33F2F4D75137}.Release|Any CPU.Build.0 = Release|Any CPU
		{71C898AB-A57C-45F4-A072-AC499A546E43}.Debug|Any CPU.ActiveCfg = Debug|Any CPU
		{71C898AB-A57C-45F4-A072-AC499A546E43}.Debug|Any CPU.Build.0 = Debug|Any CPU
		{71C898AB-A57C-45F4-A072-AC499A546E43}.Release|Any CPU.ActiveCfg = Release|Any CPU
		{71C898AB-A57C-45F4-A072-AC499A546E43}.Release|Any CPU.Build.0 = Release|Any CPU
		{50ECF50A-2976-45AA-BDEE-B5103EF7EF37}.Debug|Any CPU.ActiveCfg = Debug|Any CPU
		{50ECF50A-2976-45AA-BDEE-B5103EF7EF37}.Debug|Any CPU.Build.0 = Debug|Any CPU
		{50ECF50A-2976-45AA-BDEE-B5103EF7EF37}.Release|Any CPU.ActiveCfg = Release|Any CPU
		{50ECF50A-2976-45AA-BDEE-B5103EF7EF37}.Release|Any CPU.Build.0 = Release|Any CPU
		{C17A076D-6F4C-44A7-9C77-F8C37C14BCB1}.Debug|Any CPU.ActiveCfg = Debug|Any CPU
		{C17A076D-6F4C-44A7-9C77-F8C37C14BCB1}.Debug|Any CPU.Build.0 = Debug|Any CPU
		{C17A076D-6F4C-44A7-9C77-F8C37C14BCB1}.Release|Any CPU.ActiveCfg = Release|Any CPU
		{C17A076D-6F4C-44A7-9C77-F8C37C14BCB1}.Release|Any CPU.Build.0 = Release|Any CPU
		{B1E68EFC-AB83-45F9-84C6-4546770E5032}.Debug|Any CPU.ActiveCfg = Debug|Any CPU
		{B1E68EFC-AB83-45F9-84C6-4546770E5032}.Debug|Any CPU.Build.0 = Debug|Any CPU
		{B1E68EFC-AB83-45F9-84C6-4546770E5032}.Release|Any CPU.ActiveCfg = Release|Any CPU
		{B1E68EFC-AB83-45F9-84C6-4546770E5032}.Release|Any CPU.Build.0 = Release|Any CPU
		{83147175-32F6-46A3-BF4A-820C6E248379}.Debug|Any CPU.ActiveCfg = Debug|Any CPU
		{83147175-32F6-46A3-BF4A-820C6E248379}.Debug|Any CPU.Build.0 = Debug|Any CPU
		{83147175-32F6-46A3-BF4A-820C6E248379}.Release|Any CPU.ActiveCfg = Release|Any CPU
		{83147175-32F6-46A3-BF4A-820C6E248379}.Release|Any CPU.Build.0 = Release|Any CPU
		{45490C00-F6FF-4518-B93D-C4A5B6F9AD54}.Debug|Any CPU.ActiveCfg = Debug|Any CPU
		{45490C00-F6FF-4518-B93D-C4A5B6F9AD54}.Debug|Any CPU.Build.0 = Debug|Any CPU
		{45490C00-F6FF-4518-B93D-C4A5B6F9AD54}.Release|Any CPU.ActiveCfg = Release|Any CPU
		{45490C00-F6FF-4518-B93D-C4A5B6F9AD54}.Release|Any CPU.Build.0 = Release|Any CPU
		{62BBEEBE-C28A-488A-A2E6-D882B5B73EB3}.Debug|Any CPU.ActiveCfg = Debug|Any CPU
		{62BBEEBE-C28A-488A-A2E6-D882B5B73EB3}.Debug|Any CPU.Build.0 = Debug|Any CPU
		{62BBEEBE-C28A-488A-A2E6-D882B5B73EB3}.Release|Any CPU.ActiveCfg = Release|Any CPU
		{62BBEEBE-C28A-488A-A2E6-D882B5B73EB3}.Release|Any CPU.Build.0 = Release|Any CPU
		{01BDEE29-3291-4FE5-82B7-513EC7D7B866}.Debug|Any CPU.ActiveCfg = Debug|Any CPU
		{01BDEE29-3291-4FE5-82B7-513EC7D7B866}.Debug|Any CPU.Build.0 = Debug|Any CPU
		{01BDEE29-3291-4FE5-82B7-513EC7D7B866}.Release|Any CPU.ActiveCfg = Release|Any CPU
		{01BDEE29-3291-4FE5-82B7-513EC7D7B866}.Release|Any CPU.Build.0 = Release|Any CPU
		{D218E1A4-4FB8-4CAF-BB1A-C90E80A765EE}.Debug|Any CPU.ActiveCfg = Debug|Any CPU
		{D218E1A4-4FB8-4CAF-BB1A-C90E80A765EE}.Debug|Any CPU.Build.0 = Debug|Any CPU
		{D218E1A4-4FB8-4CAF-BB1A-C90E80A765EE}.Release|Any CPU.ActiveCfg = Release|Any CPU
		{D218E1A4-4FB8-4CAF-BB1A-C90E80A765EE}.Release|Any CPU.Build.0 = Release|Any CPU
		{394E6FA3-11CF-4D35-B0D9-553DDABDD735}.Debug|Any CPU.ActiveCfg = Debug|Any CPU
		{394E6FA3-11CF-4D35-B0D9-553DDABDD735}.Debug|Any CPU.Build.0 = Debug|Any CPU
		{394E6FA3-11CF-4D35-B0D9-553DDABDD735}.Release|Any CPU.ActiveCfg = Release|Any CPU
		{394E6FA3-11CF-4D35-B0D9-553DDABDD735}.Release|Any CPU.Build.0 = Release|Any CPU
		{2555C8A1-59C2-497F-944D-596FC5E0D5FF}.Debug|Any CPU.ActiveCfg = Debug|Any CPU
		{2555C8A1-59C2-497F-944D-596FC5E0D5FF}.Debug|Any CPU.Build.0 = Debug|Any CPU
		{2555C8A1-59C2-497F-944D-596FC5E0D5FF}.Release|Any CPU.ActiveCfg = Release|Any CPU
		{2555C8A1-59C2-497F-944D-596FC5E0D5FF}.Release|Any CPU.Build.0 = Release|Any CPU
		{50C5640B-1796-4A1D-A601-74C11CECFF1E}.Debug|Any CPU.ActiveCfg = Debug|Any CPU
		{50C5640B-1796-4A1D-A601-74C11CECFF1E}.Debug|Any CPU.Build.0 = Debug|Any CPU
		{50C5640B-1796-4A1D-A601-74C11CECFF1E}.Release|Any CPU.ActiveCfg = Release|Any CPU
		{50C5640B-1796-4A1D-A601-74C11CECFF1E}.Release|Any CPU.Build.0 = Release|Any CPU
		{82DFAC64-836D-4D1B-A544-D562B526A7C7}.Debug|Any CPU.ActiveCfg = Debug|Any CPU
		{82DFAC64-836D-4D1B-A544-D562B526A7C7}.Debug|Any CPU.Build.0 = Debug|Any CPU
		{82DFAC64-836D-4D1B-A544-D562B526A7C7}.Release|Any CPU.ActiveCfg = Release|Any CPU
		{82DFAC64-836D-4D1B-A544-D562B526A7C7}.Release|Any CPU.Build.0 = Release|Any CPU
		{9FEF3ECF-4914-4744-AD15-CC3146344A63}.Debug|Any CPU.ActiveCfg = Debug|Any CPU
		{9FEF3ECF-4914-4744-AD15-CC3146344A63}.Debug|Any CPU.Build.0 = Debug|Any CPU
		{9FEF3ECF-4914-4744-AD15-CC3146344A63}.Release|Any CPU.ActiveCfg = Release|Any CPU
		{9FEF3ECF-4914-4744-AD15-CC3146344A63}.Release|Any CPU.Build.0 = Release|Any CPU
		{E29E33F3-B244-4702-A44F-9A05AB266BFF}.Debug|Any CPU.ActiveCfg = Debug|Any CPU
		{E29E33F3-B244-4702-A44F-9A05AB266BFF}.Debug|Any CPU.Build.0 = Debug|Any CPU
		{E29E33F3-B244-4702-A44F-9A05AB266BFF}.Release|Any CPU.ActiveCfg = Release|Any CPU
		{E29E33F3-B244-4702-A44F-9A05AB266BFF}.Release|Any CPU.Build.0 = Release|Any CPU
		{A5165B9E-6726-4D5A-A853-29A9EFD7726E}.Debug|Any CPU.ActiveCfg = Debug|Any CPU
		{A5165B9E-6726-4D5A-A853-29A9EFD7726E}.Debug|Any CPU.Build.0 = Debug|Any CPU
		{A5165B9E-6726-4D5A-A853-29A9EFD7726E}.Release|Any CPU.ActiveCfg = Release|Any CPU
		{A5165B9E-6726-4D5A-A853-29A9EFD7726E}.Release|Any CPU.Build.0 = Release|Any CPU
		{ECFC53B2-DA36-4B77-88C9-5F717D222AE6}.Debug|Any CPU.ActiveCfg = Debug|Any CPU
		{ECFC53B2-DA36-4B77-88C9-5F717D222AE6}.Debug|Any CPU.Build.0 = Debug|Any CPU
		{ECFC53B2-DA36-4B77-88C9-5F717D222AE6}.Release|Any CPU.ActiveCfg = Release|Any CPU
		{ECFC53B2-DA36-4B77-88C9-5F717D222AE6}.Release|Any CPU.Build.0 = Release|Any CPU
		{2BC43BDB-6CE9-4A26-9A79-E7BDD242164D}.Debug|Any CPU.ActiveCfg = Debug|Any CPU
		{2BC43BDB-6CE9-4A26-9A79-E7BDD242164D}.Debug|Any CPU.Build.0 = Debug|Any CPU
		{2BC43BDB-6CE9-4A26-9A79-E7BDD242164D}.Release|Any CPU.ActiveCfg = Release|Any CPU
		{2BC43BDB-6CE9-4A26-9A79-E7BDD242164D}.Release|Any CPU.Build.0 = Release|Any CPU
		{18D64455-E3D7-42B6-A771-8888E4938B0C}.Debug|Any CPU.ActiveCfg = Debug|Any CPU
		{18D64455-E3D7-42B6-A771-8888E4938B0C}.Debug|Any CPU.Build.0 = Debug|Any CPU
		{18D64455-E3D7-42B6-A771-8888E4938B0C}.Release|Any CPU.ActiveCfg = Release|Any CPU
		{18D64455-E3D7-42B6-A771-8888E4938B0C}.Release|Any CPU.Build.0 = Release|Any CPU
		{AB245A16-77DB-4B8E-A86C-49E7CBB6DEDE}.Debug|Any CPU.ActiveCfg = Debug|Any CPU
		{AB245A16-77DB-4B8E-A86C-49E7CBB6DEDE}.Debug|Any CPU.Build.0 = Debug|Any CPU
		{AB245A16-77DB-4B8E-A86C-49E7CBB6DEDE}.Release|Any CPU.ActiveCfg = Release|Any CPU
		{AB245A16-77DB-4B8E-A86C-49E7CBB6DEDE}.Release|Any CPU.Build.0 = Release|Any CPU
		{21033C26-E99E-4327-90D5-4BCBE185F770}.Debug|Any CPU.ActiveCfg = Debug|Any CPU
		{21033C26-E99E-4327-90D5-4BCBE185F770}.Debug|Any CPU.Build.0 = Debug|Any CPU
		{21033C26-E99E-4327-90D5-4BCBE185F770}.Release|Any CPU.ActiveCfg = Release|Any CPU
		{21033C26-E99E-4327-90D5-4BCBE185F770}.Release|Any CPU.Build.0 = Release|Any CPU
		{9A89FD0E-AE6E-4D00-8EEE-70F02EBF9445}.Debug|Any CPU.ActiveCfg = Debug|Any CPU
		{9A89FD0E-AE6E-4D00-8EEE-70F02EBF9445}.Debug|Any CPU.Build.0 = Debug|Any CPU
		{9A89FD0E-AE6E-4D00-8EEE-70F02EBF9445}.Release|Any CPU.ActiveCfg = Release|Any CPU
		{9A89FD0E-AE6E-4D00-8EEE-70F02EBF9445}.Release|Any CPU.Build.0 = Release|Any CPU
		{20CE5D63-3624-47A4-8860-5652DFE0D67B}.Debug|Any CPU.ActiveCfg = Debug|Any CPU
		{20CE5D63-3624-47A4-8860-5652DFE0D67B}.Debug|Any CPU.Build.0 = Debug|Any CPU
		{20CE5D63-3624-47A4-8860-5652DFE0D67B}.Release|Any CPU.ActiveCfg = Release|Any CPU
		{20CE5D63-3624-47A4-8860-5652DFE0D67B}.Release|Any CPU.Build.0 = Release|Any CPU
		{C173A795-C3A7-46CF-A102-66CBF81220F3}.Debug|Any CPU.ActiveCfg = Debug|Any CPU
		{C173A795-C3A7-46CF-A102-66CBF81220F3}.Debug|Any CPU.Build.0 = Debug|Any CPU
		{C173A795-C3A7-46CF-A102-66CBF81220F3}.Release|Any CPU.ActiveCfg = Release|Any CPU
		{C173A795-C3A7-46CF-A102-66CBF81220F3}.Release|Any CPU.Build.0 = Release|Any CPU
		{5C345566-E5E8-4671-81F7-99CFD8A872C6}.Debug|Any CPU.ActiveCfg = Debug|Any CPU
		{5C345566-E5E8-4671-81F7-99CFD8A872C6}.Debug|Any CPU.Build.0 = Debug|Any CPU
		{5C345566-E5E8-4671-81F7-99CFD8A872C6}.Release|Any CPU.ActiveCfg = Release|Any CPU
		{5C345566-E5E8-4671-81F7-99CFD8A872C6}.Release|Any CPU.Build.0 = Release|Any CPU
		{F07EC211-D55E-44A3-A692-7A71224C08B4}.Debug|Any CPU.ActiveCfg = Debug|Any CPU
		{F07EC211-D55E-44A3-A692-7A71224C08B4}.Debug|Any CPU.Build.0 = Debug|Any CPU
		{F07EC211-D55E-44A3-A692-7A71224C08B4}.Release|Any CPU.ActiveCfg = Release|Any CPU
		{F07EC211-D55E-44A3-A692-7A71224C08B4}.Release|Any CPU.Build.0 = Release|Any CPU
		{38CEA97F-CE17-4342-BCA3-C44B092FF5C6}.Debug|Any CPU.ActiveCfg = Debug|Any CPU
		{38CEA97F-CE17-4342-BCA3-C44B092FF5C6}.Debug|Any CPU.Build.0 = Debug|Any CPU
		{38CEA97F-CE17-4342-BCA3-C44B092FF5C6}.Release|Any CPU.ActiveCfg = Release|Any CPU
		{38CEA97F-CE17-4342-BCA3-C44B092FF5C6}.Release|Any CPU.Build.0 = Release|Any CPU
		{CB2B4111-5563-4B60-AB70-C9CABD05E788}.Debug|Any CPU.ActiveCfg = Debug|Any CPU
		{CB2B4111-5563-4B60-AB70-C9CABD05E788}.Debug|Any CPU.Build.0 = Debug|Any CPU
		{CB2B4111-5563-4B60-AB70-C9CABD05E788}.Release|Any CPU.ActiveCfg = Release|Any CPU
		{CB2B4111-5563-4B60-AB70-C9CABD05E788}.Release|Any CPU.Build.0 = Release|Any CPU
		{051A8B90-55C5-45BC-B415-87C5DBA81094}.Debug|Any CPU.ActiveCfg = Debug|Any CPU
		{051A8B90-55C5-45BC-B415-87C5DBA81094}.Debug|Any CPU.Build.0 = Debug|Any CPU
		{051A8B90-55C5-45BC-B415-87C5DBA81094}.Release|Any CPU.ActiveCfg = Release|Any CPU
		{051A8B90-55C5-45BC-B415-87C5DBA81094}.Release|Any CPU.Build.0 = Release|Any CPU
		{5A3E9E5F-5CFE-4EDB-AAEA-62A83EA5EB1D}.Debug|Any CPU.ActiveCfg = Debug|Any CPU
		{5A3E9E5F-5CFE-4EDB-AAEA-62A83EA5EB1D}.Debug|Any CPU.Build.0 = Debug|Any CPU
		{5A3E9E5F-5CFE-4EDB-AAEA-62A83EA5EB1D}.Release|Any CPU.ActiveCfg = Release|Any CPU
		{5A3E9E5F-5CFE-4EDB-AAEA-62A83EA5EB1D}.Release|Any CPU.Build.0 = Release|Any CPU
		{5A21F005-21BE-44A8-B79C-E1AC7459354C}.Debug|Any CPU.ActiveCfg = Debug|Any CPU
		{5A21F005-21BE-44A8-B79C-E1AC7459354C}.Debug|Any CPU.Build.0 = Debug|Any CPU
		{5A21F005-21BE-44A8-B79C-E1AC7459354C}.Release|Any CPU.ActiveCfg = Release|Any CPU
		{5A21F005-21BE-44A8-B79C-E1AC7459354C}.Release|Any CPU.Build.0 = Release|Any CPU
		{A752F74B-9C60-4244-9A8E-1EB278828E8A}.Debug|Any CPU.ActiveCfg = Debug|Any CPU
		{A752F74B-9C60-4244-9A8E-1EB278828E8A}.Debug|Any CPU.Build.0 = Debug|Any CPU
		{A752F74B-9C60-4244-9A8E-1EB278828E8A}.Release|Any CPU.ActiveCfg = Release|Any CPU
		{A752F74B-9C60-4244-9A8E-1EB278828E8A}.Release|Any CPU.Build.0 = Release|Any CPU
		{6D47F927-5BFF-4157-B404-A02DA9C42E5E}.Debug|Any CPU.ActiveCfg = Debug|Any CPU
		{6D47F927-5BFF-4157-B404-A02DA9C42E5E}.Debug|Any CPU.Build.0 = Debug|Any CPU
		{6D47F927-5BFF-4157-B404-A02DA9C42E5E}.Release|Any CPU.ActiveCfg = Release|Any CPU
		{6D47F927-5BFF-4157-B404-A02DA9C42E5E}.Release|Any CPU.Build.0 = Release|Any CPU
		{4DF0DF94-8A96-4A98-9F24-A582A37E9941}.Debug|Any CPU.ActiveCfg = Debug|Any CPU
		{4DF0DF94-8A96-4A98-9F24-A582A37E9941}.Debug|Any CPU.Build.0 = Debug|Any CPU
		{4DF0DF94-8A96-4A98-9F24-A582A37E9941}.Release|Any CPU.ActiveCfg = Release|Any CPU
		{4DF0DF94-8A96-4A98-9F24-A582A37E9941}.Release|Any CPU.Build.0 = Release|Any CPU
		{D3AEF32A-DE30-4404-916D-5261549F88E0}.Debug|Any CPU.ActiveCfg = Debug|Any CPU
		{D3AEF32A-DE30-4404-916D-5261549F88E0}.Debug|Any CPU.Build.0 = Debug|Any CPU
		{D3AEF32A-DE30-4404-916D-5261549F88E0}.Release|Any CPU.ActiveCfg = Release|Any CPU
		{D3AEF32A-DE30-4404-916D-5261549F88E0}.Release|Any CPU.Build.0 = Release|Any CPU
		{9AFF03A7-460A-4D05-BEC2-AF7ED688A661}.Debug|Any CPU.ActiveCfg = Debug|Any CPU
		{9AFF03A7-460A-4D05-BEC2-AF7ED688A661}.Debug|Any CPU.Build.0 = Debug|Any CPU
		{9AFF03A7-460A-4D05-BEC2-AF7ED688A661}.Release|Any CPU.ActiveCfg = Release|Any CPU
		{9AFF03A7-460A-4D05-BEC2-AF7ED688A661}.Release|Any CPU.Build.0 = Release|Any CPU
		{5CC32212-2582-47C3-B917-8D6A8DC59F58}.Debug|Any CPU.ActiveCfg = Debug|Any CPU
		{5CC32212-2582-47C3-B917-8D6A8DC59F58}.Debug|Any CPU.Build.0 = Debug|Any CPU
		{5CC32212-2582-47C3-B917-8D6A8DC59F58}.Release|Any CPU.ActiveCfg = Release|Any CPU
		{5CC32212-2582-47C3-B917-8D6A8DC59F58}.Release|Any CPU.Build.0 = Release|Any CPU
		{89D09186-C507-4EB3-BA52-D1E561A8F739}.Debug|Any CPU.ActiveCfg = Debug|Any CPU
		{89D09186-C507-4EB3-BA52-D1E561A8F739}.Debug|Any CPU.Build.0 = Debug|Any CPU
		{89D09186-C507-4EB3-BA52-D1E561A8F739}.Release|Any CPU.ActiveCfg = Release|Any CPU
		{89D09186-C507-4EB3-BA52-D1E561A8F739}.Release|Any CPU.Build.0 = Release|Any CPU
		{C77A5381-059B-4B55-BB1F-00A005645205}.Debug|Any CPU.ActiveCfg = Debug|Any CPU
		{C77A5381-059B-4B55-BB1F-00A005645205}.Debug|Any CPU.Build.0 = Debug|Any CPU
		{C77A5381-059B-4B55-BB1F-00A005645205}.Release|Any CPU.ActiveCfg = Release|Any CPU
		{C77A5381-059B-4B55-BB1F-00A005645205}.Release|Any CPU.Build.0 = Release|Any CPU
		{94B58864-D18B-42CC-81D2-643260E26159}.Debug|Any CPU.ActiveCfg = Debug|Any CPU
		{94B58864-D18B-42CC-81D2-643260E26159}.Debug|Any CPU.Build.0 = Debug|Any CPU
		{94B58864-D18B-42CC-81D2-643260E26159}.Release|Any CPU.ActiveCfg = Release|Any CPU
		{94B58864-D18B-42CC-81D2-643260E26159}.Release|Any CPU.Build.0 = Release|Any CPU
		{573BCA40-B445-4A60-9283-377A7ACD52DB}.Debug|Any CPU.ActiveCfg = Debug|Any CPU
		{573BCA40-B445-4A60-9283-377A7ACD52DB}.Debug|Any CPU.Build.0 = Debug|Any CPU
		{573BCA40-B445-4A60-9283-377A7ACD52DB}.Release|Any CPU.ActiveCfg = Release|Any CPU
		{573BCA40-B445-4A60-9283-377A7ACD52DB}.Release|Any CPU.Build.0 = Release|Any CPU
		{110C56EB-9AA0-49CA-8992-D20BD1B6979E}.Debug|Any CPU.ActiveCfg = Debug|Any CPU
		{110C56EB-9AA0-49CA-8992-D20BD1B6979E}.Debug|Any CPU.Build.0 = Debug|Any CPU
		{110C56EB-9AA0-49CA-8992-D20BD1B6979E}.Release|Any CPU.ActiveCfg = Release|Any CPU
		{110C56EB-9AA0-49CA-8992-D20BD1B6979E}.Release|Any CPU.Build.0 = Release|Any CPU
		{406AFFBC-E532-4F29-99BC-86F1D609475A}.Debug|Any CPU.ActiveCfg = Debug|Any CPU
		{406AFFBC-E532-4F29-99BC-86F1D609475A}.Debug|Any CPU.Build.0 = Debug|Any CPU
		{406AFFBC-E532-4F29-99BC-86F1D609475A}.Release|Any CPU.ActiveCfg = Release|Any CPU
		{406AFFBC-E532-4F29-99BC-86F1D609475A}.Release|Any CPU.Build.0 = Release|Any CPU
		{E9F0F8E9-D39B-4D4A-9023-AE7D11C15A25}.Debug|Any CPU.ActiveCfg = Debug|Any CPU
		{E9F0F8E9-D39B-4D4A-9023-AE7D11C15A25}.Debug|Any CPU.Build.0 = Debug|Any CPU
		{E9F0F8E9-D39B-4D4A-9023-AE7D11C15A25}.Release|Any CPU.ActiveCfg = Release|Any CPU
		{E9F0F8E9-D39B-4D4A-9023-AE7D11C15A25}.Release|Any CPU.Build.0 = Release|Any CPU
		{94859F43-A0F5-4042-950C-E45307632B3E}.Debug|Any CPU.ActiveCfg = Debug|Any CPU
		{94859F43-A0F5-4042-950C-E45307632B3E}.Debug|Any CPU.Build.0 = Debug|Any CPU
		{94859F43-A0F5-4042-950C-E45307632B3E}.Release|Any CPU.ActiveCfg = Release|Any CPU
		{94859F43-A0F5-4042-950C-E45307632B3E}.Release|Any CPU.Build.0 = Release|Any CPU
		{0AFBF35D-42FF-410A-B246-6E0F4E248BED}.Debug|Any CPU.ActiveCfg = Debug|Any CPU
		{0AFBF35D-42FF-410A-B246-6E0F4E248BED}.Debug|Any CPU.Build.0 = Debug|Any CPU
		{0AFBF35D-42FF-410A-B246-6E0F4E248BED}.Release|Any CPU.ActiveCfg = Release|Any CPU
		{0AFBF35D-42FF-410A-B246-6E0F4E248BED}.Release|Any CPU.Build.0 = Release|Any CPU
		{40932BE5-1648-4DF8-8237-DBEECEE92950}.Debug|Any CPU.ActiveCfg = Debug|Any CPU
		{40932BE5-1648-4DF8-8237-DBEECEE92950}.Debug|Any CPU.Build.0 = Debug|Any CPU
		{40932BE5-1648-4DF8-8237-DBEECEE92950}.Release|Any CPU.ActiveCfg = Release|Any CPU
		{40932BE5-1648-4DF8-8237-DBEECEE92950}.Release|Any CPU.Build.0 = Release|Any CPU
		{BB53404C-6B1E-43C8-A538-A269B8E22B1D}.Debug|Any CPU.ActiveCfg = Debug|Any CPU
		{BB53404C-6B1E-43C8-A538-A269B8E22B1D}.Debug|Any CPU.Build.0 = Debug|Any CPU
		{BB53404C-6B1E-43C8-A538-A269B8E22B1D}.Release|Any CPU.ActiveCfg = Release|Any CPU
		{BB53404C-6B1E-43C8-A538-A269B8E22B1D}.Release|Any CPU.Build.0 = Release|Any CPU
		{16CADC45-5589-478B-882A-79A04D297BFE}.Debug|Any CPU.ActiveCfg = Debug|Any CPU
		{16CADC45-5589-478B-882A-79A04D297BFE}.Debug|Any CPU.Build.0 = Debug|Any CPU
		{16CADC45-5589-478B-882A-79A04D297BFE}.Release|Any CPU.ActiveCfg = Release|Any CPU
		{16CADC45-5589-478B-882A-79A04D297BFE}.Release|Any CPU.Build.0 = Release|Any CPU
		{EFE897ED-1F51-4289-A9A6-B610599227E5}.Debug|Any CPU.ActiveCfg = Debug|Any CPU
		{EFE897ED-1F51-4289-A9A6-B610599227E5}.Debug|Any CPU.Build.0 = Debug|Any CPU
		{EFE897ED-1F51-4289-A9A6-B610599227E5}.Release|Any CPU.ActiveCfg = Release|Any CPU
		{EFE897ED-1F51-4289-A9A6-B610599227E5}.Release|Any CPU.Build.0 = Release|Any CPU
		{055DA2B5-1FD3-47D7-9696-E483BD6B7D4A}.Debug|Any CPU.ActiveCfg = Debug|Any CPU
		{055DA2B5-1FD3-47D7-9696-E483BD6B7D4A}.Debug|Any CPU.Build.0 = Debug|Any CPU
		{055DA2B5-1FD3-47D7-9696-E483BD6B7D4A}.Release|Any CPU.ActiveCfg = Release|Any CPU
		{055DA2B5-1FD3-47D7-9696-E483BD6B7D4A}.Release|Any CPU.Build.0 = Release|Any CPU
		{9439F0B6-4C4A-4734-9B82-70851C1193AF}.Debug|Any CPU.ActiveCfg = Debug|Any CPU
		{9439F0B6-4C4A-4734-9B82-70851C1193AF}.Debug|Any CPU.Build.0 = Debug|Any CPU
		{9439F0B6-4C4A-4734-9B82-70851C1193AF}.Release|Any CPU.ActiveCfg = Release|Any CPU
		{9439F0B6-4C4A-4734-9B82-70851C1193AF}.Release|Any CPU.Build.0 = Release|Any CPU
		{FAA98614-DC12-407E-A542-BD7265F25EAD}.Debug|Any CPU.ActiveCfg = Debug|Any CPU
		{FAA98614-DC12-407E-A542-BD7265F25EAD}.Debug|Any CPU.Build.0 = Debug|Any CPU
		{FAA98614-DC12-407E-A542-BD7265F25EAD}.Release|Any CPU.ActiveCfg = Release|Any CPU
		{FAA98614-DC12-407E-A542-BD7265F25EAD}.Release|Any CPU.Build.0 = Release|Any CPU
		{A9BD2D81-5B43-4899-9F04-DF34065B4C72}.Debug|Any CPU.ActiveCfg = Debug|Any CPU
		{A9BD2D81-5B43-4899-9F04-DF34065B4C72}.Debug|Any CPU.Build.0 = Debug|Any CPU
		{A9BD2D81-5B43-4899-9F04-DF34065B4C72}.Release|Any CPU.ActiveCfg = Release|Any CPU
		{A9BD2D81-5B43-4899-9F04-DF34065B4C72}.Release|Any CPU.Build.0 = Release|Any CPU
		{3FEE654A-58B6-4F44-8891-69DC7E32E071}.Debug|Any CPU.ActiveCfg = Debug|Any CPU
		{3FEE654A-58B6-4F44-8891-69DC7E32E071}.Debug|Any CPU.Build.0 = Debug|Any CPU
		{3FEE654A-58B6-4F44-8891-69DC7E32E071}.Release|Any CPU.ActiveCfg = Release|Any CPU
		{3FEE654A-58B6-4F44-8891-69DC7E32E071}.Release|Any CPU.Build.0 = Release|Any CPU
		{5BDAB2B9-91F3-4B28-89E9-E33B09F982E7}.Debug|Any CPU.ActiveCfg = Debug|Any CPU
		{5BDAB2B9-91F3-4B28-89E9-E33B09F982E7}.Debug|Any CPU.Build.0 = Debug|Any CPU
		{5BDAB2B9-91F3-4B28-89E9-E33B09F982E7}.Release|Any CPU.ActiveCfg = Release|Any CPU
		{5BDAB2B9-91F3-4B28-89E9-E33B09F982E7}.Release|Any CPU.Build.0 = Release|Any CPU
		{3FC33AD0-4240-4B57-B831-B3EB30659CBA}.Debug|Any CPU.ActiveCfg = Debug|Any CPU
		{3FC33AD0-4240-4B57-B831-B3EB30659CBA}.Debug|Any CPU.Build.0 = Debug|Any CPU
		{3FC33AD0-4240-4B57-B831-B3EB30659CBA}.Release|Any CPU.ActiveCfg = Release|Any CPU
		{3FC33AD0-4240-4B57-B831-B3EB30659CBA}.Release|Any CPU.Build.0 = Release|Any CPU
		{95B9EA42-22B1-4EE7-9896-516ADD8E4DFE}.Debug|Any CPU.ActiveCfg = Debug|Any CPU
		{95B9EA42-22B1-4EE7-9896-516ADD8E4DFE}.Debug|Any CPU.Build.0 = Debug|Any CPU
		{95B9EA42-22B1-4EE7-9896-516ADD8E4DFE}.Release|Any CPU.ActiveCfg = Release|Any CPU
		{95B9EA42-22B1-4EE7-9896-516ADD8E4DFE}.Release|Any CPU.Build.0 = Release|Any CPU
		{D0CEA371-EE85-4CEC-BAD1-E7B824C31B29}.Debug|Any CPU.ActiveCfg = Debug|Any CPU
		{D0CEA371-EE85-4CEC-BAD1-E7B824C31B29}.Debug|Any CPU.Build.0 = Debug|Any CPU
		{D0CEA371-EE85-4CEC-BAD1-E7B824C31B29}.Release|Any CPU.ActiveCfg = Release|Any CPU
		{D0CEA371-EE85-4CEC-BAD1-E7B824C31B29}.Release|Any CPU.Build.0 = Release|Any CPU
	EndGlobalSection
	GlobalSection(SolutionProperties) = preSolution
		HideSolutionNode = FALSE
	EndGlobalSection
	GlobalSection(NestedProjects) = preSolution
		{28756B83-7617-4C56-BD7A-C41B8EE057EF} = {CBF1D2E0-322A-4C2F-9034-CF10DE3107F7}
		{5AAA1311-CB3D-4272-9CD4-B082235D6038} = {54587700-A60F-46E4-B91E-7B51BCE521A0}
		{D97BF203-2648-4520-BAD8-057CC61D4D22} = {6061C11F-27A0-4098-86BC-BC7A1B873B9D}
		{585C92D0-FED6-4639-B5EA-6C38023EEBF4} = {571089BD-F937-4493-8D06-0E20AC456BF3}
		{A6C69744-F2EE-40BE-B5B0-BE11D0A6E7B7} = {D5AFA8A8-D9C4-41C7-9DC2-6E9CFF09A0CD}
		{FE17304E-61FD-4437-8555-574E516C3991} = {0785E3E0-CA00-4F93-A1C7-0F9F96FFE0D6}
		{02CB17ED-B00E-48F0-95B9-6408BDF47857} = {A548ECB7-F6D4-4C34-BC13-F3883BEF2D52}
		{7817A1C9-A0C0-4266-B2D6-6501C062C01B} = {4C984349-F0EB-4196-AB5F-975F05FA60F4}
		{E7A7C906-4C76-476F-8012-9060053E5312} = {ADE22D3B-F707-41C3-8DE4-C9BA1A104098}
		{F5817507-4315-453A-87AE-778AF69EA72A} = {7D68EA3D-F44E-4F7F-813C-5F8CB5C02CF6}
		{88EB0FD0-0F6F-453F-912B-EC6AE2824035} = {4F92FBB9-EE71-40A0-A111-ECC22DCEF446}
		{71EBF675-3E6A-4674-9FF1-EC90B5D2BA2B} = {646B74F0-5C32-4099-B20D-66DD6E3E4DF1}
		{CA62647F-C9A5-4C5F-BDCC-217F4C13BB31} = {D7978ACE-36FF-4EC8-88C6-952D2345C05B}
		{0156035A-38E4-4193-BA78-522DA62AB40E} = {A2E0D9B4-48CD-4717-97B4-685E5E16878A}
		{EEDBC478-DC70-4141-9709-AA2BDE623695} = {C52A8398-B605-4EDD-8534-20537A367E08}
		{3AD5CE1E-9724-44EA-B656-D0CAFB134C1D} = {28429A1C-634D-44C4-80AC-66F57969D61B}
		{3300EFFF-48FF-4F7A-B678-F4F1D2E5DD44} = {4C31F931-662C-4291-98C6-F49AEDF41D88}
		{CE08B623-34C6-41EC-AC74-40E586DB2DAE} = {0EAAB0BD-8F0D-417B-99DE-130B9E99BE58}
		{604C62EC-EAA4-4899-A8C7-724F31C19548} = {439CDF79-E983-45CF-9F73-78BAA719C64C}
		{C97A3E95-E26D-48BC-BA20-1316FE59201F} = {AC5DA274-4C79-401F-9BB6-86FB8528E1B8}
		{9F628C37-EF49-4716-84A8-5751D41C0042} = {68036A0F-85FB-4DE9-94EB-06D8DDB96C11}
		{7DBCB8C4-837B-455D-A3CA-77D2B762422D} = {A54F21C0-DC7D-4F8B-897F-B86A4C367FDD}
		{D3E7B46F-E995-4BAE-BC82-4A844462A69E} = {74156000-6CF8-4658-8CC6-C5F20318D6B3}
		{868A2C9C-7903-40EA-86C1-15C88B87D573} = {1422B639-DA35-4203-AAB8-5CF4DBCE5DA7}
		{8260A0DE-F123-4604-9443-A21070DB0695} = {B8A38637-911C-4C2C-B885-24E2DFC9CB09}
		{CC0E5A8E-00BC-4D8F-8DCA-053468D4BF75} = {35E83D2B-6D50-43AB-94D8-1A9754551EE1}
		{CE628780-23FE-4DC7-BD28-6761193F18A8} = {E1281C44-B32E-4779-9F83-2E3514F06ABA}
		{4AD69330-0AF2-491B-BD04-01545C3D70D3} = {EFA0A463-B071-41FB-9EDF-E3D039FF21A4}
		{A9B7FB43-E881-4DCB-8AD3-33F2F4D75137} = {4141CB6B-76A8-48BC-AB54-90ED688D9676}
		{71C898AB-A57C-45F4-A072-AC499A546E43} = {3DB0E06E-F2F8-427D-AE16-9682987AF079}
		{50ECF50A-2976-45AA-BDEE-B5103EF7EF37} = {1ACF2A3D-5B6D-45F1-BDA6-39F015D159F3}
		{C17A076D-6F4C-44A7-9C77-F8C37C14BCB1} = {097B22BC-BA3D-4483-A974-89FB79E1B054}
		{B1E68EFC-AB83-45F9-84C6-4546770E5032} = {ED876B38-24DD-45CD-AF2F-A7A016448C65}
		{83147175-32F6-46A3-BF4A-820C6E248379} = {B5151C8C-3E9E-47E3-B89C-76BE861F1114}
		{45490C00-F6FF-4518-B93D-C4A5B6F9AD54} = {12FCCC29-5C58-4776-B028-15C8F4394396}
		{62BBEEBE-C28A-488A-A2E6-D882B5B73EB3} = {195BE0EA-4C20-4E3C-B759-D806190196DA}
		{01BDEE29-3291-4FE5-82B7-513EC7D7B866} = {570F3AA5-DAA6-4477-833D-7909E108D0BD}
		{D218E1A4-4FB8-4CAF-BB1A-C90E80A765EE} = {71EBCE4B-3EF8-4663-B349-9A732D779EDD}
		{394E6FA3-11CF-4D35-B0D9-553DDABDD735} = {19D25C82-6CB6-45AE-8964-48F8C4DDF30B}
		{2555C8A1-59C2-497F-944D-596FC5E0D5FF} = {CA06C91B-4468-4707-AED1-B980772BB944}
		{50C5640B-1796-4A1D-A601-74C11CECFF1E} = {7A858F7C-19E7-4EA9-B39D-426180DB3531}
		{82DFAC64-836D-4D1B-A544-D562B526A7C7} = {EB0E6CBA-17AD-44A0-9788-59AC54617C8D}
		{9FEF3ECF-4914-4744-AD15-CC3146344A63} = {C5EC80ED-AB45-4C08-8048-444881CA4EF3}
		{E29E33F3-B244-4702-A44F-9A05AB266BFF} = {D9F3FE2A-1A8C-445C-80ED-8C0931348963}
		{A5165B9E-6726-4D5A-A853-29A9EFD7726E} = {5924EB3C-F8F5-49C7-B59E-6BA43C496B38}
		{ECFC53B2-DA36-4B77-88C9-5F717D222AE6} = {F59DBCA6-FE34-408F-BB20-2A6085BA3987}
		{2BC43BDB-6CE9-4A26-9A79-E7BDD242164D} = {73C39D77-B104-459F-BEE0-97EC00E67134}
		{18D64455-E3D7-42B6-A771-8888E4938B0C} = {E5F8F2CA-E82F-4026-923F-1B1B0D11DAB9}
		{AB245A16-77DB-4B8E-A86C-49E7CBB6DEDE} = {33124086-F3C0-426C-854F-B7CCB2778C24}
		{21033C26-E99E-4327-90D5-4BCBE185F770} = {8381DB30-49A3-44F6-852D-E351C46D1599}
		{9A89FD0E-AE6E-4D00-8EEE-70F02EBF9445} = {3661C2C6-704A-4689-AAB2-C75F2D7C189E}
		{20CE5D63-3624-47A4-8860-5652DFE0D67B} = {822A9819-5A4C-4EDE-AAF3-6BB46E94F2D6}
		{C173A795-C3A7-46CF-A102-66CBF81220F3} = {268292D1-B50E-4A9B-B861-5D6BBEC65156}
		{5C345566-E5E8-4671-81F7-99CFD8A872C6} = {8C7D4698-5214-4575-A478-EF17B3A55696}
		{F07EC211-D55E-44A3-A692-7A71224C08B4} = {8DBBCC7A-A88C-403C-8558-BD7F67761B7E}
		{38CEA97F-CE17-4342-BCA3-C44B092FF5C6} = {E20F68B4-44C3-4DB2-B37C-8BB446EFAB5F}
		{CB2B4111-5563-4B60-AB70-C9CABD05E788} = {D15E71E9-AB47-4EDB-8B4B-1578626AD20D}
		{051A8B90-55C5-45BC-B415-87C5DBA81094} = {00942032-250E-4CB2-9490-441094587231}
		{5A3E9E5F-5CFE-4EDB-AAEA-62A83EA5EB1D} = {99278E30-3A45-4BE9-B928-51F00F60E88D}
		{5A21F005-21BE-44A8-B79C-E1AC7459354C} = {E60B9900-1961-4356-B08A-A6A8CDDEB24A}
		{A752F74B-9C60-4244-9A8E-1EB278828E8A} = {044299F5-34C3-48BD-ADC8-05FA73DD23B7}
		{6D47F927-5BFF-4157-B404-A02DA9C42E5E} = {7369B60F-29B0-4C89-9E32-D84AC202FDF6}
		{4DF0DF94-8A96-4A98-9F24-A582A37E9941} = {3D4CFFBF-4CD6-4AF9-AFD0-FD3B154F4930}
		{D3AEF32A-DE30-4404-916D-5261549F88E0} = {9999AC7D-64D0-4FF2-992B-327F62D08C7D}
		{9AFF03A7-460A-4D05-BEC2-AF7ED688A661} = {867E1F46-B91C-4592-993A-A2BCAFDAD6A7}
		{5CC32212-2582-47C3-B917-8D6A8DC59F58} = {A99BC408-B756-41EE-966A-663DED089460}
		{89D09186-C507-4EB3-BA52-D1E561A8F739} = {3D81553A-A0F1-40CA-9F9D-8E43A13B8237}
		{C77A5381-059B-4B55-BB1F-00A005645205} = {0DF69234-DA0A-4751-B9B1-ABCBEB538C9C}
		{94B58864-D18B-42CC-81D2-643260E26159} = {20289D75-272B-4D93-9F65-C62772747E9D}
		{573BCA40-B445-4A60-9283-377A7ACD52DB} = {C0338AEB-0022-4CB2-A531-4B151905FDFD}
		{110C56EB-9AA0-49CA-8992-D20BD1B6979E} = {BDE5064D-F201-41BD-88AA-7D119A234166}
		{406AFFBC-E532-4F29-99BC-86F1D609475A} = {6C8E13CD-ABEA-466E-8370-60BC18F7C043}
		{E9F0F8E9-D39B-4D4A-9023-AE7D11C15A25} = {D4CD44F3-1DF9-4780-BE9A-5D15BB31CAB4}
		{94859F43-A0F5-4042-950C-E45307632B3E} = {DC6E06D7-E5BF-44B2-B90D-A0DD8A9DB985}
		{0AFBF35D-42FF-410A-B246-6E0F4E248BED} = {9172CC3F-43CD-4C04-914B-1ABB22E5BD2D}
		{40932BE5-1648-4DF8-8237-DBEECEE92950} = {BE22F493-6BA6-49E1-B28E-C93E9D8E9B94}
		{BB53404C-6B1E-43C8-A538-A269B8E22B1D} = {1CE709CD-6F75-441E-A038-4221B3E83347}
		{16CADC45-5589-478B-882A-79A04D297BFE} = {89245D86-93C4-4617-A385-3DFF4653F049}
		{EFE897ED-1F51-4289-A9A6-B610599227E5} = {A7ABA37A-E20D-452E-B063-2353FADD513D}
		{055DA2B5-1FD3-47D7-9696-E483BD6B7D4A} = {C15A5202-5B5D-4D38-87FF-B9FDFF710A64}
		{9439F0B6-4C4A-4734-9B82-70851C1193AF} = {EA84EC15-5238-4972-8D91-7E07AE146BB7}
		{FAA98614-DC12-407E-A542-BD7265F25EAD} = {77632557-9910-4836-A476-39A20D9C1695}
		{A9BD2D81-5B43-4899-9F04-DF34065B4C72} = {1E7D7EC0-9BE7-491E-9A4E-DBEC289086FC}
		{3FEE654A-58B6-4F44-8891-69DC7E32E071} = {1B83CC7A-48A8-4BAD-883F-B5729342DA5B}
		{5BDAB2B9-91F3-4B28-89E9-E33B09F982E7} = {21E02857-BB1E-426E-A5AE-E31FD273152E}
		{3FC33AD0-4240-4B57-B831-B3EB30659CBA} = {60666360-81B8-4D10-9AB1-8797C84F4B14}
		{95B9EA42-22B1-4EE7-9896-516ADD8E4DFE} = {E4B09234-A8E6-4B59-814A-26104B43F78D}
		{D0CEA371-EE85-4CEC-BAD1-E7B824C31B29} = {3E16CF51-94A1-4D63-A1B7-029F95F6B58A}
	EndGlobalSection
	GlobalSection(ExtensibilityGlobals) = postSolution
		SolutionGuid = {02DF8555-76D1-43B9-892F-AA88486C5F0E}
	EndGlobalSection
EndGlobal
