
Microsoft Visual Studio Solution File, Format Version 12.00
# Visual Studio Version 17
VisualStudioVersion = 17.5.002.0
MinimumVisualStudioVersion = 10.0.40219.1
Project("{2150E333-8FDC-42A3-9474-1A3956D46DE8}") = "CalendarBase", "CalendarBase", "{D6207AE7-3403-42B4-B4BA-99D913F02CA7}"
EndProject
Project("{9A19103F-16F7-4668-BE54-9A1E7A4F7556}") = "CalendarBase", "CalendarBase\Files\CalendarBase.csproj", "{245DA70F-617B-4727-B42E-FD37072491CF}"
EndProject
Project("{2150E333-8FDC-42A3-9474-1A3956D46DE8}") = "CrtBaseConsts", "CrtBaseConsts", "{25924B84-1F04-4728-A7B7-4A000A80041E}"
EndProject
Project("{9A19103F-16F7-4668-BE54-9A1E7A4F7556}") = "CrtBaseConsts", "CrtBaseConsts\Files\CrtBaseConsts.csproj", "{491DBD6B-A991-4A89-9AF0-87F8E622070A}"
EndProject
Project("{2150E333-8FDC-42A3-9474-1A3956D46DE8}") = "CrtC360InUiV2", "CrtC360InUiV2", "{C1B8AE0E-C518-48F6-871B-6B66ABAE8152}"
EndProject
Project("{9A19103F-16F7-4668-BE54-9A1E7A4F7556}") = "CrtC360InUiV2", "CrtC360InUiV2\Files\CrtC360InUiV2.csproj", "{A7357107-CDA9-463C-BF9A-2A681996B28D}"
EndProject
Project("{2150E333-8FDC-42A3-9474-1A3956D46DE8}") = "CrtCalendar", "CrtCalendar", "{CF30D599-D3F0-4B74-948C-2B3DE6DD3928}"
EndProject
Project("{9A19103F-16F7-4668-BE54-9A1E7A4F7556}") = "CrtCalendar", "CrtCalendar\Files\CrtCalendar.csproj", "{F967BCBF-3DA6-414C-938C-03704A2A8EA4}"
EndProject
Project("{2150E333-8FDC-42A3-9474-1A3956D46DE8}") = "CrtCall", "CrtCall", "{F972D141-6F3E-4998-A73E-2529B360AF10}"
EndProject
Project("{9A19103F-16F7-4668-BE54-9A1E7A4F7556}") = "CrtCall", "CrtCall\Files\CrtCall.csproj", "{1176FD0A-5463-4C7F-B02E-187502F852AE}"
EndProject
Project("{2150E333-8FDC-42A3-9474-1A3956D46DE8}") = "CrtContactToLeadInC360", "CrtContactToLeadInC360", "{79E17AFE-B4A6-4FD5-96D3-0093A3A0C24D}"
EndProject
Project("{9A19103F-16F7-4668-BE54-9A1E7A4F7556}") = "CrtContactToLeadInC360", "CrtContactToLeadInC360\Files\CrtContactToLeadInC360.csproj", "{21ABF3FB-FEC4-4CD5-9FC0-8EA0A2B1AECD}"
EndProject
Project("{2150E333-8FDC-42A3-9474-1A3956D46DE8}") = "CrtContract", "CrtContract", "{FEFCC1FD-718C-4A8D-BF82-D62CD3E21B7F}"
EndProject
Project("{9A19103F-16F7-4668-BE54-9A1E7A4F7556}") = "CrtContract", "CrtContract\Files\CrtContract.csproj", "{0BD44B92-CE62-498D-9EF7-7FF5A1F9E49E}"
EndProject
Project("{2150E333-8FDC-42A3-9474-1A3956D46DE8}") = "CrtContractDocument", "CrtContractDocument", "{9DBE621B-68E5-4CAD-AA51-C62FF69E4149}"
EndProject
Project("{9A19103F-16F7-4668-BE54-9A1E7A4F7556}") = "CrtContractDocument", "CrtContractDocument\Files\CrtContractDocument.csproj", "{F8A80FB9-9F4A-4257-AA69-9F92D178FD1E}"
EndProject
Project("{2150E333-8FDC-42A3-9474-1A3956D46DE8}") = "CrtContractVisaProvider", "CrtContractVisaProvider", "{87F7A5AF-4CC8-427E-8950-070F4874DC33}"
EndProject
Project("{9A19103F-16F7-4668-BE54-9A1E7A4F7556}") = "CrtContractVisaProvider", "CrtContractVisaProvider\Files\CrtContractVisaProvider.csproj", "{B8616766-BC82-4EC2-857B-6744EC47AD53}"
EndProject
Project("{2150E333-8FDC-42A3-9474-1A3956D46DE8}") = "CrtCopilot", "CrtCopilot", "{2FFDCFB5-7C68-440E-8078-06D7F810D649}"
EndProject
Project("{9A19103F-16F7-4668-BE54-9A1E7A4F7556}") = "CrtCopilot", "CrtCopilot\Files\CrtCopilot.csproj", "{B962C494-6FB5-4C6A-AFE6-91E9CFE36B68}"
EndProject
Project("{2150E333-8FDC-42A3-9474-1A3956D46DE8}") = "CrtCore", "CrtCore", "{3CEB8BCE-A652-4273-91EB-BDE2676D648A}"
EndProject
Project("{9A19103F-16F7-4668-BE54-9A1E7A4F7556}") = "CrtCore", "CrtCore\Files\CrtCore.csproj", "{706C189B-04CB-4A46-96E9-CEE74E6DC103}"
EndProject
Project("{2150E333-8FDC-42A3-9474-1A3956D46DE8}") = "CrtCoreBase", "CrtCoreBase", "{56C5893B-39CD-417B-A119-9CEB93897A15}"
EndProject
Project("{9A19103F-16F7-4668-BE54-9A1E7A4F7556}") = "CrtCoreBase", "CrtCoreBase\Files\CrtCoreBase.csproj", "{47DBCD18-9E8A-4D87-9E3C-D61C04F126E8}"
EndProject
Project("{2150E333-8FDC-42A3-9474-1A3956D46DE8}") = "CrtCustomer360App", "CrtCustomer360App", "{23491629-D47E-4E60-A9BA-EB359A7902E1}"
EndProject
Project("{9A19103F-16F7-4668-BE54-9A1E7A4F7556}") = "CrtCustomer360App", "CrtCustomer360App\Files\CrtCustomer360App.csproj", "{CB5F30B8-8584-45B5-B07F-B5EF161CA2E8}"
EndProject
Project("{2150E333-8FDC-42A3-9474-1A3956D46DE8}") = "CrtCustomer360Mobile", "CrtCustomer360Mobile", "{42664A66-F4B8-4624-9BA6-5A9FB94F44F0}"
EndProject
Project("{9A19103F-16F7-4668-BE54-9A1E7A4F7556}") = "CrtCustomer360Mobile", "CrtCustomer360Mobile\Files\CrtCustomer360Mobile.csproj", "{F6D200A5-71E8-4C3C-A063-BE32E823784E}"
EndProject
Project("{2150E333-8FDC-42A3-9474-1A3956D46DE8}") = "CrtDocument", "CrtDocument", "{7A803E99-705E-4577-8464-6BDF4B916417}"
EndProject
Project("{9A19103F-16F7-4668-BE54-9A1E7A4F7556}") = "CrtDocument", "CrtDocument\Files\CrtDocument.csproj", "{3CCEB266-DC52-4174-9CA8-B274E8659D57}"
EndProject
Project("{2150E333-8FDC-42A3-9474-1A3956D46DE8}") = "CrtDocumentInOpportunity", "CrtDocumentInOpportunity", "{D9473855-7FBC-4A8A-8927-E741CA5A5698}"
EndProject
Project("{9A19103F-16F7-4668-BE54-9A1E7A4F7556}") = "CrtDocumentInOpportunity", "CrtDocumentInOpportunity\Files\CrtDocumentInOpportunity.csproj", "{E4F347D0-3F0C-4E1E-8A7C-98DF85D1D643}"
EndProject
Project("{2150E333-8FDC-42A3-9474-1A3956D46DE8}") = "CrtEmailSender", "CrtEmailSender", "{5E91D7D6-BBDB-445D-A918-1A66F66C29CF}"
EndProject
Project("{9A19103F-16F7-4668-BE54-9A1E7A4F7556}") = "CrtEmailSender", "CrtEmailSender\Files\CrtEmailSender.csproj", "{0357450F-A80B-4112-A5D3-5F97F8F0A811}"
EndProject
Project("{2150E333-8FDC-42A3-9474-1A3956D46DE8}") = "CrtEmailTemplate", "CrtEmailTemplate", "{56824932-305A-4650-BD97-655E99B12D57}"
EndProject
Project("{9A19103F-16F7-4668-BE54-9A1E7A4F7556}") = "CrtEmailTemplate", "CrtEmailTemplate\Files\CrtEmailTemplate.csproj", "{5B33A9FF-9630-4706-A161-848A72F0024D}"
EndProject
Project("{2150E333-8FDC-42A3-9474-1A3956D46DE8}") = "CrtFeatureToggling", "CrtFeatureToggling", "{E9B708F4-232C-4913-9D6D-E6EE48C3062D}"
EndProject
Project("{9A19103F-16F7-4668-BE54-9A1E7A4F7556}") = "CrtFeatureToggling", "CrtFeatureToggling\Files\CrtFeatureToggling.csproj", "{6A5E2F78-A660-4307-BD17-081E19D54D91}"
EndProject
Project("{2150E333-8FDC-42A3-9474-1A3956D46DE8}") = "CrtInvoice", "CrtInvoice", "{7F0EA322-C450-42EB-AC3C-709D484B1571}"
EndProject
Project("{9A19103F-16F7-4668-BE54-9A1E7A4F7556}") = "CrtInvoice", "CrtInvoice\Files\CrtInvoice.csproj", "{5417827A-C003-4328-AEC4-035A759165CB}"
EndProject
Project("{2150E333-8FDC-42A3-9474-1A3956D46DE8}") = "CrtInvoiceContract", "CrtInvoiceContract", "{8E99663C-138A-4DEB-B9BC-F2E20B477CBE}"
EndProject
Project("{9A19103F-16F7-4668-BE54-9A1E7A4F7556}") = "CrtInvoiceContract", "CrtInvoiceContract\Files\CrtInvoiceContract.csproj", "{420F527A-5A08-4E39-A64A-0A993F9D2D54}"
EndProject
Project("{2150E333-8FDC-42A3-9474-1A3956D46DE8}") = "CrtInvoiceInC360", "CrtInvoiceInC360", "{43FF01AC-AC1C-4535-8067-066206F9DA25}"
EndProject
Project("{9A19103F-16F7-4668-BE54-9A1E7A4F7556}") = "CrtInvoiceInC360", "CrtInvoiceInC360\Files\CrtInvoiceInC360.csproj", "{77060C3D-A272-469B-8003-91C3D540E8DD}"
EndProject
Project("{2150E333-8FDC-42A3-9474-1A3956D46DE8}") = "CrtInvoiceOrder", "CrtInvoiceOrder", "{0D6FB9E0-DA67-41FB-9130-C243EEAF24F9}"
EndProject
Project("{9A19103F-16F7-4668-BE54-9A1E7A4F7556}") = "CrtInvoiceOrder", "CrtInvoiceOrder\Files\CrtInvoiceOrder.csproj", "{89472607-62B1-4DDA-8E22-3597FC2941CA}"
EndProject
Project("{2150E333-8FDC-42A3-9474-1A3956D46DE8}") = "CrtInvoiceVisaProvider", "CrtInvoiceVisaProvider", "{099579F1-4AF1-4409-A5AB-DF8BA0F04A5D}"
EndProject
Project("{9A19103F-16F7-4668-BE54-9A1E7A4F7556}") = "CrtInvoiceVisaProvider", "CrtInvoiceVisaProvider\Files\CrtInvoiceVisaProvider.csproj", "{C9D0256D-F137-4554-8BE1-69A7A72BB6BA}"
EndProject
Project("{2150E333-8FDC-42A3-9474-1A3956D46DE8}") = "CrtKnowledgeManagementApp", "CrtKnowledgeManagementApp", "{88B22397-F099-40AE-AD8E-CDE876B645A2}"
EndProject
Project("{9A19103F-16F7-4668-BE54-9A1E7A4F7556}") = "CrtKnowledgeManagementApp", "CrtKnowledgeManagementApp\Files\CrtKnowledgeManagementApp.csproj", "{2957161B-6BCC-420D-A840-853E4DD34765}"
EndProject
Project("{2150E333-8FDC-42A3-9474-1A3956D46DE8}") = "CrtKnowledgeManagementInCaseManagement", "CrtKnowledgeManagementInCaseManagement", "{D24A576A-F4BF-49F4-8CBD-90C2E37CFB67}"
EndProject
Project("{9A19103F-16F7-4668-BE54-9A1E7A4F7556}") = "CrtKnowledgeManagementInCaseManagement", "CrtKnowledgeManagementInCaseManagement\Files\CrtKnowledgeManagementInCaseManagement.csproj", "{D424886A-4CF2-4B2E-8A41-9499334EE94E}"
EndProject
Project("{2150E333-8FDC-42A3-9474-1A3956D46DE8}") = "CrtKnowledgeManagementObject", "CrtKnowledgeManagementObject", "{2E58112D-D850-45D2-8BDB-B29E268CE6C4}"
EndProject
Project("{9A19103F-16F7-4668-BE54-9A1E7A4F7556}") = "CrtKnowledgeManagementObject", "CrtKnowledgeManagementObject\Files\CrtKnowledgeManagementObject.csproj", "{0CFF92B1-A1FD-46BF-B90F-9779FC94781A}"
EndProject
Project("{2150E333-8FDC-42A3-9474-1A3956D46DE8}") = "CrtLead", "CrtLead", "{AAE9F4F3-6543-47CE-A362-5E4A5B08AC5B}"
EndProject
Project("{9A19103F-16F7-4668-BE54-9A1E7A4F7556}") = "CrtLead", "CrtLead\Files\CrtLead.csproj", "{6CAB04DA-3AF6-4D8B-9BEE-1D311AFEAB6B}"
EndProject
Project("{2150E333-8FDC-42A3-9474-1A3956D46DE8}") = "CrtLeadOppMgmtApp", "CrtLeadOppMgmtApp", "{4FD5A740-B137-482E-ACFE-A97CE00A8292}"
EndProject
Project("{9A19103F-16F7-4668-BE54-9A1E7A4F7556}") = "CrtLeadOppMgmtApp", "CrtLeadOppMgmtApp\Files\CrtLeadOppMgmtApp.csproj", "{55471697-E83F-4716-A218-8CC083062223}"
EndProject
Project("{2150E333-8FDC-42A3-9474-1A3956D46DE8}") = "CrtLeadOppMgmtInC360", "CrtLeadOppMgmtInC360", "{BF9EC92E-5C1C-43DD-A6BB-7E72D35050E2}"
EndProject
Project("{9A19103F-16F7-4668-BE54-9A1E7A4F7556}") = "CrtLeadOppMgmtInC360", "CrtLeadOppMgmtInC360\Files\CrtLeadOppMgmtInC360.csproj", "{7D135620-1E5A-4203-8535-60929C64EE7B}"
EndProject
Project("{2150E333-8FDC-42A3-9474-1A3956D46DE8}") = "CrtMacrosBase", "CrtMacrosBase", "{27B502AF-33AF-476F-A9CC-CA0DD37B11C8}"
EndProject
Project("{9A19103F-16F7-4668-BE54-9A1E7A4F7556}") = "CrtMacrosBase", "CrtMacrosBase\Files\CrtMacrosBase.csproj", "{C72141D1-2559-475B-8140-C47F06179898}"
EndProject
Project("{2150E333-8FDC-42A3-9474-1A3956D46DE8}") = "CrtMarketingInC360", "CrtMarketingInC360", "{6A18D118-FAAD-4645-89E8-FF1099C34311}"
EndProject
Project("{9A19103F-16F7-4668-BE54-9A1E7A4F7556}") = "CrtMarketingInC360", "CrtMarketingInC360\Files\CrtMarketingInC360.csproj", "{3164D4DD-5F9A-45C3-9D61-10205A84CEB9}"
EndProject
Project("{2150E333-8FDC-42A3-9474-1A3956D46DE8}") = "CrtMessage", "CrtMessage", "{459E8B39-5700-46AE-A806-016CDAB3D3FA}"
EndProject
Project("{9A19103F-16F7-4668-BE54-9A1E7A4F7556}") = "CrtMessage", "CrtMessage\Files\CrtMessage.csproj", "{3E14ED99-E5A6-4DDD-8C99-C42D77D098C2}"
EndProject
Project("{2150E333-8FDC-42A3-9474-1A3956D46DE8}") = "CrtML", "CrtML", "{4FBF8C99-DD9C-4941-AEB0-B954A84A9AE8}"
EndProject
Project("{9A19103F-16F7-4668-BE54-9A1E7A4F7556}") = "CrtML", "CrtML\Files\CrtML.csproj", "{C71E8D74-8B64-4C8B-9DE3-8FB95C9A70CB}"
EndProject
Project("{2150E333-8FDC-42A3-9474-1A3956D46DE8}") = "CrtMLangContent", "CrtMLangContent", "{E05ED52C-1E26-4BE4-A468-635ED159EE5A}"
EndProject
Project("{9A19103F-16F7-4668-BE54-9A1E7A4F7556}") = "CrtMLangContent", "CrtMLangContent\Files\CrtMLangContent.csproj", "{6542AF11-293D-41B4-BD77-B42985F1D71F}"
EndProject
Project("{2150E333-8FDC-42A3-9474-1A3956D46DE8}") = "CrtMLLeadConversion", "CrtMLLeadConversion", "{746F7D28-D9B8-4CB1-BEA0-51F6F3DD5C19}"
EndProject
Project("{9A19103F-16F7-4668-BE54-9A1E7A4F7556}") = "CrtMLLeadConversion", "CrtMLLeadConversion\Files\CrtMLLeadConversion.csproj", "{D6824C0A-A6B1-48AC-95AD-69530724A5DF}"
EndProject
Project("{2150E333-8FDC-42A3-9474-1A3956D46DE8}") = "CrtMLLeadScoring", "CrtMLLeadScoring", "{5AE0526B-4C61-4FE7-8B05-9B084FA557AE}"
EndProject
Project("{9A19103F-16F7-4668-BE54-9A1E7A4F7556}") = "CrtMLLeadScoring", "CrtMLLeadScoring\Files\CrtMLLeadScoring.csproj", "{B0D0FEC0-F8A4-46AB-9BAF-9919F308E148}"
EndProject
Project("{2150E333-8FDC-42A3-9474-1A3956D46DE8}") = "CrtMLOpportunityScoring", "CrtMLOpportunityScoring", "{466DBA02-3BFB-4976-A76F-F41CAACCE7CD}"
EndProject
Project("{9A19103F-16F7-4668-BE54-9A1E7A4F7556}") = "CrtMLOpportunityScoring", "CrtMLOpportunityScoring\Files\CrtMLOpportunityScoring.csproj", "{29A217F8-7FE7-4827-AF78-33A6879A64F1}"
EndProject
Project("{2150E333-8FDC-42A3-9474-1A3956D46DE8}") = "CrtNextStep", "CrtNextStep", "{FC42CF5B-C864-4EBA-AC86-F37B1A637934}"
EndProject
Project("{9A19103F-16F7-4668-BE54-9A1E7A4F7556}") = "CrtNextStep", "CrtNextStep\Files\CrtNextStep.csproj", "{94809C9C-DADC-469D-BC4B-53AEFEE4D3A8}"
EndProject
Project("{2150E333-8FDC-42A3-9474-1A3956D46DE8}") = "CrtOCMInLeadOppMgmt", "CrtOCMInLeadOppMgmt", "{03512380-1051-4706-A8BF-4044D0EA3D4E}"
EndProject
Project("{9A19103F-16F7-4668-BE54-9A1E7A4F7556}") = "CrtOCMInLeadOppMgmt", "CrtOCMInLeadOppMgmt\Files\CrtOCMInLeadOppMgmt.csproj", "{9A9EE072-5014-4CE8-9FEB-EE124909F85E}"
EndProject
Project("{2150E333-8FDC-42A3-9474-1A3956D46DE8}") = "CrtOmnichannelApp", "CrtOmnichannelApp", "{516ADB05-D2E3-497E-A5F2-244E35F48AE2}"
EndProject
Project("{9A19103F-16F7-4668-BE54-9A1E7A4F7556}") = "CrtOmnichannelApp", "CrtOmnichannelApp\Files\CrtOmnichannelApp.csproj", "{ACB06787-748D-4E58-9A61-480472754808}"
EndProject
Project("{2150E333-8FDC-42A3-9474-1A3956D46DE8}") = "CrtOpportunity", "CrtOpportunity", "{119F9C3B-0E9C-4C8F-8158-192FC074F34C}"
EndProject
Project("{9A19103F-16F7-4668-BE54-9A1E7A4F7556}") = "CrtOpportunity", "CrtOpportunity\Files\CrtOpportunity.csproj", "{DE21EE54-C660-4410-8A8C-975E6085C184}"
EndProject
Project("{2150E333-8FDC-42A3-9474-1A3956D46DE8}") = "CrtOpportunityInC360", "CrtOpportunityInC360", "{54411678-B014-4C60-869B-1E636E392477}"
EndProject
Project("{9A19103F-16F7-4668-BE54-9A1E7A4F7556}") = "CrtOpportunityInC360", "CrtOpportunityInC360\Files\CrtOpportunityInC360.csproj", "{44368D3B-7AF3-4BDE-B544-FADF89AAC805}"
EndProject
Project("{2150E333-8FDC-42A3-9474-1A3956D46DE8}") = "CrtOpportunityInvoice", "CrtOpportunityInvoice", "{96B38B4A-DE21-4B6C-ADD8-BC2F23A9EA01}"
EndProject
Project("{9A19103F-16F7-4668-BE54-9A1E7A4F7556}") = "CrtOpportunityInvoice", "CrtOpportunityInvoice\Files\CrtOpportunityInvoice.csproj", "{5D715191-1BC0-4344-B318-527BE366AAB3}"
EndProject
Project("{2150E333-8FDC-42A3-9474-1A3956D46DE8}") = "CrtOpportunityManagement", "CrtOpportunityManagement", "{3570D14D-F166-42BE-82EB-B4B913AB91E9}"
EndProject
Project("{9A19103F-16F7-4668-BE54-9A1E7A4F7556}") = "CrtOpportunityManagement", "CrtOpportunityManagement\Files\CrtOpportunityManagement.csproj", "{8E79B4F4-8201-4583-91D1-91C642DB76D9}"
EndProject
Project("{2150E333-8FDC-42A3-9474-1A3956D46DE8}") = "CrtOrder", "CrtOrder", "{42041608-CBC6-4188-8E9B-1AB9D4DBDA28}"
EndProject
Project("{9A19103F-16F7-4668-BE54-9A1E7A4F7556}") = "CrtOrder", "CrtOrder\Files\CrtOrder.csproj", "{28B04AF3-B239-41CF-B3BB-EBB445AEA2E5}"
EndProject
Project("{2150E333-8FDC-42A3-9474-1A3956D46DE8}") = "CrtOrderContract", "CrtOrderContract", "{7613A0FB-C087-4BE3-82E4-9B12ECEC1BD0}"
EndProject
Project("{9A19103F-16F7-4668-BE54-9A1E7A4F7556}") = "CrtOrderContract", "CrtOrderContract\Files\CrtOrderContract.csproj", "{7431A29A-304C-4FC8-B627-0ED876B35389}"
EndProject
Project("{2150E333-8FDC-42A3-9474-1A3956D46DE8}") = "CrtOrderContractInC360", "CrtOrderContractInC360", "{64AD8885-0DA8-481D-BF1E-9FF6BCA9C715}"
EndProject
Project("{9A19103F-16F7-4668-BE54-9A1E7A4F7556}") = "CrtOrderContractInC360", "CrtOrderContractInC360\Files\CrtOrderContractInC360.csproj", "{056FCB68-083B-4723-8DF4-73D865752E25}"
EndProject
Project("{2150E333-8FDC-42A3-9474-1A3956D46DE8}") = "CrtOrderContractMgmtApp", "CrtOrderContractMgmtApp", "{4D80DB63-1F61-40A4-821B-555F1E93531C}"
EndProject
Project("{9A19103F-16F7-4668-BE54-9A1E7A4F7556}") = "CrtOrderContractMgmtApp", "CrtOrderContractMgmtApp\Files\CrtOrderContractMgmtApp.csproj", "{2EA49866-BCCF-4119-A253-C64BFC77F36C}"
EndProject
Project("{2150E333-8FDC-42A3-9474-1A3956D46DE8}") = "CrtOrderDocument", "CrtOrderDocument", "{6F19325B-8014-40A7-83F1-A443B6CAAED9}"
EndProject
Project("{9A19103F-16F7-4668-BE54-9A1E7A4F7556}") = "CrtOrderDocument", "CrtOrderDocument\Files\CrtOrderDocument.csproj", "{AF9AC6AE-CDA6-40AD-878A-2A2B8D8C29DE}"
EndProject
Project("{2150E333-8FDC-42A3-9474-1A3956D46DE8}") = "CrtOrderLead", "CrtOrderLead", "{EB722B86-AFEB-4A92-979D-8F841A53FE3B}"
EndProject
Project("{9A19103F-16F7-4668-BE54-9A1E7A4F7556}") = "CrtOrderLead", "CrtOrderLead\Files\CrtOrderLead.csproj", "{E26476AC-9D6F-428A-9D33-2CB89DF9AAF2}"
EndProject
Project("{2150E333-8FDC-42A3-9474-1A3956D46DE8}") = "CrtOrderVisaProvider", "CrtOrderVisaProvider", "{75DCAFCF-1144-4D93-BD31-78DC036A5D54}"
EndProject
Project("{9A19103F-16F7-4668-BE54-9A1E7A4F7556}") = "CrtOrderVisaProvider", "CrtOrderVisaProvider\Files\CrtOrderVisaProvider.csproj", "{01F259BA-55D1-46F9-B8B3-6C8B2BEC125A}"
EndProject
Project("{2150E333-8FDC-42A3-9474-1A3956D46DE8}") = "CrtPlaybook", "CrtPlaybook", "{7501C887-48D3-413E-97C4-E00F7C8E039B}"
EndProject
Project("{9A19103F-16F7-4668-BE54-9A1E7A4F7556}") = "CrtPlaybook", "CrtPlaybook\Files\CrtPlaybook.csproj", "{47D91195-E049-4D19-8FA2-8D1E96F17217}"
EndProject
Project("{2150E333-8FDC-42A3-9474-1A3956D46DE8}") = "CrtProductBase", "CrtProductBase", "{AAEAA903-084E-4B1D-9FCB-BB500C99995F}"
EndProject
Project("{9A19103F-16F7-4668-BE54-9A1E7A4F7556}") = "CrtProductBase", "CrtProductBase\Files\CrtProductBase.csproj", "{0C303F9E-23EE-476C-95A4-A32F9ECEC95E}"
EndProject
Project("{2150E333-8FDC-42A3-9474-1A3956D46DE8}") = "CrtProductCatalogue", "CrtProductCatalogue", "{800ACD36-3623-4CAD-8F75-CAAB97993673}"
EndProject
Project("{9A19103F-16F7-4668-BE54-9A1E7A4F7556}") = "CrtProductCatalogue", "CrtProductCatalogue\Files\CrtProductCatalogue.csproj", "{64CBE11D-26C5-4A24-B930-BA563EF490F4}"
EndProject
Project("{2150E333-8FDC-42A3-9474-1A3956D46DE8}") = "CrtProductCatalogueInInvoice", "CrtProductCatalogueInInvoice", "{2A91ECEF-50EC-4FC9-B706-6711B938493F}"
EndProject
Project("{9A19103F-16F7-4668-BE54-9A1E7A4F7556}") = "CrtProductCatalogueInInvoice", "CrtProductCatalogueInInvoice\Files\CrtProductCatalogueInInvoice.csproj", "{AF088040-A3AA-4A91-B05A-1FB4E9718888}"
EndProject
Project("{2150E333-8FDC-42A3-9474-1A3956D46DE8}") = "CrtProductCatalogueInOrder", "CrtProductCatalogueInOrder", "{EF89A51D-3007-45DD-8607-09E42D9FDCD5}"
EndProject
Project("{9A19103F-16F7-4668-BE54-9A1E7A4F7556}") = "CrtProductCatalogueInOrder", "CrtProductCatalogueInOrder\Files\CrtProductCatalogueInOrder.csproj", "{2021CBB2-A3BE-40E6-BE1F-C6A8E95C098A}"
EndProject
Project("{2150E333-8FDC-42A3-9474-1A3956D46DE8}") = "CrtProductivityApp", "CrtProductivityApp", "{BFC31A83-8C08-435C-B60A-1359B8380977}"
EndProject
Project("{9A19103F-16F7-4668-BE54-9A1E7A4F7556}") = "CrtProductivityApp", "CrtProductivityApp\Files\CrtProductivityApp.csproj", "{E3ECE454-D8CF-41DE-AB59-5A68F6406048}"
EndProject
Project("{2150E333-8FDC-42A3-9474-1A3956D46DE8}") = "CrtProductivityMobile", "CrtProductivityMobile", "{A3C9A174-441D-4682-AE47-12A3EEA2372C}"
EndProject
Project("{9A19103F-16F7-4668-BE54-9A1E7A4F7556}") = "CrtProductivityMobile", "CrtProductivityMobile\Files\CrtProductivityMobile.csproj", "{79827AC7-5562-4047-8EAF-28AB3CE7825C}"
EndProject
Project("{2150E333-8FDC-42A3-9474-1A3956D46DE8}") = "CrtProductSpecification", "CrtProductSpecification", "{E0E7B988-E82F-47D8-9B12-B0FC14DAE976}"
EndProject
Project("{9A19103F-16F7-4668-BE54-9A1E7A4F7556}") = "CrtProductSpecification", "CrtProductSpecification\Files\CrtProductSpecification.csproj", "{A0F0EE6F-2624-4DF0-B4ED-DA5A707F4174}"
EndProject
Project("{2150E333-8FDC-42A3-9474-1A3956D46DE8}") = "CrtRecommendedProduct", "CrtRecommendedProduct", "{1769D24C-1C15-41E0-AC61-6135CE03CDB4}"
EndProject
Project("{9A19103F-16F7-4668-BE54-9A1E7A4F7556}") = "CrtRecommendedProduct", "CrtRecommendedProduct\Files\CrtRecommendedProduct.csproj", "{C5701746-2CBA-4415-9B5D-8D36129EFAC7}"
EndProject
Project("{2150E333-8FDC-42A3-9474-1A3956D46DE8}") = "CrtSalesContracts", "CrtSalesContracts", "{0D078CB5-01B1-4BB0-9F18-804F3E500985}"
EndProject
Project("{9A19103F-16F7-4668-BE54-9A1E7A4F7556}") = "CrtSalesContracts", "CrtSalesContracts\Files\CrtSalesContracts.csproj", "{9FEC2FE9-7D17-4C67-8204-E41AEB947377}"
EndProject
Project("{2150E333-8FDC-42A3-9474-1A3956D46DE8}") = "CrtSalesInC360", "CrtSalesInC360", "{5FEC0114-8583-4558-8E39-07CBC80F89A0}"
EndProject
Project("{9A19103F-16F7-4668-BE54-9A1E7A4F7556}") = "CrtSalesInC360", "CrtSalesInC360\Files\CrtSalesInC360.csproj", "{817B1148-8FBA-4DAD-9E06-E708A2DCF56E}"
EndProject
Project("{2150E333-8FDC-42A3-9474-1A3956D46DE8}") = "CrtSecurity", "CrtSecurity", "{77D5C0C4-ADF4-494B-9000-5EB60C97FF88}"
EndProject
Project("{9A19103F-16F7-4668-BE54-9A1E7A4F7556}") = "CrtSecurity", "CrtSecurity\Files\CrtSecurity.csproj", "{D1C4D81B-E3F7-43CB-81D2-1C9E9E1D823C}"
EndProject
Project("{2150E333-8FDC-42A3-9474-1A3956D46DE8}") = "CrtSecurity7x", "CrtSecurity7x", "{6926BA29-DE77-4878-B766-63E4CBBCFA04}"
EndProject
Project("{9A19103F-16F7-4668-BE54-9A1E7A4F7556}") = "CrtSecurity7x", "CrtSecurity7x\Files\CrtSecurity7x.csproj", "{8C68726E-E08D-42F6-B6FA-703FB0E107BB}"
EndProject
Project("{2150E333-8FDC-42A3-9474-1A3956D46DE8}") = "CrtSimilarLead", "CrtSimilarLead", "{E9553702-A371-41FF-860C-D94C70BECF8B}"
EndProject
Project("{9A19103F-16F7-4668-BE54-9A1E7A4F7556}") = "CrtSimilarLead", "CrtSimilarLead\Files\CrtSimilarLead.csproj", "{12CDB7FF-F875-4C53-B28C-BE6AF37AED59}"
EndProject
Project("{2150E333-8FDC-42A3-9474-1A3956D46DE8}") = "CrtSmsIntegration", "CrtSmsIntegration", "{CF61A364-652B-4006-84E8-286C883BFCB0}"
EndProject
Project("{9A19103F-16F7-4668-BE54-9A1E7A4F7556}") = "CrtSmsIntegration", "CrtSmsIntegration\Files\CrtSmsIntegration.csproj", "{1F6CD2F8-E15D-4D7C-AD8B-8EF805726EBD}"
EndProject
Project("{2150E333-8FDC-42A3-9474-1A3956D46DE8}") = "CrtSpecification", "CrtSpecification", "{8CC2A960-535F-416C-800C-DF598A4A3650}"
EndProject
Project("{9A19103F-16F7-4668-BE54-9A1E7A4F7556}") = "CrtSpecification", "CrtSpecification\Files\CrtSpecification.csproj", "{B8841B37-CC8A-4DBC-899C-031EBA0E0EC7}"
EndProject
Project("{2150E333-8FDC-42A3-9474-1A3956D46DE8}") = "CrtSupplyPayment", "CrtSupplyPayment", "{F1EE971C-D2CA-4B11-B432-2E1D59DFC59C}"
EndProject
Project("{9A19103F-16F7-4668-BE54-9A1E7A4F7556}") = "CrtSupplyPayment", "CrtSupplyPayment\Files\CrtSupplyPayment.csproj", "{BBE8760A-5E6C-4F69-B305-15FCC662204A}"
EndProject
Project("{2150E333-8FDC-42A3-9474-1A3956D46DE8}") = "CrtTouchPoint", "CrtTouchPoint", "{7EE5815D-8656-4C00-B633-E64AD5198C79}"
EndProject
Project("{9A19103F-16F7-4668-BE54-9A1E7A4F7556}") = "CrtTouchPoint", "CrtTouchPoint\Files\CrtTouchPoint.csproj", "{B4A85A34-9C9B-4EF0-873F-67447FCAA017}"
EndProject
Project("{2150E333-8FDC-42A3-9474-1A3956D46DE8}") = "CrtTouchPointBase", "CrtTouchPointBase", "{B77B8821-CB78-433C-9641-38529D3C4CB7}"
EndProject
Project("{9A19103F-16F7-4668-BE54-9A1E7A4F7556}") = "CrtTouchPointBase", "CrtTouchPointBase\Files\CrtTouchPointBase.csproj", "{F6E99041-C18D-4F03-9876-0EA039C0A7EE}"
EndProject
Project("{2150E333-8FDC-42A3-9474-1A3956D46DE8}") = "CrtTouchPointInC360", "CrtTouchPointInC360", "{A3144068-1118-49DA-9ECB-A3AB79DFD0D8}"
EndProject
Project("{9A19103F-16F7-4668-BE54-9A1E7A4F7556}") = "CrtTouchPointInC360", "CrtTouchPointInC360\Files\CrtTouchPointInC360.csproj", "{1F11F16D-4530-4035-97A3-CDC70AB67D40}"
EndProject
Project("{2150E333-8FDC-42A3-9474-1A3956D46DE8}") = "CrtTouchPointInLead", "CrtTouchPointInLead", "{D054CA4A-F90E-499C-8C9C-A0DBE2FD3AB7}"
EndProject
Project("{9A19103F-16F7-4668-BE54-9A1E7A4F7556}") = "CrtTouchPointInLead", "CrtTouchPointInLead\Files\CrtTouchPointInLead.csproj", "{9571A47F-7208-432A-9762-DA613FC8D473}"
EndProject
Project("{2150E333-8FDC-42A3-9474-1A3956D46DE8}") = "CrtUIPlatform", "CrtUIPlatform", "{EE65E618-87A4-4F14-AC0B-39D0EA3D2AFC}"
EndProject
Project("{9A19103F-16F7-4668-BE54-9A1E7A4F7556}") = "CrtUIPlatform", "CrtUIPlatform\Files\CrtUIPlatform.csproj", "{76214890-374B-46AD-A564-B67A855836E3}"
EndProject
Project("{2150E333-8FDC-42A3-9474-1A3956D46DE8}") = "CrtUIPlatform7x", "CrtUIPlatform7x", "{FBDD0F56-FFDC-49E8-B94E-EBC7EA09156D}"
EndProject
Project("{9A19103F-16F7-4668-BE54-9A1E7A4F7556}") = "CrtUIPlatform7x", "CrtUIPlatform7x\Files\CrtUIPlatform7x.csproj", "{FA410F08-A4DF-4BF1-8B17-BFB349257482}"
EndProject
Project("{2150E333-8FDC-42A3-9474-1A3956D46DE8}") = "CrtUISwitcher", "CrtUISwitcher", "{DBE3CBBE-74B7-4CE7-BB51-E9D9B993C8CF}"
EndProject
Project("{9A19103F-16F7-4668-BE54-9A1E7A4F7556}") = "CrtUISwitcher", "CrtUISwitcher\Files\CrtUISwitcher.csproj", "{FEBD0694-C3AC-4029-8456-BEDC15E4D5DE}"
EndProject
Project("{2150E333-8FDC-42A3-9474-1A3956D46DE8}") = "CrtWebFormBase", "CrtWebFormBase", "{C4931388-8BD2-4DC0-A3A6-1AACFE3930DA}"
EndProject
Project("{9A19103F-16F7-4668-BE54-9A1E7A4F7556}") = "CrtWebFormBase", "CrtWebFormBase\Files\CrtWebFormBase.csproj", "{F9E12F2A-72CC-4977-AFDF-F8B64A53FE48}"
EndProject
Project("{2150E333-8FDC-42A3-9474-1A3956D46DE8}") = "CrtWebhookServiceBase", "CrtWebhookServiceBase", "{AA8518B7-DD7D-428F-B748-D53624B96F44}"
EndProject
Project("{9A19103F-16F7-4668-BE54-9A1E7A4F7556}") = "CrtWebhookServiceBase", "CrtWebhookServiceBase\Files\CrtWebhookServiceBase.csproj", "{FE6910BC-F79E-499B-8C97-1667F1A6A0B5}"
EndProject
Project("{2150E333-8FDC-42A3-9474-1A3956D46DE8}") = "CSP", "CSP", "{F94B3959-9DB8-4A55-972E-B7170D2C05AF}"
EndProject
Project("{9A19103F-16F7-4668-BE54-9A1E7A4F7556}") = "CSP", "CSP\Files\CSP.csproj", "{162BCBF2-718E-4EBE-A691-DEF4E6FFB757}"
EndProject
Project("{2150E333-8FDC-42A3-9474-1A3956D46DE8}") = "FeatureToggling", "FeatureToggling", "{DF959D1C-EC30-4318-8031-EE832B73B2C3}"
EndProject
Project("{9A19103F-16F7-4668-BE54-9A1E7A4F7556}") = "FeatureToggling", "FeatureToggling\Files\FeatureToggling.csproj", "{89E0A876-E5AF-4B11-948E-5AD538A623C1}"
EndProject
Project("{2150E333-8FDC-42A3-9474-1A3956D46DE8}") = "Finesse", "Finesse", "{B645D288-5FC4-4B16-82F3-6D6B42177A28}"
EndProject
Project("{9A19103F-16F7-4668-BE54-9A1E7A4F7556}") = "Finesse", "Finesse\Files\Finesse.csproj", "{0A399C90-572E-48C9-BC94-78631E000A01}"
EndProject
Project("{2150E333-8FDC-42A3-9474-1A3956D46DE8}") = "IgorDev", "IgorDev", "{59851B22-3EBA-497E-8CBA-9F1C19F3421B}"
EndProject
Project("{9A19103F-16F7-4668-BE54-9A1E7A4F7556}") = "IgorDev", "IgorDev\Files\IgorDev.csproj", "{15EE0C47-3989-4921-9ACB-D49E64ED6F65}"
EndProject
Project("{2150E333-8FDC-42A3-9474-1A3956D46DE8}") = "MLProcessDesigner", "MLProcessDesigner", "{E7E42963-DDCE-424B-BB3C-637CAEE1D5D8}"
EndProject
Project("{9A19103F-16F7-4668-BE54-9A1E7A4F7556}") = "MLProcessDesigner", "MLProcessDesigner\Files\MLProcessDesigner.csproj", "{6C56687C-12DE-402F-8730-72F13E465823}"
EndProject
Project("{2150E333-8FDC-42A3-9474-1A3956D46DE8}") = "OpenIdAuth", "OpenIdAuth", "{630DC413-8E38-439F-AEAD-0B31FE7A2BC8}"
EndProject
Project("{9A19103F-16F7-4668-BE54-9A1E7A4F7556}") = "OpenIdAuth", "OpenIdAuth\Files\OpenIdAuth.csproj", "{8FB9BC2B-F7CE-42F2-A367-43C0404AB3FB}"
EndProject
Project("{2150E333-8FDC-42A3-9474-1A3956D46DE8}") = "SalesMainShell", "SalesMainShell", "{E4BACCB6-FFBB-483A-AAAA-0C1EFBE11702}"
EndProject
Project("{9A19103F-16F7-4668-BE54-9A1E7A4F7556}") = "SalesMainShell", "SalesMainShell\Files\SalesMainShell.csproj", "{DC184CDC-E4DB-4061-91B0-A8A9478B8CE3}"
EndProject
Project("{2150E333-8FDC-42A3-9474-1A3956D46DE8}") = "SsoSettings", "SsoSettings", "{F4AA65F9-CD2D-4C52-8E26-989AD8D67CBD}"
EndProject
Project("{9A19103F-16F7-4668-BE54-9A1E7A4F7556}") = "SsoSettings", "SsoSettings\Files\SsoSettings.csproj", "{328E490F-AD76-40D7-BEB1-BC05D21C5423}"
EndProject
Project("{2150E333-8FDC-42A3-9474-1A3956D46DE8}") = "XSSProtection", "XSSProtection", "{86E6BDC6-BA09-45EE-B286-66AEE90DEA0C}"
EndProject
Project("{9A19103F-16F7-4668-BE54-9A1E7A4F7556}") = "XSSProtection", "XSSProtection\Files\XSSProtection.csproj", "{B52DBDFB-97E2-4AED-8F90-42A120E1362C}"
EndProject
Global
	GlobalSection(SolutionConfigurationPlatforms) = preSolution
		Debug|Any CPU = Debug|Any CPU
		Release|Any CPU = Release|Any CPU
	EndGlobalSection
	GlobalSection(ProjectConfigurationPlatforms) = postSolution
		{245DA70F-617B-4727-B42E-FD37072491CF}.Debug|Any CPU.ActiveCfg = Debug|Any CPU
		{245DA70F-617B-4727-B42E-FD37072491CF}.Debug|Any CPU.Build.0 = Debug|Any CPU
		{245DA70F-617B-4727-B42E-FD37072491CF}.Release|Any CPU.ActiveCfg = Release|Any CPU
		{245DA70F-617B-4727-B42E-FD37072491CF}.Release|Any CPU.Build.0 = Release|Any CPU
		{491DBD6B-A991-4A89-9AF0-87F8E622070A}.Debug|Any CPU.ActiveCfg = Debug|Any CPU
		{491DBD6B-A991-4A89-9AF0-87F8E622070A}.Debug|Any CPU.Build.0 = Debug|Any CPU
		{491DBD6B-A991-4A89-9AF0-87F8E622070A}.Release|Any CPU.ActiveCfg = Release|Any CPU
		{491DBD6B-A991-4A89-9AF0-87F8E622070A}.Release|Any CPU.Build.0 = Release|Any CPU
		{A7357107-CDA9-463C-BF9A-2A681996B28D}.Debug|Any CPU.ActiveCfg = Debug|Any CPU
		{A7357107-CDA9-463C-BF9A-2A681996B28D}.Debug|Any CPU.Build.0 = Debug|Any CPU
		{A7357107-CDA9-463C-BF9A-2A681996B28D}.Release|Any CPU.ActiveCfg = Release|Any CPU
		{A7357107-CDA9-463C-BF9A-2A681996B28D}.Release|Any CPU.Build.0 = Release|Any CPU
		{F967BCBF-3DA6-414C-938C-03704A2A8EA4}.Debug|Any CPU.ActiveCfg = Debug|Any CPU
		{F967BCBF-3DA6-414C-938C-03704A2A8EA4}.Debug|Any CPU.Build.0 = Debug|Any CPU
		{F967BCBF-3DA6-414C-938C-03704A2A8EA4}.Release|Any CPU.ActiveCfg = Release|Any CPU
		{F967BCBF-3DA6-414C-938C-03704A2A8EA4}.Release|Any CPU.Build.0 = Release|Any CPU
		{1176FD0A-5463-4C7F-B02E-187502F852AE}.Debug|Any CPU.ActiveCfg = Debug|Any CPU
		{1176FD0A-5463-4C7F-B02E-187502F852AE}.Debug|Any CPU.Build.0 = Debug|Any CPU
		{1176FD0A-5463-4C7F-B02E-187502F852AE}.Release|Any CPU.ActiveCfg = Release|Any CPU
		{1176FD0A-5463-4C7F-B02E-187502F852AE}.Release|Any CPU.Build.0 = Release|Any CPU
		{21ABF3FB-FEC4-4CD5-9FC0-8EA0A2B1AECD}.Debug|Any CPU.ActiveCfg = Debug|Any CPU
		{21ABF3FB-FEC4-4CD5-9FC0-8EA0A2B1AECD}.Debug|Any CPU.Build.0 = Debug|Any CPU
		{21ABF3FB-FEC4-4CD5-9FC0-8EA0A2B1AECD}.Release|Any CPU.ActiveCfg = Release|Any CPU
		{21ABF3FB-FEC4-4CD5-9FC0-8EA0A2B1AECD}.Release|Any CPU.Build.0 = Release|Any CPU
		{0BD44B92-CE62-498D-9EF7-7FF5A1F9E49E}.Debug|Any CPU.ActiveCfg = Debug|Any CPU
		{0BD44B92-CE62-498D-9EF7-7FF5A1F9E49E}.Debug|Any CPU.Build.0 = Debug|Any CPU
		{0BD44B92-CE62-498D-9EF7-7FF5A1F9E49E}.Release|Any CPU.ActiveCfg = Release|Any CPU
		{0BD44B92-CE62-498D-9EF7-7FF5A1F9E49E}.Release|Any CPU.Build.0 = Release|Any CPU
		{F8A80FB9-9F4A-4257-AA69-9F92D178FD1E}.Debug|Any CPU.ActiveCfg = Debug|Any CPU
		{F8A80FB9-9F4A-4257-AA69-9F92D178FD1E}.Debug|Any CPU.Build.0 = Debug|Any CPU
		{F8A80FB9-9F4A-4257-AA69-9F92D178FD1E}.Release|Any CPU.ActiveCfg = Release|Any CPU
		{F8A80FB9-9F4A-4257-AA69-9F92D178FD1E}.Release|Any CPU.Build.0 = Release|Any CPU
		{B8616766-BC82-4EC2-857B-6744EC47AD53}.Debug|Any CPU.ActiveCfg = Debug|Any CPU
		{B8616766-BC82-4EC2-857B-6744EC47AD53}.Debug|Any CPU.Build.0 = Debug|Any CPU
		{B8616766-BC82-4EC2-857B-6744EC47AD53}.Release|Any CPU.ActiveCfg = Release|Any CPU
		{B8616766-BC82-4EC2-857B-6744EC47AD53}.Release|Any CPU.Build.0 = Release|Any CPU
		{B962C494-6FB5-4C6A-AFE6-91E9CFE36B68}.Debug|Any CPU.ActiveCfg = Debug|Any CPU
		{B962C494-6FB5-4C6A-AFE6-91E9CFE36B68}.Debug|Any CPU.Build.0 = Debug|Any CPU
		{B962C494-6FB5-4C6A-AFE6-91E9CFE36B68}.Release|Any CPU.ActiveCfg = Release|Any CPU
		{B962C494-6FB5-4C6A-AFE6-91E9CFE36B68}.Release|Any CPU.Build.0 = Release|Any CPU
		{706C189B-04CB-4A46-96E9-CEE74E6DC103}.Debug|Any CPU.ActiveCfg = Debug|Any CPU
		{706C189B-04CB-4A46-96E9-CEE74E6DC103}.Debug|Any CPU.Build.0 = Debug|Any CPU
		{706C189B-04CB-4A46-96E9-CEE74E6DC103}.Release|Any CPU.ActiveCfg = Release|Any CPU
		{706C189B-04CB-4A46-96E9-CEE74E6DC103}.Release|Any CPU.Build.0 = Release|Any CPU
		{47DBCD18-9E8A-4D87-9E3C-D61C04F126E8}.Debug|Any CPU.ActiveCfg = Debug|Any CPU
		{47DBCD18-9E8A-4D87-9E3C-D61C04F126E8}.Debug|Any CPU.Build.0 = Debug|Any CPU
		{47DBCD18-9E8A-4D87-9E3C-D61C04F126E8}.Release|Any CPU.ActiveCfg = Release|Any CPU
		{47DBCD18-9E8A-4D87-9E3C-D61C04F126E8}.Release|Any CPU.Build.0 = Release|Any CPU
		{CB5F30B8-8584-45B5-B07F-B5EF161CA2E8}.Debug|Any CPU.ActiveCfg = Debug|Any CPU
		{CB5F30B8-8584-45B5-B07F-B5EF161CA2E8}.Debug|Any CPU.Build.0 = Debug|Any CPU
		{CB5F30B8-8584-45B5-B07F-B5EF161CA2E8}.Release|Any CPU.ActiveCfg = Release|Any CPU
		{CB5F30B8-8584-45B5-B07F-B5EF161CA2E8}.Release|Any CPU.Build.0 = Release|Any CPU
		{F6D200A5-71E8-4C3C-A063-BE32E823784E}.Debug|Any CPU.ActiveCfg = Debug|Any CPU
		{F6D200A5-71E8-4C3C-A063-BE32E823784E}.Debug|Any CPU.Build.0 = Debug|Any CPU
		{F6D200A5-71E8-4C3C-A063-BE32E823784E}.Release|Any CPU.ActiveCfg = Release|Any CPU
		{F6D200A5-71E8-4C3C-A063-BE32E823784E}.Release|Any CPU.Build.0 = Release|Any CPU
		{3CCEB266-DC52-4174-9CA8-B274E8659D57}.Debug|Any CPU.ActiveCfg = Debug|Any CPU
		{3CCEB266-DC52-4174-9CA8-B274E8659D57}.Debug|Any CPU.Build.0 = Debug|Any CPU
		{3CCEB266-DC52-4174-9CA8-B274E8659D57}.Release|Any CPU.ActiveCfg = Release|Any CPU
		{3CCEB266-DC52-4174-9CA8-B274E8659D57}.Release|Any CPU.Build.0 = Release|Any CPU
		{E4F347D0-3F0C-4E1E-8A7C-98DF85D1D643}.Debug|Any CPU.ActiveCfg = Debug|Any CPU
		{E4F347D0-3F0C-4E1E-8A7C-98DF85D1D643}.Debug|Any CPU.Build.0 = Debug|Any CPU
		{E4F347D0-3F0C-4E1E-8A7C-98DF85D1D643}.Release|Any CPU.ActiveCfg = Release|Any CPU
		{E4F347D0-3F0C-4E1E-8A7C-98DF85D1D643}.Release|Any CPU.Build.0 = Release|Any CPU
		{0357450F-A80B-4112-A5D3-5F97F8F0A811}.Debug|Any CPU.ActiveCfg = Debug|Any CPU
		{0357450F-A80B-4112-A5D3-5F97F8F0A811}.Debug|Any CPU.Build.0 = Debug|Any CPU
		{0357450F-A80B-4112-A5D3-5F97F8F0A811}.Release|Any CPU.ActiveCfg = Release|Any CPU
		{0357450F-A80B-4112-A5D3-5F97F8F0A811}.Release|Any CPU.Build.0 = Release|Any CPU
		{5B33A9FF-9630-4706-A161-848A72F0024D}.Debug|Any CPU.ActiveCfg = Debug|Any CPU
		{5B33A9FF-9630-4706-A161-848A72F0024D}.Debug|Any CPU.Build.0 = Debug|Any CPU
		{5B33A9FF-9630-4706-A161-848A72F0024D}.Release|Any CPU.ActiveCfg = Release|Any CPU
		{5B33A9FF-9630-4706-A161-848A72F0024D}.Release|Any CPU.Build.0 = Release|Any CPU
		{6A5E2F78-A660-4307-BD17-081E19D54D91}.Debug|Any CPU.ActiveCfg = Debug|Any CPU
		{6A5E2F78-A660-4307-BD17-081E19D54D91}.Debug|Any CPU.Build.0 = Debug|Any CPU
		{6A5E2F78-A660-4307-BD17-081E19D54D91}.Release|Any CPU.ActiveCfg = Release|Any CPU
		{6A5E2F78-A660-4307-BD17-081E19D54D91}.Release|Any CPU.Build.0 = Release|Any CPU
		{5417827A-C003-4328-AEC4-035A759165CB}.Debug|Any CPU.ActiveCfg = Debug|Any CPU
		{5417827A-C003-4328-AEC4-035A759165CB}.Debug|Any CPU.Build.0 = Debug|Any CPU
		{5417827A-C003-4328-AEC4-035A759165CB}.Release|Any CPU.ActiveCfg = Release|Any CPU
		{5417827A-C003-4328-AEC4-035A759165CB}.Release|Any CPU.Build.0 = Release|Any CPU
		{420F527A-5A08-4E39-A64A-0A993F9D2D54}.Debug|Any CPU.ActiveCfg = Debug|Any CPU
		{420F527A-5A08-4E39-A64A-0A993F9D2D54}.Debug|Any CPU.Build.0 = Debug|Any CPU
		{420F527A-5A08-4E39-A64A-0A993F9D2D54}.Release|Any CPU.ActiveCfg = Release|Any CPU
		{420F527A-5A08-4E39-A64A-0A993F9D2D54}.Release|Any CPU.Build.0 = Release|Any CPU
		{77060C3D-A272-469B-8003-91C3D540E8DD}.Debug|Any CPU.ActiveCfg = Debug|Any CPU
		{77060C3D-A272-469B-8003-91C3D540E8DD}.Debug|Any CPU.Build.0 = Debug|Any CPU
		{77060C3D-A272-469B-8003-91C3D540E8DD}.Release|Any CPU.ActiveCfg = Release|Any CPU
		{77060C3D-A272-469B-8003-91C3D540E8DD}.Release|Any CPU.Build.0 = Release|Any CPU
		{89472607-62B1-4DDA-8E22-3597FC2941CA}.Debug|Any CPU.ActiveCfg = Debug|Any CPU
		{89472607-62B1-4DDA-8E22-3597FC2941CA}.Debug|Any CPU.Build.0 = Debug|Any CPU
		{89472607-62B1-4DDA-8E22-3597FC2941CA}.Release|Any CPU.ActiveCfg = Release|Any CPU
		{89472607-62B1-4DDA-8E22-3597FC2941CA}.Release|Any CPU.Build.0 = Release|Any CPU
		{C9D0256D-F137-4554-8BE1-69A7A72BB6BA}.Debug|Any CPU.ActiveCfg = Debug|Any CPU
		{C9D0256D-F137-4554-8BE1-69A7A72BB6BA}.Debug|Any CPU.Build.0 = Debug|Any CPU
		{C9D0256D-F137-4554-8BE1-69A7A72BB6BA}.Release|Any CPU.ActiveCfg = Release|Any CPU
		{C9D0256D-F137-4554-8BE1-69A7A72BB6BA}.Release|Any CPU.Build.0 = Release|Any CPU
		{2957161B-6BCC-420D-A840-853E4DD34765}.Debug|Any CPU.ActiveCfg = Debug|Any CPU
		{2957161B-6BCC-420D-A840-853E4DD34765}.Debug|Any CPU.Build.0 = Debug|Any CPU
		{2957161B-6BCC-420D-A840-853E4DD34765}.Release|Any CPU.ActiveCfg = Release|Any CPU
		{2957161B-6BCC-420D-A840-853E4DD34765}.Release|Any CPU.Build.0 = Release|Any CPU
		{D424886A-4CF2-4B2E-8A41-9499334EE94E}.Debug|Any CPU.ActiveCfg = Debug|Any CPU
		{D424886A-4CF2-4B2E-8A41-9499334EE94E}.Debug|Any CPU.Build.0 = Debug|Any CPU
		{D424886A-4CF2-4B2E-8A41-9499334EE94E}.Release|Any CPU.ActiveCfg = Release|Any CPU
		{D424886A-4CF2-4B2E-8A41-9499334EE94E}.Release|Any CPU.Build.0 = Release|Any CPU
		{0CFF92B1-A1FD-46BF-B90F-9779FC94781A}.Debug|Any CPU.ActiveCfg = Debug|Any CPU
		{0CFF92B1-A1FD-46BF-B90F-9779FC94781A}.Debug|Any CPU.Build.0 = Debug|Any CPU
		{0CFF92B1-A1FD-46BF-B90F-9779FC94781A}.Release|Any CPU.ActiveCfg = Release|Any CPU
		{0CFF92B1-A1FD-46BF-B90F-9779FC94781A}.Release|Any CPU.Build.0 = Release|Any CPU
		{6CAB04DA-3AF6-4D8B-9BEE-1D311AFEAB6B}.Debug|Any CPU.ActiveCfg = Debug|Any CPU
		{6CAB04DA-3AF6-4D8B-9BEE-1D311AFEAB6B}.Debug|Any CPU.Build.0 = Debug|Any CPU
		{6CAB04DA-3AF6-4D8B-9BEE-1D311AFEAB6B}.Release|Any CPU.ActiveCfg = Release|Any CPU
		{6CAB04DA-3AF6-4D8B-9BEE-1D311AFEAB6B}.Release|Any CPU.Build.0 = Release|Any CPU
		{55471697-E83F-4716-A218-8CC083062223}.Debug|Any CPU.ActiveCfg = Debug|Any CPU
		{55471697-E83F-4716-A218-8CC083062223}.Debug|Any CPU.Build.0 = Debug|Any CPU
		{55471697-E83F-4716-A218-8CC083062223}.Release|Any CPU.ActiveCfg = Release|Any CPU
		{55471697-E83F-4716-A218-8CC083062223}.Release|Any CPU.Build.0 = Release|Any CPU
		{7D135620-1E5A-4203-8535-60929C64EE7B}.Debug|Any CPU.ActiveCfg = Debug|Any CPU
		{7D135620-1E5A-4203-8535-60929C64EE7B}.Debug|Any CPU.Build.0 = Debug|Any CPU
		{7D135620-1E5A-4203-8535-60929C64EE7B}.Release|Any CPU.ActiveCfg = Release|Any CPU
		{7D135620-1E5A-4203-8535-60929C64EE7B}.Release|Any CPU.Build.0 = Release|Any CPU
		{C72141D1-2559-475B-8140-C47F06179898}.Debug|Any CPU.ActiveCfg = Debug|Any CPU
		{C72141D1-2559-475B-8140-C47F06179898}.Debug|Any CPU.Build.0 = Debug|Any CPU
		{C72141D1-2559-475B-8140-C47F06179898}.Release|Any CPU.ActiveCfg = Release|Any CPU
		{C72141D1-2559-475B-8140-C47F06179898}.Release|Any CPU.Build.0 = Release|Any CPU
		{3164D4DD-5F9A-45C3-9D61-10205A84CEB9}.Debug|Any CPU.ActiveCfg = Debug|Any CPU
		{3164D4DD-5F9A-45C3-9D61-10205A84CEB9}.Debug|Any CPU.Build.0 = Debug|Any CPU
		{3164D4DD-5F9A-45C3-9D61-10205A84CEB9}.Release|Any CPU.ActiveCfg = Release|Any CPU
		{3164D4DD-5F9A-45C3-9D61-10205A84CEB9}.Release|Any CPU.Build.0 = Release|Any CPU
		{3E14ED99-E5A6-4DDD-8C99-C42D77D098C2}.Debug|Any CPU.ActiveCfg = Debug|Any CPU
		{3E14ED99-E5A6-4DDD-8C99-C42D77D098C2}.Debug|Any CPU.Build.0 = Debug|Any CPU
		{3E14ED99-E5A6-4DDD-8C99-C42D77D098C2}.Release|Any CPU.ActiveCfg = Release|Any CPU
		{3E14ED99-E5A6-4DDD-8C99-C42D77D098C2}.Release|Any CPU.Build.0 = Release|Any CPU
		{C71E8D74-8B64-4C8B-9DE3-8FB95C9A70CB}.Debug|Any CPU.ActiveCfg = Debug|Any CPU
		{C71E8D74-8B64-4C8B-9DE3-8FB95C9A70CB}.Debug|Any CPU.Build.0 = Debug|Any CPU
		{C71E8D74-8B64-4C8B-9DE3-8FB95C9A70CB}.Release|Any CPU.ActiveCfg = Release|Any CPU
		{C71E8D74-8B64-4C8B-9DE3-8FB95C9A70CB}.Release|Any CPU.Build.0 = Release|Any CPU
		{6542AF11-293D-41B4-BD77-B42985F1D71F}.Debug|Any CPU.ActiveCfg = Debug|Any CPU
		{6542AF11-293D-41B4-BD77-B42985F1D71F}.Debug|Any CPU.Build.0 = Debug|Any CPU
		{6542AF11-293D-41B4-BD77-B42985F1D71F}.Release|Any CPU.ActiveCfg = Release|Any CPU
		{6542AF11-293D-41B4-BD77-B42985F1D71F}.Release|Any CPU.Build.0 = Release|Any CPU
		{D6824C0A-A6B1-48AC-95AD-69530724A5DF}.Debug|Any CPU.ActiveCfg = Debug|Any CPU
		{D6824C0A-A6B1-48AC-95AD-69530724A5DF}.Debug|Any CPU.Build.0 = Debug|Any CPU
		{D6824C0A-A6B1-48AC-95AD-69530724A5DF}.Release|Any CPU.ActiveCfg = Release|Any CPU
		{D6824C0A-A6B1-48AC-95AD-69530724A5DF}.Release|Any CPU.Build.0 = Release|Any CPU
		{B0D0FEC0-F8A4-46AB-9BAF-9919F308E148}.Debug|Any CPU.ActiveCfg = Debug|Any CPU
		{B0D0FEC0-F8A4-46AB-9BAF-9919F308E148}.Debug|Any CPU.Build.0 = Debug|Any CPU
		{B0D0FEC0-F8A4-46AB-9BAF-9919F308E148}.Release|Any CPU.ActiveCfg = Release|Any CPU
		{B0D0FEC0-F8A4-46AB-9BAF-9919F308E148}.Release|Any CPU.Build.0 = Release|Any CPU
		{29A217F8-7FE7-4827-AF78-33A6879A64F1}.Debug|Any CPU.ActiveCfg = Debug|Any CPU
		{29A217F8-7FE7-4827-AF78-33A6879A64F1}.Debug|Any CPU.Build.0 = Debug|Any CPU
		{29A217F8-7FE7-4827-AF78-33A6879A64F1}.Release|Any CPU.ActiveCfg = Release|Any CPU
		{29A217F8-7FE7-4827-AF78-33A6879A64F1}.Release|Any CPU.Build.0 = Release|Any CPU
		{94809C9C-DADC-469D-BC4B-53AEFEE4D3A8}.Debug|Any CPU.ActiveCfg = Debug|Any CPU
		{94809C9C-DADC-469D-BC4B-53AEFEE4D3A8}.Debug|Any CPU.Build.0 = Debug|Any CPU
		{94809C9C-DADC-469D-BC4B-53AEFEE4D3A8}.Release|Any CPU.ActiveCfg = Release|Any CPU
		{94809C9C-DADC-469D-BC4B-53AEFEE4D3A8}.Release|Any CPU.Build.0 = Release|Any CPU
		{9A9EE072-5014-4CE8-9FEB-EE124909F85E}.Debug|Any CPU.ActiveCfg = Debug|Any CPU
		{9A9EE072-5014-4CE8-9FEB-EE124909F85E}.Debug|Any CPU.Build.0 = Debug|Any CPU
		{9A9EE072-5014-4CE8-9FEB-EE124909F85E}.Release|Any CPU.ActiveCfg = Release|Any CPU
		{9A9EE072-5014-4CE8-9FEB-EE124909F85E}.Release|Any CPU.Build.0 = Release|Any CPU
		{ACB06787-748D-4E58-9A61-480472754808}.Debug|Any CPU.ActiveCfg = Debug|Any CPU
		{ACB06787-748D-4E58-9A61-480472754808}.Debug|Any CPU.Build.0 = Debug|Any CPU
		{ACB06787-748D-4E58-9A61-480472754808}.Release|Any CPU.ActiveCfg = Release|Any CPU
		{ACB06787-748D-4E58-9A61-480472754808}.Release|Any CPU.Build.0 = Release|Any CPU
		{DE21EE54-C660-4410-8A8C-975E6085C184}.Debug|Any CPU.ActiveCfg = Debug|Any CPU
		{DE21EE54-C660-4410-8A8C-975E6085C184}.Debug|Any CPU.Build.0 = Debug|Any CPU
		{DE21EE54-C660-4410-8A8C-975E6085C184}.Release|Any CPU.ActiveCfg = Release|Any CPU
		{DE21EE54-C660-4410-8A8C-975E6085C184}.Release|Any CPU.Build.0 = Release|Any CPU
		{44368D3B-7AF3-4BDE-B544-FADF89AAC805}.Debug|Any CPU.ActiveCfg = Debug|Any CPU
		{44368D3B-7AF3-4BDE-B544-FADF89AAC805}.Debug|Any CPU.Build.0 = Debug|Any CPU
		{44368D3B-7AF3-4BDE-B544-FADF89AAC805}.Release|Any CPU.ActiveCfg = Release|Any CPU
		{44368D3B-7AF3-4BDE-B544-FADF89AAC805}.Release|Any CPU.Build.0 = Release|Any CPU
		{5D715191-1BC0-4344-B318-527BE366AAB3}.Debug|Any CPU.ActiveCfg = Debug|Any CPU
		{5D715191-1BC0-4344-B318-527BE366AAB3}.Debug|Any CPU.Build.0 = Debug|Any CPU
		{5D715191-1BC0-4344-B318-527BE366AAB3}.Release|Any CPU.ActiveCfg = Release|Any CPU
		{5D715191-1BC0-4344-B318-527BE366AAB3}.Release|Any CPU.Build.0 = Release|Any CPU
		{8E79B4F4-8201-4583-91D1-91C642DB76D9}.Debug|Any CPU.ActiveCfg = Debug|Any CPU
		{8E79B4F4-8201-4583-91D1-91C642DB76D9}.Debug|Any CPU.Build.0 = Debug|Any CPU
		{8E79B4F4-8201-4583-91D1-91C642DB76D9}.Release|Any CPU.ActiveCfg = Release|Any CPU
		{8E79B4F4-8201-4583-91D1-91C642DB76D9}.Release|Any CPU.Build.0 = Release|Any CPU
		{28B04AF3-B239-41CF-B3BB-EBB445AEA2E5}.Debug|Any CPU.ActiveCfg = Debug|Any CPU
		{28B04AF3-B239-41CF-B3BB-EBB445AEA2E5}.Debug|Any CPU.Build.0 = Debug|Any CPU
		{28B04AF3-B239-41CF-B3BB-EBB445AEA2E5}.Release|Any CPU.ActiveCfg = Release|Any CPU
		{28B04AF3-B239-41CF-B3BB-EBB445AEA2E5}.Release|Any CPU.Build.0 = Release|Any CPU
		{7431A29A-304C-4FC8-B627-0ED876B35389}.Debug|Any CPU.ActiveCfg = Debug|Any CPU
		{7431A29A-304C-4FC8-B627-0ED876B35389}.Debug|Any CPU.Build.0 = Debug|Any CPU
		{7431A29A-304C-4FC8-B627-0ED876B35389}.Release|Any CPU.ActiveCfg = Release|Any CPU
		{7431A29A-304C-4FC8-B627-0ED876B35389}.Release|Any CPU.Build.0 = Release|Any CPU
		{056FCB68-083B-4723-8DF4-73D865752E25}.Debug|Any CPU.ActiveCfg = Debug|Any CPU
		{056FCB68-083B-4723-8DF4-73D865752E25}.Debug|Any CPU.Build.0 = Debug|Any CPU
		{056FCB68-083B-4723-8DF4-73D865752E25}.Release|Any CPU.ActiveCfg = Release|Any CPU
		{056FCB68-083B-4723-8DF4-73D865752E25}.Release|Any CPU.Build.0 = Release|Any CPU
		{2EA49866-BCCF-4119-A253-C64BFC77F36C}.Debug|Any CPU.ActiveCfg = Debug|Any CPU
		{2EA49866-BCCF-4119-A253-C64BFC77F36C}.Debug|Any CPU.Build.0 = Debug|Any CPU
		{2EA49866-BCCF-4119-A253-C64BFC77F36C}.Release|Any CPU.ActiveCfg = Release|Any CPU
		{2EA49866-BCCF-4119-A253-C64BFC77F36C}.Release|Any CPU.Build.0 = Release|Any CPU
		{AF9AC6AE-CDA6-40AD-878A-2A2B8D8C29DE}.Debug|Any CPU.ActiveCfg = Debug|Any CPU
		{AF9AC6AE-CDA6-40AD-878A-2A2B8D8C29DE}.Debug|Any CPU.Build.0 = Debug|Any CPU
		{AF9AC6AE-CDA6-40AD-878A-2A2B8D8C29DE}.Release|Any CPU.ActiveCfg = Release|Any CPU
		{AF9AC6AE-CDA6-40AD-878A-2A2B8D8C29DE}.Release|Any CPU.Build.0 = Release|Any CPU
		{E26476AC-9D6F-428A-9D33-2CB89DF9AAF2}.Debug|Any CPU.ActiveCfg = Debug|Any CPU
		{E26476AC-9D6F-428A-9D33-2CB89DF9AAF2}.Debug|Any CPU.Build.0 = Debug|Any CPU
		{E26476AC-9D6F-428A-9D33-2CB89DF9AAF2}.Release|Any CPU.ActiveCfg = Release|Any CPU
		{E26476AC-9D6F-428A-9D33-2CB89DF9AAF2}.Release|Any CPU.Build.0 = Release|Any CPU
		{01F259BA-55D1-46F9-B8B3-6C8B2BEC125A}.Debug|Any CPU.ActiveCfg = Debug|Any CPU
		{01F259BA-55D1-46F9-B8B3-6C8B2BEC125A}.Debug|Any CPU.Build.0 = Debug|Any CPU
		{01F259BA-55D1-46F9-B8B3-6C8B2BEC125A}.Release|Any CPU.ActiveCfg = Release|Any CPU
		{01F259BA-55D1-46F9-B8B3-6C8B2BEC125A}.Release|Any CPU.Build.0 = Release|Any CPU
		{47D91195-E049-4D19-8FA2-8D1E96F17217}.Debug|Any CPU.ActiveCfg = Debug|Any CPU
		{47D91195-E049-4D19-8FA2-8D1E96F17217}.Debug|Any CPU.Build.0 = Debug|Any CPU
		{47D91195-E049-4D19-8FA2-8D1E96F17217}.Release|Any CPU.ActiveCfg = Release|Any CPU
		{47D91195-E049-4D19-8FA2-8D1E96F17217}.Release|Any CPU.Build.0 = Release|Any CPU
		{0C303F9E-23EE-476C-95A4-A32F9ECEC95E}.Debug|Any CPU.ActiveCfg = Debug|Any CPU
		{0C303F9E-23EE-476C-95A4-A32F9ECEC95E}.Debug|Any CPU.Build.0 = Debug|Any CPU
		{0C303F9E-23EE-476C-95A4-A32F9ECEC95E}.Release|Any CPU.ActiveCfg = Release|Any CPU
		{0C303F9E-23EE-476C-95A4-A32F9ECEC95E}.Release|Any CPU.Build.0 = Release|Any CPU
		{64CBE11D-26C5-4A24-B930-BA563EF490F4}.Debug|Any CPU.ActiveCfg = Debug|Any CPU
		{64CBE11D-26C5-4A24-B930-BA563EF490F4}.Debug|Any CPU.Build.0 = Debug|Any CPU
		{64CBE11D-26C5-4A24-B930-BA563EF490F4}.Release|Any CPU.ActiveCfg = Release|Any CPU
		{64CBE11D-26C5-4A24-B930-BA563EF490F4}.Release|Any CPU.Build.0 = Release|Any CPU
		{AF088040-A3AA-4A91-B05A-1FB4E9718888}.Debug|Any CPU.ActiveCfg = Debug|Any CPU
		{AF088040-A3AA-4A91-B05A-1FB4E9718888}.Debug|Any CPU.Build.0 = Debug|Any CPU
		{AF088040-A3AA-4A91-B05A-1FB4E9718888}.Release|Any CPU.ActiveCfg = Release|Any CPU
		{AF088040-A3AA-4A91-B05A-1FB4E9718888}.Release|Any CPU.Build.0 = Release|Any CPU
		{2021CBB2-A3BE-40E6-BE1F-C6A8E95C098A}.Debug|Any CPU.ActiveCfg = Debug|Any CPU
		{2021CBB2-A3BE-40E6-BE1F-C6A8E95C098A}.Debug|Any CPU.Build.0 = Debug|Any CPU
		{2021CBB2-A3BE-40E6-BE1F-C6A8E95C098A}.Release|Any CPU.ActiveCfg = Release|Any CPU
		{2021CBB2-A3BE-40E6-BE1F-C6A8E95C098A}.Release|Any CPU.Build.0 = Release|Any CPU
		{E3ECE454-D8CF-41DE-AB59-5A68F6406048}.Debug|Any CPU.ActiveCfg = Debug|Any CPU
		{E3ECE454-D8CF-41DE-AB59-5A68F6406048}.Debug|Any CPU.Build.0 = Debug|Any CPU
		{E3ECE454-D8CF-41DE-AB59-5A68F6406048}.Release|Any CPU.ActiveCfg = Release|Any CPU
		{E3ECE454-D8CF-41DE-AB59-5A68F6406048}.Release|Any CPU.Build.0 = Release|Any CPU
		{79827AC7-5562-4047-8EAF-28AB3CE7825C}.Debug|Any CPU.ActiveCfg = Debug|Any CPU
		{79827AC7-5562-4047-8EAF-28AB3CE7825C}.Debug|Any CPU.Build.0 = Debug|Any CPU
		{79827AC7-5562-4047-8EAF-28AB3CE7825C}.Release|Any CPU.ActiveCfg = Release|Any CPU
		{79827AC7-5562-4047-8EAF-28AB3CE7825C}.Release|Any CPU.Build.0 = Release|Any CPU
		{A0F0EE6F-2624-4DF0-B4ED-DA5A707F4174}.Debug|Any CPU.ActiveCfg = Debug|Any CPU
		{A0F0EE6F-2624-4DF0-B4ED-DA5A707F4174}.Debug|Any CPU.Build.0 = Debug|Any CPU
		{A0F0EE6F-2624-4DF0-B4ED-DA5A707F4174}.Release|Any CPU.ActiveCfg = Release|Any CPU
		{A0F0EE6F-2624-4DF0-B4ED-DA5A707F4174}.Release|Any CPU.Build.0 = Release|Any CPU
		{C5701746-2CBA-4415-9B5D-8D36129EFAC7}.Debug|Any CPU.ActiveCfg = Debug|Any CPU
		{C5701746-2CBA-4415-9B5D-8D36129EFAC7}.Debug|Any CPU.Build.0 = Debug|Any CPU
		{C5701746-2CBA-4415-9B5D-8D36129EFAC7}.Release|Any CPU.ActiveCfg = Release|Any CPU
		{C5701746-2CBA-4415-9B5D-8D36129EFAC7}.Release|Any CPU.Build.0 = Release|Any CPU
		{9FEC2FE9-7D17-4C67-8204-E41AEB947377}.Debug|Any CPU.ActiveCfg = Debug|Any CPU
		{9FEC2FE9-7D17-4C67-8204-E41AEB947377}.Debug|Any CPU.Build.0 = Debug|Any CPU
		{9FEC2FE9-7D17-4C67-8204-E41AEB947377}.Release|Any CPU.ActiveCfg = Release|Any CPU
		{9FEC2FE9-7D17-4C67-8204-E41AEB947377}.Release|Any CPU.Build.0 = Release|Any CPU
		{817B1148-8FBA-4DAD-9E06-E708A2DCF56E}.Debug|Any CPU.ActiveCfg = Debug|Any CPU
		{817B1148-8FBA-4DAD-9E06-E708A2DCF56E}.Debug|Any CPU.Build.0 = Debug|Any CPU
		{817B1148-8FBA-4DAD-9E06-E708A2DCF56E}.Release|Any CPU.ActiveCfg = Release|Any CPU
		{817B1148-8FBA-4DAD-9E06-E708A2DCF56E}.Release|Any CPU.Build.0 = Release|Any CPU
		{D1C4D81B-E3F7-43CB-81D2-1C9E9E1D823C}.Debug|Any CPU.ActiveCfg = Debug|Any CPU
		{D1C4D81B-E3F7-43CB-81D2-1C9E9E1D823C}.Debug|Any CPU.Build.0 = Debug|Any CPU
		{D1C4D81B-E3F7-43CB-81D2-1C9E9E1D823C}.Release|Any CPU.ActiveCfg = Release|Any CPU
		{D1C4D81B-E3F7-43CB-81D2-1C9E9E1D823C}.Release|Any CPU.Build.0 = Release|Any CPU
		{8C68726E-E08D-42F6-B6FA-703FB0E107BB}.Debug|Any CPU.ActiveCfg = Debug|Any CPU
		{8C68726E-E08D-42F6-B6FA-703FB0E107BB}.Debug|Any CPU.Build.0 = Debug|Any CPU
		{8C68726E-E08D-42F6-B6FA-703FB0E107BB}.Release|Any CPU.ActiveCfg = Release|Any CPU
		{8C68726E-E08D-42F6-B6FA-703FB0E107BB}.Release|Any CPU.Build.0 = Release|Any CPU
		{12CDB7FF-F875-4C53-B28C-BE6AF37AED59}.Debug|Any CPU.ActiveCfg = Debug|Any CPU
		{12CDB7FF-F875-4C53-B28C-BE6AF37AED59}.Debug|Any CPU.Build.0 = Debug|Any CPU
		{12CDB7FF-F875-4C53-B28C-BE6AF37AED59}.Release|Any CPU.ActiveCfg = Release|Any CPU
		{12CDB7FF-F875-4C53-B28C-BE6AF37AED59}.Release|Any CPU.Build.0 = Release|Any CPU
		{1F6CD2F8-E15D-4D7C-AD8B-8EF805726EBD}.Debug|Any CPU.ActiveCfg = Debug|Any CPU
		{1F6CD2F8-E15D-4D7C-AD8B-8EF805726EBD}.Debug|Any CPU.Build.0 = Debug|Any CPU
		{1F6CD2F8-E15D-4D7C-AD8B-8EF805726EBD}.Release|Any CPU.ActiveCfg = Release|Any CPU
		{1F6CD2F8-E15D-4D7C-AD8B-8EF805726EBD}.Release|Any CPU.Build.0 = Release|Any CPU
		{B8841B37-CC8A-4DBC-899C-031EBA0E0EC7}.Debug|Any CPU.ActiveCfg = Debug|Any CPU
		{B8841B37-CC8A-4DBC-899C-031EBA0E0EC7}.Debug|Any CPU.Build.0 = Debug|Any CPU
		{B8841B37-CC8A-4DBC-899C-031EBA0E0EC7}.Release|Any CPU.ActiveCfg = Release|Any CPU
		{B8841B37-CC8A-4DBC-899C-031EBA0E0EC7}.Release|Any CPU.Build.0 = Release|Any CPU
		{BBE8760A-5E6C-4F69-B305-15FCC662204A}.Debug|Any CPU.ActiveCfg = Debug|Any CPU
		{BBE8760A-5E6C-4F69-B305-15FCC662204A}.Debug|Any CPU.Build.0 = Debug|Any CPU
		{BBE8760A-5E6C-4F69-B305-15FCC662204A}.Release|Any CPU.ActiveCfg = Release|Any CPU
		{BBE8760A-5E6C-4F69-B305-15FCC662204A}.Release|Any CPU.Build.0 = Release|Any CPU
		{B4A85A34-9C9B-4EF0-873F-67447FCAA017}.Debug|Any CPU.ActiveCfg = Debug|Any CPU
		{B4A85A34-9C9B-4EF0-873F-67447FCAA017}.Debug|Any CPU.Build.0 = Debug|Any CPU
		{B4A85A34-9C9B-4EF0-873F-67447FCAA017}.Release|Any CPU.ActiveCfg = Release|Any CPU
		{B4A85A34-9C9B-4EF0-873F-67447FCAA017}.Release|Any CPU.Build.0 = Release|Any CPU
		{F6E99041-C18D-4F03-9876-0EA039C0A7EE}.Debug|Any CPU.ActiveCfg = Debug|Any CPU
		{F6E99041-C18D-4F03-9876-0EA039C0A7EE}.Debug|Any CPU.Build.0 = Debug|Any CPU
		{F6E99041-C18D-4F03-9876-0EA039C0A7EE}.Release|Any CPU.ActiveCfg = Release|Any CPU
		{F6E99041-C18D-4F03-9876-0EA039C0A7EE}.Release|Any CPU.Build.0 = Release|Any CPU
		{1F11F16D-4530-4035-97A3-CDC70AB67D40}.Debug|Any CPU.ActiveCfg = Debug|Any CPU
		{1F11F16D-4530-4035-97A3-CDC70AB67D40}.Debug|Any CPU.Build.0 = Debug|Any CPU
		{1F11F16D-4530-4035-97A3-CDC70AB67D40}.Release|Any CPU.ActiveCfg = Release|Any CPU
		{1F11F16D-4530-4035-97A3-CDC70AB67D40}.Release|Any CPU.Build.0 = Release|Any CPU
		{9571A47F-7208-432A-9762-DA613FC8D473}.Debug|Any CPU.ActiveCfg = Debug|Any CPU
		{9571A47F-7208-432A-9762-DA613FC8D473}.Debug|Any CPU.Build.0 = Debug|Any CPU
		{9571A47F-7208-432A-9762-DA613FC8D473}.Release|Any CPU.ActiveCfg = Release|Any CPU
		{9571A47F-7208-432A-9762-DA613FC8D473}.Release|Any CPU.Build.0 = Release|Any CPU
		{76214890-374B-46AD-A564-B67A855836E3}.Debug|Any CPU.ActiveCfg = Debug|Any CPU
		{76214890-374B-46AD-A564-B67A855836E3}.Debug|Any CPU.Build.0 = Debug|Any CPU
		{76214890-374B-46AD-A564-B67A855836E3}.Release|Any CPU.ActiveCfg = Release|Any CPU
		{76214890-374B-46AD-A564-B67A855836E3}.Release|Any CPU.Build.0 = Release|Any CPU
		{FA410F08-A4DF-4BF1-8B17-BFB349257482}.Debug|Any CPU.ActiveCfg = Debug|Any CPU
		{FA410F08-A4DF-4BF1-8B17-BFB349257482}.Debug|Any CPU.Build.0 = Debug|Any CPU
		{FA410F08-A4DF-4BF1-8B17-BFB349257482}.Release|Any CPU.ActiveCfg = Release|Any CPU
		{FA410F08-A4DF-4BF1-8B17-BFB349257482}.Release|Any CPU.Build.0 = Release|Any CPU
		{FEBD0694-C3AC-4029-8456-BEDC15E4D5DE}.Debug|Any CPU.ActiveCfg = Debug|Any CPU
		{FEBD0694-C3AC-4029-8456-BEDC15E4D5DE}.Debug|Any CPU.Build.0 = Debug|Any CPU
		{FEBD0694-C3AC-4029-8456-BEDC15E4D5DE}.Release|Any CPU.ActiveCfg = Release|Any CPU
		{FEBD0694-C3AC-4029-8456-BEDC15E4D5DE}.Release|Any CPU.Build.0 = Release|Any CPU
		{F9E12F2A-72CC-4977-AFDF-F8B64A53FE48}.Debug|Any CPU.ActiveCfg = Debug|Any CPU
		{F9E12F2A-72CC-4977-AFDF-F8B64A53FE48}.Debug|Any CPU.Build.0 = Debug|Any CPU
		{F9E12F2A-72CC-4977-AFDF-F8B64A53FE48}.Release|Any CPU.ActiveCfg = Release|Any CPU
		{F9E12F2A-72CC-4977-AFDF-F8B64A53FE48}.Release|Any CPU.Build.0 = Release|Any CPU
		{FE6910BC-F79E-499B-8C97-1667F1A6A0B5}.Debug|Any CPU.ActiveCfg = Debug|Any CPU
		{FE6910BC-F79E-499B-8C97-1667F1A6A0B5}.Debug|Any CPU.Build.0 = Debug|Any CPU
		{FE6910BC-F79E-499B-8C97-1667F1A6A0B5}.Release|Any CPU.ActiveCfg = Release|Any CPU
		{FE6910BC-F79E-499B-8C97-1667F1A6A0B5}.Release|Any CPU.Build.0 = Release|Any CPU
		{162BCBF2-718E-4EBE-A691-DEF4E6FFB757}.Debug|Any CPU.ActiveCfg = Debug|Any CPU
		{162BCBF2-718E-4EBE-A691-DEF4E6FFB757}.Debug|Any CPU.Build.0 = Debug|Any CPU
		{162BCBF2-718E-4EBE-A691-DEF4E6FFB757}.Release|Any CPU.ActiveCfg = Release|Any CPU
		{162BCBF2-718E-4EBE-A691-DEF4E6FFB757}.Release|Any CPU.Build.0 = Release|Any CPU
		{89E0A876-E5AF-4B11-948E-5AD538A623C1}.Debug|Any CPU.ActiveCfg = Debug|Any CPU
		{89E0A876-E5AF-4B11-948E-5AD538A623C1}.Debug|Any CPU.Build.0 = Debug|Any CPU
		{89E0A876-E5AF-4B11-948E-5AD538A623C1}.Release|Any CPU.ActiveCfg = Release|Any CPU
		{89E0A876-E5AF-4B11-948E-5AD538A623C1}.Release|Any CPU.Build.0 = Release|Any CPU
		{0A399C90-572E-48C9-BC94-78631E000A01}.Debug|Any CPU.ActiveCfg = Debug|Any CPU
		{0A399C90-572E-48C9-BC94-78631E000A01}.Debug|Any CPU.Build.0 = Debug|Any CPU
		{0A399C90-572E-48C9-BC94-78631E000A01}.Release|Any CPU.ActiveCfg = Release|Any CPU
		{0A399C90-572E-48C9-BC94-78631E000A01}.Release|Any CPU.Build.0 = Release|Any CPU
		{15EE0C47-3989-4921-9ACB-D49E64ED6F65}.Debug|Any CPU.ActiveCfg = Debug|Any CPU
		{15EE0C47-3989-4921-9ACB-D49E64ED6F65}.Debug|Any CPU.Build.0 = Debug|Any CPU
		{15EE0C47-3989-4921-9ACB-D49E64ED6F65}.Release|Any CPU.ActiveCfg = Release|Any CPU
		{15EE0C47-3989-4921-9ACB-D49E64ED6F65}.Release|Any CPU.Build.0 = Release|Any CPU
		{6C56687C-12DE-402F-8730-72F13E465823}.Debug|Any CPU.ActiveCfg = Debug|Any CPU
		{6C56687C-12DE-402F-8730-72F13E465823}.Debug|Any CPU.Build.0 = Debug|Any CPU
		{6C56687C-12DE-402F-8730-72F13E465823}.Release|Any CPU.ActiveCfg = Release|Any CPU
		{6C56687C-12DE-402F-8730-72F13E465823}.Release|Any CPU.Build.0 = Release|Any CPU
		{8FB9BC2B-F7CE-42F2-A367-43C0404AB3FB}.Debug|Any CPU.ActiveCfg = Debug|Any CPU
		{8FB9BC2B-F7CE-42F2-A367-43C0404AB3FB}.Debug|Any CPU.Build.0 = Debug|Any CPU
		{8FB9BC2B-F7CE-42F2-A367-43C0404AB3FB}.Release|Any CPU.ActiveCfg = Release|Any CPU
		{8FB9BC2B-F7CE-42F2-A367-43C0404AB3FB}.Release|Any CPU.Build.0 = Release|Any CPU
		{DC184CDC-E4DB-4061-91B0-A8A9478B8CE3}.Debug|Any CPU.ActiveCfg = Debug|Any CPU
		{DC184CDC-E4DB-4061-91B0-A8A9478B8CE3}.Debug|Any CPU.Build.0 = Debug|Any CPU
		{DC184CDC-E4DB-4061-91B0-A8A9478B8CE3}.Release|Any CPU.ActiveCfg = Release|Any CPU
		{DC184CDC-E4DB-4061-91B0-A8A9478B8CE3}.Release|Any CPU.Build.0 = Release|Any CPU
		{328E490F-AD76-40D7-BEB1-BC05D21C5423}.Debug|Any CPU.ActiveCfg = Debug|Any CPU
		{328E490F-AD76-40D7-BEB1-BC05D21C5423}.Debug|Any CPU.Build.0 = Debug|Any CPU
		{328E490F-AD76-40D7-BEB1-BC05D21C5423}.Release|Any CPU.ActiveCfg = Release|Any CPU
		{328E490F-AD76-40D7-BEB1-BC05D21C5423}.Release|Any CPU.Build.0 = Release|Any CPU
		{B52DBDFB-97E2-4AED-8F90-42A120E1362C}.Debug|Any CPU.ActiveCfg = Debug|Any CPU
		{B52DBDFB-97E2-4AED-8F90-42A120E1362C}.Debug|Any CPU.Build.0 = Debug|Any CPU
		{B52DBDFB-97E2-4AED-8F90-42A120E1362C}.Release|Any CPU.ActiveCfg = Release|Any CPU
		{B52DBDFB-97E2-4AED-8F90-42A120E1362C}.Release|Any CPU.Build.0 = Release|Any CPU
	EndGlobalSection
	GlobalSection(SolutionProperties) = preSolution
		HideSolutionNode = FALSE
	EndGlobalSection
	GlobalSection(NestedProjects) = preSolution
		{245DA70F-617B-4727-B42E-FD37072491CF} = {D6207AE7-3403-42B4-B4BA-99D913F02CA7}
		{491DBD6B-A991-4A89-9AF0-87F8E622070A} = {25924B84-1F04-4728-A7B7-4A000A80041E}
		{A7357107-CDA9-463C-BF9A-2A681996B28D} = {C1B8AE0E-C518-48F6-871B-6B66ABAE8152}
		{F967BCBF-3DA6-414C-938C-03704A2A8EA4} = {CF30D599-D3F0-4B74-948C-2B3DE6DD3928}
		{1176FD0A-5463-4C7F-B02E-187502F852AE} = {F972D141-6F3E-4998-A73E-2529B360AF10}
		{21ABF3FB-FEC4-4CD5-9FC0-8EA0A2B1AECD} = {79E17AFE-B4A6-4FD5-96D3-0093A3A0C24D}
		{0BD44B92-CE62-498D-9EF7-7FF5A1F9E49E} = {FEFCC1FD-718C-4A8D-BF82-D62CD3E21B7F}
		{F8A80FB9-9F4A-4257-AA69-9F92D178FD1E} = {9DBE621B-68E5-4CAD-AA51-C62FF69E4149}
		{B8616766-BC82-4EC2-857B-6744EC47AD53} = {87F7A5AF-4CC8-427E-8950-070F4874DC33}
		{B962C494-6FB5-4C6A-AFE6-91E9CFE36B68} = {2FFDCFB5-7C68-440E-8078-06D7F810D649}
		{706C189B-04CB-4A46-96E9-CEE74E6DC103} = {3CEB8BCE-A652-4273-91EB-BDE2676D648A}
		{47DBCD18-9E8A-4D87-9E3C-D61C04F126E8} = {56C5893B-39CD-417B-A119-9CEB93897A15}
		{CB5F30B8-8584-45B5-B07F-B5EF161CA2E8} = {23491629-D47E-4E60-A9BA-EB359A7902E1}
		{F6D200A5-71E8-4C3C-A063-BE32E823784E} = {42664A66-F4B8-4624-9BA6-5A9FB94F44F0}
		{3CCEB266-DC52-4174-9CA8-B274E8659D57} = {7A803E99-705E-4577-8464-6BDF4B916417}
		{E4F347D0-3F0C-4E1E-8A7C-98DF85D1D643} = {D9473855-7FBC-4A8A-8927-E741CA5A5698}
		{0357450F-A80B-4112-A5D3-5F97F8F0A811} = {5E91D7D6-BBDB-445D-A918-1A66F66C29CF}
		{5B33A9FF-9630-4706-A161-848A72F0024D} = {56824932-305A-4650-BD97-655E99B12D57}
		{6A5E2F78-A660-4307-BD17-081E19D54D91} = {E9B708F4-232C-4913-9D6D-E6EE48C3062D}
		{5417827A-C003-4328-AEC4-035A759165CB} = {7F0EA322-C450-42EB-AC3C-709D484B1571}
		{420F527A-5A08-4E39-A64A-0A993F9D2D54} = {8E99663C-138A-4DEB-B9BC-F2E20B477CBE}
		{77060C3D-A272-469B-8003-91C3D540E8DD} = {43FF01AC-AC1C-4535-8067-066206F9DA25}
		{89472607-62B1-4DDA-8E22-3597FC2941CA} = {0D6FB9E0-DA67-41FB-9130-C243EEAF24F9}
		{C9D0256D-F137-4554-8BE1-69A7A72BB6BA} = {099579F1-4AF1-4409-A5AB-DF8BA0F04A5D}
		{2957161B-6BCC-420D-A840-853E4DD34765} = {88B22397-F099-40AE-AD8E-CDE876B645A2}
		{D424886A-4CF2-4B2E-8A41-9499334EE94E} = {D24A576A-F4BF-49F4-8CBD-90C2E37CFB67}
		{0CFF92B1-A1FD-46BF-B90F-9779FC94781A} = {2E58112D-D850-45D2-8BDB-B29E268CE6C4}
		{6CAB04DA-3AF6-4D8B-9BEE-1D311AFEAB6B} = {AAE9F4F3-6543-47CE-A362-5E4A5B08AC5B}
		{55471697-E83F-4716-A218-8CC083062223} = {4FD5A740-B137-482E-ACFE-A97CE00A8292}
		{7D135620-1E5A-4203-8535-60929C64EE7B} = {BF9EC92E-5C1C-43DD-A6BB-7E72D35050E2}
		{C72141D1-2559-475B-8140-C47F06179898} = {27B502AF-33AF-476F-A9CC-CA0DD37B11C8}
		{3164D4DD-5F9A-45C3-9D61-10205A84CEB9} = {6A18D118-FAAD-4645-89E8-FF1099C34311}
		{3E14ED99-E5A6-4DDD-8C99-C42D77D098C2} = {459E8B39-5700-46AE-A806-016CDAB3D3FA}
		{C71E8D74-8B64-4C8B-9DE3-8FB95C9A70CB} = {4FBF8C99-DD9C-4941-AEB0-B954A84A9AE8}
		{6542AF11-293D-41B4-BD77-B42985F1D71F} = {E05ED52C-1E26-4BE4-A468-635ED159EE5A}
		{D6824C0A-A6B1-48AC-95AD-69530724A5DF} = {746F7D28-D9B8-4CB1-BEA0-51F6F3DD5C19}
		{B0D0FEC0-F8A4-46AB-9BAF-9919F308E148} = {5AE0526B-4C61-4FE7-8B05-9B084FA557AE}
		{29A217F8-7FE7-4827-AF78-33A6879A64F1} = {466DBA02-3BFB-4976-A76F-F41CAACCE7CD}
		{94809C9C-DADC-469D-BC4B-53AEFEE4D3A8} = {FC42CF5B-C864-4EBA-AC86-F37B1A637934}
		{9A9EE072-5014-4CE8-9FEB-EE124909F85E} = {03512380-1051-4706-A8BF-4044D0EA3D4E}
		{ACB06787-748D-4E58-9A61-480472754808} = {516ADB05-D2E3-497E-A5F2-244E35F48AE2}
		{DE21EE54-C660-4410-8A8C-975E6085C184} = {119F9C3B-0E9C-4C8F-8158-192FC074F34C}
		{44368D3B-7AF3-4BDE-B544-FADF89AAC805} = {54411678-B014-4C60-869B-1E636E392477}
		{5D715191-1BC0-4344-B318-527BE366AAB3} = {96B38B4A-DE21-4B6C-ADD8-BC2F23A9EA01}
		{8E79B4F4-8201-4583-91D1-91C642DB76D9} = {3570D14D-F166-42BE-82EB-B4B913AB91E9}
		{28B04AF3-B239-41CF-B3BB-EBB445AEA2E5} = {42041608-CBC6-4188-8E9B-1AB9D4DBDA28}
		{7431A29A-304C-4FC8-B627-0ED876B35389} = {7613A0FB-C087-4BE3-82E4-9B12ECEC1BD0}
		{056FCB68-083B-4723-8DF4-73D865752E25} = {64AD8885-0DA8-481D-BF1E-9FF6BCA9C715}
		{2EA49866-BCCF-4119-A253-C64BFC77F36C} = {4D80DB63-1F61-40A4-821B-555F1E93531C}
		{AF9AC6AE-CDA6-40AD-878A-2A2B8D8C29DE} = {6F19325B-8014-40A7-83F1-A443B6CAAED9}
		{E26476AC-9D6F-428A-9D33-2CB89DF9AAF2} = {EB722B86-AFEB-4A92-979D-8F841A53FE3B}
		{01F259BA-55D1-46F9-B8B3-6C8B2BEC125A} = {75DCAFCF-1144-4D93-BD31-78DC036A5D54}
		{47D91195-E049-4D19-8FA2-8D1E96F17217} = {7501C887-48D3-413E-97C4-E00F7C8E039B}
		{0C303F9E-23EE-476C-95A4-A32F9ECEC95E} = {AAEAA903-084E-4B1D-9FCB-BB500C99995F}
		{64CBE11D-26C5-4A24-B930-BA563EF490F4} = {800ACD36-3623-4CAD-8F75-CAAB97993673}
		{AF088040-A3AA-4A91-B05A-1FB4E9718888} = {2A91ECEF-50EC-4FC9-B706-6711B938493F}
		{2021CBB2-A3BE-40E6-BE1F-C6A8E95C098A} = {EF89A51D-3007-45DD-8607-09E42D9FDCD5}
		{E3ECE454-D8CF-41DE-AB59-5A68F6406048} = {BFC31A83-8C08-435C-B60A-1359B8380977}
		{79827AC7-5562-4047-8EAF-28AB3CE7825C} = {A3C9A174-441D-4682-AE47-12A3EEA2372C}
		{A0F0EE6F-2624-4DF0-B4ED-DA5A707F4174} = {E0E7B988-E82F-47D8-9B12-B0FC14DAE976}
		{C5701746-2CBA-4415-9B5D-8D36129EFAC7} = {1769D24C-1C15-41E0-AC61-6135CE03CDB4}
		{9FEC2FE9-7D17-4C67-8204-E41AEB947377} = {0D078CB5-01B1-4BB0-9F18-804F3E500985}
		{817B1148-8FBA-4DAD-9E06-E708A2DCF56E} = {5FEC0114-8583-4558-8E39-07CBC80F89A0}
		{D1C4D81B-E3F7-43CB-81D2-1C9E9E1D823C} = {77D5C0C4-ADF4-494B-9000-5EB60C97FF88}
		{8C68726E-E08D-42F6-B6FA-703FB0E107BB} = {6926BA29-DE77-4878-B766-63E4CBBCFA04}
		{12CDB7FF-F875-4C53-B28C-BE6AF37AED59} = {E9553702-A371-41FF-860C-D94C70BECF8B}
		{1F6CD2F8-E15D-4D7C-AD8B-8EF805726EBD} = {CF61A364-652B-4006-84E8-286C883BFCB0}
		{B8841B37-CC8A-4DBC-899C-031EBA0E0EC7} = {8CC2A960-535F-416C-800C-DF598A4A3650}
		{BBE8760A-5E6C-4F69-B305-15FCC662204A} = {F1EE971C-D2CA-4B11-B432-2E1D59DFC59C}
		{B4A85A34-9C9B-4EF0-873F-67447FCAA017} = {7EE5815D-8656-4C00-B633-E64AD5198C79}
		{F6E99041-C18D-4F03-9876-0EA039C0A7EE} = {B77B8821-CB78-433C-9641-38529D3C4CB7}
		{1F11F16D-4530-4035-97A3-CDC70AB67D40} = {A3144068-1118-49DA-9ECB-A3AB79DFD0D8}
		{9571A47F-7208-432A-9762-DA613FC8D473} = {D054CA4A-F90E-499C-8C9C-A0DBE2FD3AB7}
		{76214890-374B-46AD-A564-B67A855836E3} = {EE65E618-87A4-4F14-AC0B-39D0EA3D2AFC}
		{FA410F08-A4DF-4BF1-8B17-BFB349257482} = {FBDD0F56-FFDC-49E8-B94E-EBC7EA09156D}
		{FEBD0694-C3AC-4029-8456-BEDC15E4D5DE} = {DBE3CBBE-74B7-4CE7-BB51-E9D9B993C8CF}
		{F9E12F2A-72CC-4977-AFDF-F8B64A53FE48} = {C4931388-8BD2-4DC0-A3A6-1AACFE3930DA}
		{FE6910BC-F79E-499B-8C97-1667F1A6A0B5} = {AA8518B7-DD7D-428F-B748-D53624B96F44}
		{162BCBF2-718E-4EBE-A691-DEF4E6FFB757} = {F94B3959-9DB8-4A55-972E-B7170D2C05AF}
		{89E0A876-E5AF-4B11-948E-5AD538A623C1} = {DF959D1C-EC30-4318-8031-EE832B73B2C3}
		{0A399C90-572E-48C9-BC94-78631E000A01} = {B645D288-5FC4-4B16-82F3-6D6B42177A28}
		{15EE0C47-3989-4921-9ACB-D49E64ED6F65} = {59851B22-3EBA-497E-8CBA-9F1C19F3421B}
		{6C56687C-12DE-402F-8730-72F13E465823} = {E7E42963-DDCE-424B-BB3C-637CAEE1D5D8}
		{8FB9BC2B-F7CE-42F2-A367-43C0404AB3FB} = {630DC413-8E38-439F-AEAD-0B31FE7A2BC8}
		{DC184CDC-E4DB-4061-91B0-A8A9478B8CE3} = {E4BACCB6-FFBB-483A-AAAA-0C1EFBE11702}
		{328E490F-AD76-40D7-BEB1-BC05D21C5423} = {F4AA65F9-CD2D-4C52-8E26-989AD8D67CBD}
		{B52DBDFB-97E2-4AED-8F90-42A120E1362C} = {86E6BDC6-BA09-45EE-B286-66AEE90DEA0C}
	EndGlobalSection
	GlobalSection(ExtensibilityGlobals) = postSolution
		SolutionGuid = {02DF8555-76D1-43B9-892F-AA88486C5F0E}
	EndGlobalSection
EndGlobal
